
Microsoft Visual Studio Solution File, Format Version 12.00
# Visual Studio 14
VisualStudioVersion = 14.0.25420.1
MinimumVisualStudioVersion = 10.0.40219.1
Project("{2150E333-8FDC-42A3-9474-1A3956D46DE8}") = "src", "src", "{8ADD772F-F0A4-4A53-9B2F-AF4A4C585839}"
EndProject
Project("{2150E333-8FDC-42A3-9474-1A3956D46DE8}") = "Solution Items", "Solution Items", "{D93082B7-8BA0-4F64-8772-F318C78773D7}"
	ProjectSection(SolutionItems) = preProject
		global.json = global.json
	EndProjectSection
EndProject
Project("{8BB2217D-0F2D-49D1-97BC-3654ED321F3B}") = "Emby.Server", "src\Emby.Server\Emby.Server.xproj", "{DDAFF431-0B3D-4857-8762-990A32DC8472}"
EndProject
Project("{FAE04EC0-301F-11D3-BF4B-00C04F79EFBC}") = "MediaBrowser.Model", "MediaBrowser.Model\MediaBrowser.Model.csproj", "{7EEEB4BB-F3E8-48FC-B4C5-70F0FFF8329B}"
EndProject
Project("{FAE04EC0-301F-11D3-BF4B-00C04F79EFBC}") = "MediaBrowser.Common", "MediaBrowser.Common\MediaBrowser.Common.csproj", "{9142EEFA-7570-41E1-BFCC-468BB571AF2F}"
EndProject
Project("{FAE04EC0-301F-11D3-BF4B-00C04F79EFBC}") = "MediaBrowser.Controller", "MediaBrowser.Controller\MediaBrowser.Controller.csproj", "{17E1F4E6-8ABD-4FE5-9ECF-43D4B6087BA2}"
EndProject
Project("{FAE04EC0-301F-11D3-BF4B-00C04F79EFBC}") = "MediaBrowser.XbmcMetadata", "MediaBrowser.XbmcMetadata\MediaBrowser.XbmcMetadata.csproj", "{23499896-B135-4527-8574-C26E926EA99E}"
EndProject
Project("{FAE04EC0-301F-11D3-BF4B-00C04F79EFBC}") = "MediaBrowser.LocalMetadata", "MediaBrowser.LocalMetadata\MediaBrowser.LocalMetadata.csproj", "{7EF9F3E0-697D-42F3-A08F-19DEB5F84392}"
EndProject
Project("{FAE04EC0-301F-11D3-BF4B-00C04F79EFBC}") = "MediaBrowser.WebDashboard", "MediaBrowser.WebDashboard\MediaBrowser.WebDashboard.csproj", "{5624B7B5-B5A7-41D8-9F10-CC5611109619}"
EndProject
Project("{FAE04EC0-301F-11D3-BF4B-00C04F79EFBC}") = "DvdLib", "DvdLib\DvdLib.csproj", "{713F42B5-878E-499D-A878-E4C652B1D5E8}"
EndProject
Project("{FAE04EC0-301F-11D3-BF4B-00C04F79EFBC}") = "BDInfo", "BDInfo\BDInfo.csproj", "{88AE38DF-19D7-406F-A6A9-09527719A21E}"
EndProject
Project("{FAE04EC0-301F-11D3-BF4B-00C04F79EFBC}") = "MediaBrowser.Providers", "MediaBrowser.Providers\MediaBrowser.Providers.csproj", "{442B5058-DCAF-4263-BB6A-F21E31120A1B}"
EndProject
Project("{FAE04EC0-301F-11D3-BF4B-00C04F79EFBC}") = "OpenSubtitlesHandler", "OpenSubtitlesHandler\OpenSubtitlesHandler.csproj", "{4A4402D4-E910-443B-B8FC-2C18286A2CA0}"
EndProject
Project("{8BB2217D-0F2D-49D1-97BC-3654ED321F3B}") = "Emby.Common.Implementations", "Emby.Common.Implementations\Emby.Common.Implementations.xproj", "{5A27010A-09C6-4E86-93EA-437484C10917}"
EndProject
Project("{FAE04EC0-301F-11D3-BF4B-00C04F79EFBC}") = "Emby.Photos", "Emby.Photos\Emby.Photos.csproj", "{89AB4548-770D-41FD-A891-8DAFF44F452C}"
EndProject
Project("{FAE04EC0-301F-11D3-BF4B-00C04F79EFBC}") = "MediaBrowser.Api", "MediaBrowser.Api\MediaBrowser.Api.csproj", "{4FD51AC5-2C16-4308-A993-C3A84F3B4582}"
EndProject
Project("{FAE04EC0-301F-11D3-BF4B-00C04F79EFBC}") = "MediaBrowser.MediaEncoding", "MediaBrowser.MediaEncoding\MediaBrowser.MediaEncoding.csproj", "{0BD82FA6-EB8A-4452-8AF5-74F9C3849451}"
EndProject
Project("{FAE04EC0-301F-11D3-BF4B-00C04F79EFBC}") = "RSSDP", "RSSDP\RSSDP.csproj", "{21002819-C39A-4D3E-BE83-2A276A77FB1F}"
EndProject
Project("{FAE04EC0-301F-11D3-BF4B-00C04F79EFBC}") = "Emby.Dlna", "Emby.Dlna\Emby.Dlna.csproj", "{805844AB-E92F-45E6-9D99-4F6D48D129A5}"
EndProject
Project("{FAE04EC0-301F-11D3-BF4B-00C04F79EFBC}") = "MediaBrowser.Server.Implementations", "MediaBrowser.Server.Implementations\MediaBrowser.Server.Implementations.csproj", "{2E781478-814D-4A48-9D80-BFF206441A65}"
EndProject
Project("{8BB2217D-0F2D-49D1-97BC-3654ED321F3B}") = "Mono.Nat", "Mono.Nat\Mono.Nat.xproj", "{4ACAB6A2-AC9A-4B50-BAEC-1FE4A1F3B8BC}"
EndProject
Project("{FAE04EC0-301F-11D3-BF4B-00C04F79EFBC}") = "Emby.Server.Implementations", "Emby.Server.Implementations\Emby.Server.Implementations.csproj", "{E383961B-9356-4D5D-8233-9A1079D03055}"
EndProject
Project("{8BB2217D-0F2D-49D1-97BC-3654ED321F3B}") = "Emby.Server.Core", "Emby.Server.Core\Emby.Server.Core.xproj", "{65AA7D67-8059-40CD-91F1-16D02687226C}"
EndProject
Project("{FAE04EC0-301F-11D3-BF4B-00C04F79EFBC}") = "Emby.Drawing", "Emby.Drawing\Emby.Drawing.csproj", "{08FFF49B-F175-4807-A2B5-73B0EBD9F716}"
EndProject
Project("{FAE04EC0-301F-11D3-BF4B-00C04F79EFBC}") = "ServiceStack", "ServiceStack\ServiceStack.csproj", "{680A1709-25EB-4D52-A87F-EE03FFD94BAA}"
EndProject
Project("{FAE04EC0-301F-11D3-BF4B-00C04F79EFBC}") = "SocketHttpListener.Portable", "SocketHttpListener.Portable\SocketHttpListener.Portable.csproj", "{4F26D5D8-A7B0-42B3-BA42-7CB7D245934E}"
EndProject
Global
	GlobalSection(SolutionConfigurationPlatforms) = preSolution
		Debug|Any CPU = Debug|Any CPU
		Release Mono|Any CPU = Release Mono|Any CPU
		Release|Any CPU = Release|Any CPU
		Signed|Any CPU = Signed|Any CPU
	EndGlobalSection
	GlobalSection(ProjectConfigurationPlatforms) = postSolution
		{DDAFF431-0B3D-4857-8762-990A32DC8472}.Debug|Any CPU.ActiveCfg = Debug|Any CPU
		{DDAFF431-0B3D-4857-8762-990A32DC8472}.Debug|Any CPU.Build.0 = Debug|Any CPU
		{DDAFF431-0B3D-4857-8762-990A32DC8472}.Release Mono|Any CPU.ActiveCfg = Release|Any CPU
		{DDAFF431-0B3D-4857-8762-990A32DC8472}.Release Mono|Any CPU.Build.0 = Release|Any CPU
		{DDAFF431-0B3D-4857-8762-990A32DC8472}.Release|Any CPU.ActiveCfg = Release|Any CPU
		{DDAFF431-0B3D-4857-8762-990A32DC8472}.Release|Any CPU.Build.0 = Release|Any CPU
		{DDAFF431-0B3D-4857-8762-990A32DC8472}.Signed|Any CPU.ActiveCfg = Release|Any CPU
		{DDAFF431-0B3D-4857-8762-990A32DC8472}.Signed|Any CPU.Build.0 = Release|Any CPU
		{7EEEB4BB-F3E8-48FC-B4C5-70F0FFF8329B}.Debug|Any CPU.ActiveCfg = Debug|Any CPU
		{7EEEB4BB-F3E8-48FC-B4C5-70F0FFF8329B}.Debug|Any CPU.Build.0 = Debug|Any CPU
		{7EEEB4BB-F3E8-48FC-B4C5-70F0FFF8329B}.Release Mono|Any CPU.ActiveCfg = Release|Any CPU
		{7EEEB4BB-F3E8-48FC-B4C5-70F0FFF8329B}.Release Mono|Any CPU.Build.0 = Release|Any CPU
		{7EEEB4BB-F3E8-48FC-B4C5-70F0FFF8329B}.Release|Any CPU.ActiveCfg = Release|Any CPU
		{7EEEB4BB-F3E8-48FC-B4C5-70F0FFF8329B}.Release|Any CPU.Build.0 = Release|Any CPU
		{7EEEB4BB-F3E8-48FC-B4C5-70F0FFF8329B}.Signed|Any CPU.ActiveCfg = Release|Any CPU
		{7EEEB4BB-F3E8-48FC-B4C5-70F0FFF8329B}.Signed|Any CPU.Build.0 = Release|Any CPU
		{9142EEFA-7570-41E1-BFCC-468BB571AF2F}.Debug|Any CPU.ActiveCfg = Debug|Any CPU
		{9142EEFA-7570-41E1-BFCC-468BB571AF2F}.Debug|Any CPU.Build.0 = Debug|Any CPU
		{9142EEFA-7570-41E1-BFCC-468BB571AF2F}.Release Mono|Any CPU.ActiveCfg = Release Mono|Any CPU
		{9142EEFA-7570-41E1-BFCC-468BB571AF2F}.Release Mono|Any CPU.Build.0 = Release Mono|Any CPU
		{9142EEFA-7570-41E1-BFCC-468BB571AF2F}.Release|Any CPU.ActiveCfg = Release|Any CPU
		{9142EEFA-7570-41E1-BFCC-468BB571AF2F}.Release|Any CPU.Build.0 = Release|Any CPU
		{9142EEFA-7570-41E1-BFCC-468BB571AF2F}.Signed|Any CPU.ActiveCfg = Release|Any CPU
		{9142EEFA-7570-41E1-BFCC-468BB571AF2F}.Signed|Any CPU.Build.0 = Release|Any CPU
		{17E1F4E6-8ABD-4FE5-9ECF-43D4B6087BA2}.Debug|Any CPU.ActiveCfg = Debug|Any CPU
		{17E1F4E6-8ABD-4FE5-9ECF-43D4B6087BA2}.Debug|Any CPU.Build.0 = Debug|Any CPU
		{17E1F4E6-8ABD-4FE5-9ECF-43D4B6087BA2}.Release Mono|Any CPU.ActiveCfg = Release Mono|Any CPU
		{17E1F4E6-8ABD-4FE5-9ECF-43D4B6087BA2}.Release Mono|Any CPU.Build.0 = Release Mono|Any CPU
		{17E1F4E6-8ABD-4FE5-9ECF-43D4B6087BA2}.Release|Any CPU.ActiveCfg = Release|Any CPU
		{17E1F4E6-8ABD-4FE5-9ECF-43D4B6087BA2}.Release|Any CPU.Build.0 = Release|Any CPU
		{17E1F4E6-8ABD-4FE5-9ECF-43D4B6087BA2}.Signed|Any CPU.ActiveCfg = Release|Any CPU
		{17E1F4E6-8ABD-4FE5-9ECF-43D4B6087BA2}.Signed|Any CPU.Build.0 = Release|Any CPU
		{23499896-B135-4527-8574-C26E926EA99E}.Debug|Any CPU.ActiveCfg = Debug|Any CPU
		{23499896-B135-4527-8574-C26E926EA99E}.Debug|Any CPU.Build.0 = Debug|Any CPU
		{23499896-B135-4527-8574-C26E926EA99E}.Release Mono|Any CPU.ActiveCfg = Release|Any CPU
		{23499896-B135-4527-8574-C26E926EA99E}.Release Mono|Any CPU.Build.0 = Release|Any CPU
		{23499896-B135-4527-8574-C26E926EA99E}.Release|Any CPU.ActiveCfg = Release|Any CPU
		{23499896-B135-4527-8574-C26E926EA99E}.Release|Any CPU.Build.0 = Release|Any CPU
		{23499896-B135-4527-8574-C26E926EA99E}.Signed|Any CPU.ActiveCfg = Release|Any CPU
		{23499896-B135-4527-8574-C26E926EA99E}.Signed|Any CPU.Build.0 = Release|Any CPU
		{7EF9F3E0-697D-42F3-A08F-19DEB5F84392}.Debug|Any CPU.ActiveCfg = Debug|Any CPU
		{7EF9F3E0-697D-42F3-A08F-19DEB5F84392}.Debug|Any CPU.Build.0 = Debug|Any CPU
		{7EF9F3E0-697D-42F3-A08F-19DEB5F84392}.Release Mono|Any CPU.ActiveCfg = Release|Any CPU
		{7EF9F3E0-697D-42F3-A08F-19DEB5F84392}.Release Mono|Any CPU.Build.0 = Release|Any CPU
		{7EF9F3E0-697D-42F3-A08F-19DEB5F84392}.Release|Any CPU.ActiveCfg = Release|Any CPU
		{7EF9F3E0-697D-42F3-A08F-19DEB5F84392}.Release|Any CPU.Build.0 = Release|Any CPU
		{7EF9F3E0-697D-42F3-A08F-19DEB5F84392}.Signed|Any CPU.ActiveCfg = Release|Any CPU
		{7EF9F3E0-697D-42F3-A08F-19DEB5F84392}.Signed|Any CPU.Build.0 = Release|Any CPU
		{5624B7B5-B5A7-41D8-9F10-CC5611109619}.Debug|Any CPU.ActiveCfg = Debug|Any CPU
		{5624B7B5-B5A7-41D8-9F10-CC5611109619}.Debug|Any CPU.Build.0 = Debug|Any CPU
		{5624B7B5-B5A7-41D8-9F10-CC5611109619}.Release Mono|Any CPU.ActiveCfg = Release Mono|Any CPU
		{5624B7B5-B5A7-41D8-9F10-CC5611109619}.Release Mono|Any CPU.Build.0 = Release Mono|Any CPU
		{5624B7B5-B5A7-41D8-9F10-CC5611109619}.Release|Any CPU.ActiveCfg = Release|Any CPU
		{5624B7B5-B5A7-41D8-9F10-CC5611109619}.Release|Any CPU.Build.0 = Release|Any CPU
		{5624B7B5-B5A7-41D8-9F10-CC5611109619}.Signed|Any CPU.ActiveCfg = Release|Any CPU
		{5624B7B5-B5A7-41D8-9F10-CC5611109619}.Signed|Any CPU.Build.0 = Release|Any CPU
		{713F42B5-878E-499D-A878-E4C652B1D5E8}.Debug|Any CPU.ActiveCfg = Debug|Any CPU
		{713F42B5-878E-499D-A878-E4C652B1D5E8}.Debug|Any CPU.Build.0 = Debug|Any CPU
		{713F42B5-878E-499D-A878-E4C652B1D5E8}.Release Mono|Any CPU.ActiveCfg = Release|Any CPU
		{713F42B5-878E-499D-A878-E4C652B1D5E8}.Release Mono|Any CPU.Build.0 = Release|Any CPU
		{713F42B5-878E-499D-A878-E4C652B1D5E8}.Release|Any CPU.ActiveCfg = Release|Any CPU
		{713F42B5-878E-499D-A878-E4C652B1D5E8}.Release|Any CPU.Build.0 = Release|Any CPU
		{713F42B5-878E-499D-A878-E4C652B1D5E8}.Signed|Any CPU.ActiveCfg = Release|Any CPU
		{713F42B5-878E-499D-A878-E4C652B1D5E8}.Signed|Any CPU.Build.0 = Release|Any CPU
		{88AE38DF-19D7-406F-A6A9-09527719A21E}.Debug|Any CPU.ActiveCfg = Debug|Any CPU
		{88AE38DF-19D7-406F-A6A9-09527719A21E}.Debug|Any CPU.Build.0 = Debug|Any CPU
		{88AE38DF-19D7-406F-A6A9-09527719A21E}.Release Mono|Any CPU.ActiveCfg = Release|Any CPU
		{88AE38DF-19D7-406F-A6A9-09527719A21E}.Release Mono|Any CPU.Build.0 = Release|Any CPU
		{88AE38DF-19D7-406F-A6A9-09527719A21E}.Release|Any CPU.ActiveCfg = Release|Any CPU
		{88AE38DF-19D7-406F-A6A9-09527719A21E}.Release|Any CPU.Build.0 = Release|Any CPU
		{88AE38DF-19D7-406F-A6A9-09527719A21E}.Signed|Any CPU.ActiveCfg = Release|Any CPU
		{88AE38DF-19D7-406F-A6A9-09527719A21E}.Signed|Any CPU.Build.0 = Release|Any CPU
		{442B5058-DCAF-4263-BB6A-F21E31120A1B}.Debug|Any CPU.ActiveCfg = Debug|Any CPU
		{442B5058-DCAF-4263-BB6A-F21E31120A1B}.Debug|Any CPU.Build.0 = Debug|Any CPU
		{442B5058-DCAF-4263-BB6A-F21E31120A1B}.Release Mono|Any CPU.ActiveCfg = Release Mono|Any CPU
		{442B5058-DCAF-4263-BB6A-F21E31120A1B}.Release Mono|Any CPU.Build.0 = Release Mono|Any CPU
		{442B5058-DCAF-4263-BB6A-F21E31120A1B}.Release|Any CPU.ActiveCfg = Release|Any CPU
		{442B5058-DCAF-4263-BB6A-F21E31120A1B}.Release|Any CPU.Build.0 = Release|Any CPU
		{442B5058-DCAF-4263-BB6A-F21E31120A1B}.Signed|Any CPU.ActiveCfg = Release|Any CPU
		{442B5058-DCAF-4263-BB6A-F21E31120A1B}.Signed|Any CPU.Build.0 = Release|Any CPU
		{4A4402D4-E910-443B-B8FC-2C18286A2CA0}.Debug|Any CPU.ActiveCfg = Debug|Any CPU
		{4A4402D4-E910-443B-B8FC-2C18286A2CA0}.Debug|Any CPU.Build.0 = Debug|Any CPU
		{4A4402D4-E910-443B-B8FC-2C18286A2CA0}.Release Mono|Any CPU.ActiveCfg = Release Mono|Any CPU
		{4A4402D4-E910-443B-B8FC-2C18286A2CA0}.Release Mono|Any CPU.Build.0 = Release Mono|Any CPU
		{4A4402D4-E910-443B-B8FC-2C18286A2CA0}.Release|Any CPU.ActiveCfg = Release|Any CPU
		{4A4402D4-E910-443B-B8FC-2C18286A2CA0}.Release|Any CPU.Build.0 = Release|Any CPU
		{4A4402D4-E910-443B-B8FC-2C18286A2CA0}.Signed|Any CPU.ActiveCfg = Release|Any CPU
		{4A4402D4-E910-443B-B8FC-2C18286A2CA0}.Signed|Any CPU.Build.0 = Release|Any CPU
		{5A27010A-09C6-4E86-93EA-437484C10917}.Debug|Any CPU.ActiveCfg = Debug|Any CPU
		{5A27010A-09C6-4E86-93EA-437484C10917}.Debug|Any CPU.Build.0 = Debug|Any CPU
		{5A27010A-09C6-4E86-93EA-437484C10917}.Release Mono|Any CPU.ActiveCfg = Release|Any CPU
		{5A27010A-09C6-4E86-93EA-437484C10917}.Release Mono|Any CPU.Build.0 = Release|Any CPU
		{5A27010A-09C6-4E86-93EA-437484C10917}.Release|Any CPU.ActiveCfg = Release|Any CPU
		{5A27010A-09C6-4E86-93EA-437484C10917}.Release|Any CPU.Build.0 = Release|Any CPU
		{5A27010A-09C6-4E86-93EA-437484C10917}.Signed|Any CPU.ActiveCfg = Release|Any CPU
		{5A27010A-09C6-4E86-93EA-437484C10917}.Signed|Any CPU.Build.0 = Release|Any CPU
		{89AB4548-770D-41FD-A891-8DAFF44F452C}.Debug|Any CPU.ActiveCfg = Debug|Any CPU
		{89AB4548-770D-41FD-A891-8DAFF44F452C}.Debug|Any CPU.Build.0 = Debug|Any CPU
		{89AB4548-770D-41FD-A891-8DAFF44F452C}.Release Mono|Any CPU.ActiveCfg = Release|Any CPU
		{89AB4548-770D-41FD-A891-8DAFF44F452C}.Release Mono|Any CPU.Build.0 = Release|Any CPU
		{89AB4548-770D-41FD-A891-8DAFF44F452C}.Release|Any CPU.ActiveCfg = Release|Any CPU
		{89AB4548-770D-41FD-A891-8DAFF44F452C}.Release|Any CPU.Build.0 = Release|Any CPU
		{89AB4548-770D-41FD-A891-8DAFF44F452C}.Signed|Any CPU.ActiveCfg = Release|Any CPU
		{89AB4548-770D-41FD-A891-8DAFF44F452C}.Signed|Any CPU.Build.0 = Release|Any CPU
		{4FD51AC5-2C16-4308-A993-C3A84F3B4582}.Debug|Any CPU.ActiveCfg = Debug|Any CPU
		{4FD51AC5-2C16-4308-A993-C3A84F3B4582}.Debug|Any CPU.Build.0 = Debug|Any CPU
		{4FD51AC5-2C16-4308-A993-C3A84F3B4582}.Release Mono|Any CPU.ActiveCfg = Release Mono|Any CPU
		{4FD51AC5-2C16-4308-A993-C3A84F3B4582}.Release Mono|Any CPU.Build.0 = Release Mono|Any CPU
		{4FD51AC5-2C16-4308-A993-C3A84F3B4582}.Release|Any CPU.ActiveCfg = Release|Any CPU
		{4FD51AC5-2C16-4308-A993-C3A84F3B4582}.Release|Any CPU.Build.0 = Release|Any CPU
		{4FD51AC5-2C16-4308-A993-C3A84F3B4582}.Signed|Any CPU.ActiveCfg = Release|Any CPU
		{4FD51AC5-2C16-4308-A993-C3A84F3B4582}.Signed|Any CPU.Build.0 = Release|Any CPU
		{0BD82FA6-EB8A-4452-8AF5-74F9C3849451}.Debug|Any CPU.ActiveCfg = Debug|Any CPU
		{0BD82FA6-EB8A-4452-8AF5-74F9C3849451}.Debug|Any CPU.Build.0 = Debug|Any CPU
		{0BD82FA6-EB8A-4452-8AF5-74F9C3849451}.Release Mono|Any CPU.ActiveCfg = Release Mono|Any CPU
		{0BD82FA6-EB8A-4452-8AF5-74F9C3849451}.Release Mono|Any CPU.Build.0 = Release Mono|Any CPU
		{0BD82FA6-EB8A-4452-8AF5-74F9C3849451}.Release|Any CPU.ActiveCfg = Release|Any CPU
		{0BD82FA6-EB8A-4452-8AF5-74F9C3849451}.Release|Any CPU.Build.0 = Release|Any CPU
		{0BD82FA6-EB8A-4452-8AF5-74F9C3849451}.Signed|Any CPU.ActiveCfg = Release|Any CPU
		{0BD82FA6-EB8A-4452-8AF5-74F9C3849451}.Signed|Any CPU.Build.0 = Release|Any CPU
		{21002819-C39A-4D3E-BE83-2A276A77FB1F}.Debug|Any CPU.ActiveCfg = Debug|Any CPU
		{21002819-C39A-4D3E-BE83-2A276A77FB1F}.Debug|Any CPU.Build.0 = Debug|Any CPU
		{21002819-C39A-4D3E-BE83-2A276A77FB1F}.Release Mono|Any CPU.ActiveCfg = Release|Any CPU
		{21002819-C39A-4D3E-BE83-2A276A77FB1F}.Release Mono|Any CPU.Build.0 = Release|Any CPU
		{21002819-C39A-4D3E-BE83-2A276A77FB1F}.Release|Any CPU.ActiveCfg = Release|Any CPU
		{21002819-C39A-4D3E-BE83-2A276A77FB1F}.Release|Any CPU.Build.0 = Release|Any CPU
		{21002819-C39A-4D3E-BE83-2A276A77FB1F}.Signed|Any CPU.ActiveCfg = Release|Any CPU
		{21002819-C39A-4D3E-BE83-2A276A77FB1F}.Signed|Any CPU.Build.0 = Release|Any CPU
		{805844AB-E92F-45E6-9D99-4F6D48D129A5}.Debug|Any CPU.ActiveCfg = Debug|Any CPU
		{805844AB-E92F-45E6-9D99-4F6D48D129A5}.Debug|Any CPU.Build.0 = Debug|Any CPU
		{805844AB-E92F-45E6-9D99-4F6D48D129A5}.Release Mono|Any CPU.ActiveCfg = Release|Any CPU
		{805844AB-E92F-45E6-9D99-4F6D48D129A5}.Release Mono|Any CPU.Build.0 = Release|Any CPU
		{805844AB-E92F-45E6-9D99-4F6D48D129A5}.Release|Any CPU.ActiveCfg = Release|Any CPU
		{805844AB-E92F-45E6-9D99-4F6D48D129A5}.Release|Any CPU.Build.0 = Release|Any CPU
		{805844AB-E92F-45E6-9D99-4F6D48D129A5}.Signed|Any CPU.ActiveCfg = Release|Any CPU
		{805844AB-E92F-45E6-9D99-4F6D48D129A5}.Signed|Any CPU.Build.0 = Release|Any CPU
		{2E781478-814D-4A48-9D80-BFF206441A65}.Debug|Any CPU.ActiveCfg = Debug|Any CPU
		{2E781478-814D-4A48-9D80-BFF206441A65}.Debug|Any CPU.Build.0 = Debug|Any CPU
		{2E781478-814D-4A48-9D80-BFF206441A65}.Release Mono|Any CPU.ActiveCfg = Release Mono|Any CPU
		{2E781478-814D-4A48-9D80-BFF206441A65}.Release Mono|Any CPU.Build.0 = Release Mono|Any CPU
		{2E781478-814D-4A48-9D80-BFF206441A65}.Release|Any CPU.ActiveCfg = Release|Any CPU
		{2E781478-814D-4A48-9D80-BFF206441A65}.Release|Any CPU.Build.0 = Release|Any CPU
		{2E781478-814D-4A48-9D80-BFF206441A65}.Signed|Any CPU.ActiveCfg = Release|Any CPU
		{2E781478-814D-4A48-9D80-BFF206441A65}.Signed|Any CPU.Build.0 = Release|Any CPU
		{4ACAB6A2-AC9A-4B50-BAEC-1FE4A1F3B8BC}.Debug|Any CPU.ActiveCfg = Debug|Any CPU
		{4ACAB6A2-AC9A-4B50-BAEC-1FE4A1F3B8BC}.Debug|Any CPU.Build.0 = Debug|Any CPU
		{4ACAB6A2-AC9A-4B50-BAEC-1FE4A1F3B8BC}.Release Mono|Any CPU.ActiveCfg = Release|Any CPU
		{4ACAB6A2-AC9A-4B50-BAEC-1FE4A1F3B8BC}.Release Mono|Any CPU.Build.0 = Release|Any CPU
		{4ACAB6A2-AC9A-4B50-BAEC-1FE4A1F3B8BC}.Release|Any CPU.ActiveCfg = Release|Any CPU
		{4ACAB6A2-AC9A-4B50-BAEC-1FE4A1F3B8BC}.Release|Any CPU.Build.0 = Release|Any CPU
		{4ACAB6A2-AC9A-4B50-BAEC-1FE4A1F3B8BC}.Signed|Any CPU.ActiveCfg = Release|Any CPU
		{4ACAB6A2-AC9A-4B50-BAEC-1FE4A1F3B8BC}.Signed|Any CPU.Build.0 = Release|Any CPU
		{E383961B-9356-4D5D-8233-9A1079D03055}.Debug|Any CPU.ActiveCfg = Debug|Any CPU
		{E383961B-9356-4D5D-8233-9A1079D03055}.Debug|Any CPU.Build.0 = Debug|Any CPU
		{E383961B-9356-4D5D-8233-9A1079D03055}.Release Mono|Any CPU.ActiveCfg = Release|Any CPU
		{E383961B-9356-4D5D-8233-9A1079D03055}.Release Mono|Any CPU.Build.0 = Release|Any CPU
		{E383961B-9356-4D5D-8233-9A1079D03055}.Release|Any CPU.ActiveCfg = Release|Any CPU
		{E383961B-9356-4D5D-8233-9A1079D03055}.Release|Any CPU.Build.0 = Release|Any CPU
		{E383961B-9356-4D5D-8233-9A1079D03055}.Signed|Any CPU.ActiveCfg = Release|Any CPU
		{E383961B-9356-4D5D-8233-9A1079D03055}.Signed|Any CPU.Build.0 = Release|Any CPU
		{65AA7D67-8059-40CD-91F1-16D02687226C}.Debug|Any CPU.ActiveCfg = Debug|Any CPU
		{65AA7D67-8059-40CD-91F1-16D02687226C}.Debug|Any CPU.Build.0 = Debug|Any CPU
		{65AA7D67-8059-40CD-91F1-16D02687226C}.Release Mono|Any CPU.ActiveCfg = Release|Any CPU
		{65AA7D67-8059-40CD-91F1-16D02687226C}.Release Mono|Any CPU.Build.0 = Release|Any CPU
		{65AA7D67-8059-40CD-91F1-16D02687226C}.Release|Any CPU.ActiveCfg = Release|Any CPU
		{65AA7D67-8059-40CD-91F1-16D02687226C}.Release|Any CPU.Build.0 = Release|Any CPU
		{65AA7D67-8059-40CD-91F1-16D02687226C}.Signed|Any CPU.ActiveCfg = Release|Any CPU
		{65AA7D67-8059-40CD-91F1-16D02687226C}.Signed|Any CPU.Build.0 = Release|Any CPU
		{08FFF49B-F175-4807-A2B5-73B0EBD9F716}.Debug|Any CPU.ActiveCfg = Debug|Any CPU
		{08FFF49B-F175-4807-A2B5-73B0EBD9F716}.Debug|Any CPU.Build.0 = Debug|Any CPU
		{08FFF49B-F175-4807-A2B5-73B0EBD9F716}.Release Mono|Any CPU.ActiveCfg = Release|Any CPU
		{08FFF49B-F175-4807-A2B5-73B0EBD9F716}.Release Mono|Any CPU.Build.0 = Release|Any CPU
		{08FFF49B-F175-4807-A2B5-73B0EBD9F716}.Release|Any CPU.ActiveCfg = Release|Any CPU
		{08FFF49B-F175-4807-A2B5-73B0EBD9F716}.Release|Any CPU.Build.0 = Release|Any CPU
		{08FFF49B-F175-4807-A2B5-73B0EBD9F716}.Signed|Any CPU.ActiveCfg = Release|Any CPU
		{08FFF49B-F175-4807-A2B5-73B0EBD9F716}.Signed|Any CPU.Build.0 = Release|Any CPU
		{680A1709-25EB-4D52-A87F-EE03FFD94BAA}.Debug|Any CPU.ActiveCfg = Debug|Any CPU
		{680A1709-25EB-4D52-A87F-EE03FFD94BAA}.Debug|Any CPU.Build.0 = Debug|Any CPU
		{680A1709-25EB-4D52-A87F-EE03FFD94BAA}.Release Mono|Any CPU.ActiveCfg = Release|Any CPU
		{680A1709-25EB-4D52-A87F-EE03FFD94BAA}.Release Mono|Any CPU.Build.0 = Release|Any CPU
		{680A1709-25EB-4D52-A87F-EE03FFD94BAA}.Release|Any CPU.ActiveCfg = Release|Any CPU
		{680A1709-25EB-4D52-A87F-EE03FFD94BAA}.Release|Any CPU.Build.0 = Release|Any CPU
		{680A1709-25EB-4D52-A87F-EE03FFD94BAA}.Signed|Any CPU.ActiveCfg = Signed|Any CPU
		{680A1709-25EB-4D52-A87F-EE03FFD94BAA}.Signed|Any CPU.Build.0 = Signed|Any CPU
		{4F26D5D8-A7B0-42B3-BA42-7CB7D245934E}.Debug|Any CPU.ActiveCfg = Debug|Any CPU
		{4F26D5D8-A7B0-42B3-BA42-7CB7D245934E}.Debug|Any CPU.Build.0 = Debug|Any CPU
		{4F26D5D8-A7B0-42B3-BA42-7CB7D245934E}.Release Mono|Any CPU.ActiveCfg = Release|Any CPU
		{4F26D5D8-A7B0-42B3-BA42-7CB7D245934E}.Release Mono|Any CPU.Build.0 = Release|Any CPU
		{4F26D5D8-A7B0-42B3-BA42-7CB7D245934E}.Release|Any CPU.ActiveCfg = Release|Any CPU
		{4F26D5D8-A7B0-42B3-BA42-7CB7D245934E}.Release|Any CPU.Build.0 = Release|Any CPU
		{4F26D5D8-A7B0-42B3-BA42-7CB7D245934E}.Signed|Any CPU.ActiveCfg = Release|Any CPU
		{4F26D5D8-A7B0-42B3-BA42-7CB7D245934E}.Signed|Any CPU.Build.0 = Release|Any CPU
	EndGlobalSection
	GlobalSection(SolutionProperties) = preSolution
		HideSolutionNode = FALSE
	EndGlobalSection
	GlobalSection(NestedProjects) = preSolution
		{DDAFF431-0B3D-4857-8762-990A32DC8472} = {8ADD772F-F0A4-4A53-9B2F-AF4A4C585839}
		{7EEEB4BB-F3E8-48FC-B4C5-70F0FFF8329B} = {8ADD772F-F0A4-4A53-9B2F-AF4A4C585839}
		{9142EEFA-7570-41E1-BFCC-468BB571AF2F} = {8ADD772F-F0A4-4A53-9B2F-AF4A4C585839}
		{17E1F4E6-8ABD-4FE5-9ECF-43D4B6087BA2} = {8ADD772F-F0A4-4A53-9B2F-AF4A4C585839}
		{23499896-B135-4527-8574-C26E926EA99E} = {8ADD772F-F0A4-4A53-9B2F-AF4A4C585839}
		{7EF9F3E0-697D-42F3-A08F-19DEB5F84392} = {8ADD772F-F0A4-4A53-9B2F-AF4A4C585839}
		{5624B7B5-B5A7-41D8-9F10-CC5611109619} = {8ADD772F-F0A4-4A53-9B2F-AF4A4C585839}
		{713F42B5-878E-499D-A878-E4C652B1D5E8} = {8ADD772F-F0A4-4A53-9B2F-AF4A4C585839}
		{88AE38DF-19D7-406F-A6A9-09527719A21E} = {8ADD772F-F0A4-4A53-9B2F-AF4A4C585839}
		{442B5058-DCAF-4263-BB6A-F21E31120A1B} = {8ADD772F-F0A4-4A53-9B2F-AF4A4C585839}
		{4A4402D4-E910-443B-B8FC-2C18286A2CA0} = {8ADD772F-F0A4-4A53-9B2F-AF4A4C585839}
		{5A27010A-09C6-4E86-93EA-437484C10917} = {8ADD772F-F0A4-4A53-9B2F-AF4A4C585839}
		{89AB4548-770D-41FD-A891-8DAFF44F452C} = {8ADD772F-F0A4-4A53-9B2F-AF4A4C585839}
		{4FD51AC5-2C16-4308-A993-C3A84F3B4582} = {8ADD772F-F0A4-4A53-9B2F-AF4A4C585839}
		{0BD82FA6-EB8A-4452-8AF5-74F9C3849451} = {8ADD772F-F0A4-4A53-9B2F-AF4A4C585839}
		{21002819-C39A-4D3E-BE83-2A276A77FB1F} = {8ADD772F-F0A4-4A53-9B2F-AF4A4C585839}
		{805844AB-E92F-45E6-9D99-4F6D48D129A5} = {8ADD772F-F0A4-4A53-9B2F-AF4A4C585839}
		{2E781478-814D-4A48-9D80-BFF206441A65} = {8ADD772F-F0A4-4A53-9B2F-AF4A4C585839}
		{4ACAB6A2-AC9A-4B50-BAEC-1FE4A1F3B8BC} = {8ADD772F-F0A4-4A53-9B2F-AF4A4C585839}
		{E383961B-9356-4D5D-8233-9A1079D03055} = {8ADD772F-F0A4-4A53-9B2F-AF4A4C585839}
		{65AA7D67-8059-40CD-91F1-16D02687226C} = {8ADD772F-F0A4-4A53-9B2F-AF4A4C585839}
		{08FFF49B-F175-4807-A2B5-73B0EBD9F716} = {8ADD772F-F0A4-4A53-9B2F-AF4A4C585839}
		{680A1709-25EB-4D52-A87F-EE03FFD94BAA} = {8ADD772F-F0A4-4A53-9B2F-AF4A4C585839}
		{4F26D5D8-A7B0-42B3-BA42-7CB7D245934E} = {8ADD772F-F0A4-4A53-9B2F-AF4A4C585839}
	EndGlobalSection
EndGlobal
