
Microsoft Visual Studio Solution File, Format Version 12.00
# Visual Studio 14
VisualStudioVersion = 14.0.25420.1
MinimumVisualStudioVersion = 10.0.40219.1
Project("{FAE04EC0-301F-11D3-BF4B-00C04F79EFBC}") = "MediaBrowser.Model", "MediaBrowser.Model\MediaBrowser.Model.csproj", "{7EEEB4BB-F3E8-48FC-B4C5-70F0FFF8329B}"
EndProject
Project("{FAE04EC0-301F-11D3-BF4B-00C04F79EFBC}") = "MediaBrowser.Common", "MediaBrowser.Common\MediaBrowser.Common.csproj", "{9142EEFA-7570-41E1-BFCC-468BB571AF2F}"
EndProject
Project("{FAE04EC0-301F-11D3-BF4B-00C04F79EFBC}") = "MediaBrowser.Common.Implementations", "MediaBrowser.Common.Implementations\MediaBrowser.Common.Implementations.csproj", "{C4D2573A-3FD3-441F-81AF-174AC4CD4E1D}"
EndProject
Project("{FAE04EC0-301F-11D3-BF4B-00C04F79EFBC}") = "MediaBrowser.Controller", "MediaBrowser.Controller\MediaBrowser.Controller.csproj", "{17E1F4E6-8ABD-4FE5-9ECF-43D4B6087BA2}"
EndProject
Project("{FAE04EC0-301F-11D3-BF4B-00C04F79EFBC}") = "MediaBrowser.Providers", "MediaBrowser.Providers\MediaBrowser.Providers.csproj", "{442B5058-DCAF-4263-BB6A-F21E31120A1B}"
EndProject
Project("{FAE04EC0-301F-11D3-BF4B-00C04F79EFBC}") = "MediaBrowser.Server.Implementations", "MediaBrowser.Server.Implementations\MediaBrowser.Server.Implementations.csproj", "{2E781478-814D-4A48-9D80-BFF206441A65}"
EndProject
Project("{FAE04EC0-301F-11D3-BF4B-00C04F79EFBC}") = "MediaBrowser.WebDashboard", "MediaBrowser.WebDashboard\MediaBrowser.WebDashboard.csproj", "{5624B7B5-B5A7-41D8-9F10-CC5611109619}"
EndProject
Project("{FAE04EC0-301F-11D3-BF4B-00C04F79EFBC}") = "MediaBrowser.Api", "MediaBrowser.Api\MediaBrowser.Api.csproj", "{4FD51AC5-2C16-4308-A993-C3A84F3B4582}"
EndProject
Project("{FAE04EC0-301F-11D3-BF4B-00C04F79EFBC}") = "MediaBrowser.Server.Mono", "MediaBrowser.Server.Mono\MediaBrowser.Server.Mono.csproj", "{175A9388-F352-4586-A6B4-070DED62B644}"
EndProject
Project("{FAE04EC0-301F-11D3-BF4B-00C04F79EFBC}") = "MediaBrowser.Dlna", "MediaBrowser.Dlna\MediaBrowser.Dlna.csproj", "{734098EB-6DC1-4DD0-A1CA-3140DCD2737C}"
EndProject
Project("{FAE04EC0-301F-11D3-BF4B-00C04F79EFBC}") = "MediaBrowser.MediaEncoding", "MediaBrowser.MediaEncoding\MediaBrowser.MediaEncoding.csproj", "{0BD82FA6-EB8A-4452-8AF5-74F9C3849451}"
EndProject
Project("{FAE04EC0-301F-11D3-BF4B-00C04F79EFBC}") = "OpenSubtitlesHandler", "OpenSubtitlesHandler\OpenSubtitlesHandler.csproj", "{4A4402D4-E910-443B-B8FC-2C18286A2CA0}"
EndProject
Project("{FAE04EC0-301F-11D3-BF4B-00C04F79EFBC}") = "MediaBrowser.LocalMetadata", "MediaBrowser.LocalMetadata\MediaBrowser.LocalMetadata.csproj", "{7EF9F3E0-697D-42F3-A08F-19DEB5F84392}"
EndProject
Project("{FAE04EC0-301F-11D3-BF4B-00C04F79EFBC}") = "MediaBrowser.XbmcMetadata", "MediaBrowser.XbmcMetadata\MediaBrowser.XbmcMetadata.csproj", "{23499896-B135-4527-8574-C26E926EA99E}"
EndProject
Project("{FAE04EC0-301F-11D3-BF4B-00C04F79EFBC}") = "MediaBrowser.Server.Startup.Common", "MediaBrowser.Server.Startup.Common\MediaBrowser.Server.Startup.Common.csproj", "{B90AB8F2-1BFF-4568-A3FD-2A338A435A75}"
EndProject
Project("{FAE04EC0-301F-11D3-BF4B-00C04F79EFBC}") = "Emby.Drawing", "Emby.Drawing\Emby.Drawing.csproj", "{08FFF49B-F175-4807-A2B5-73B0EBD9F716}"
EndProject
Project("{FAE04EC0-301F-11D3-BF4B-00C04F79EFBC}") = "Mono.Nat", "Mono.Nat\Mono.Nat.csproj", "{D7453B88-2266-4805-B39B-2B5A2A33E1BA}"
EndProject
Global
	GlobalSection(SolutionConfigurationPlatforms) = preSolution
		Debug|Any CPU = Debug|Any CPU
		Debug|x86 = Debug|x86
		Release Mono|Any CPU = Release Mono|Any CPU
		Release Mono|x86 = Release Mono|x86
		Release|Any CPU = Release|Any CPU
		Release|x86 = Release|x86
	EndGlobalSection
	GlobalSection(ProjectConfigurationPlatforms) = postSolution
		{7EEEB4BB-F3E8-48FC-B4C5-70F0FFF8329B}.Debug|Any CPU.ActiveCfg = Debug|Any CPU
		{7EEEB4BB-F3E8-48FC-B4C5-70F0FFF8329B}.Debug|x86.ActiveCfg = Debug|Any CPU
		{7EEEB4BB-F3E8-48FC-B4C5-70F0FFF8329B}.Debug|x86.Build.0 = Debug|Any CPU
		{7EEEB4BB-F3E8-48FC-B4C5-70F0FFF8329B}.Release Mono|Any CPU.ActiveCfg = Release Mono|Any CPU
		{7EEEB4BB-F3E8-48FC-B4C5-70F0FFF8329B}.Release Mono|Any CPU.Build.0 = Release Mono|Any CPU
		{7EEEB4BB-F3E8-48FC-B4C5-70F0FFF8329B}.Release Mono|x86.ActiveCfg = Release Mono|Any CPU
		{7EEEB4BB-F3E8-48FC-B4C5-70F0FFF8329B}.Release|Any CPU.ActiveCfg = Release|Any CPU
		{7EEEB4BB-F3E8-48FC-B4C5-70F0FFF8329B}.Release|Any CPU.Build.0 = Release|Any CPU
		{7EEEB4BB-F3E8-48FC-B4C5-70F0FFF8329B}.Release|x86.ActiveCfg = Release|Any CPU
		{7EEEB4BB-F3E8-48FC-B4C5-70F0FFF8329B}.Release|x86.Build.0 = Release|Any CPU
		{9142EEFA-7570-41E1-BFCC-468BB571AF2F}.Debug|Any CPU.ActiveCfg = Debug|Any CPU
		{9142EEFA-7570-41E1-BFCC-468BB571AF2F}.Debug|x86.ActiveCfg = Debug|Any CPU
		{9142EEFA-7570-41E1-BFCC-468BB571AF2F}.Debug|x86.Build.0 = Debug|Any CPU
		{9142EEFA-7570-41E1-BFCC-468BB571AF2F}.Release Mono|Any CPU.ActiveCfg = Release Mono|Any CPU
		{9142EEFA-7570-41E1-BFCC-468BB571AF2F}.Release Mono|Any CPU.Build.0 = Release Mono|Any CPU
		{9142EEFA-7570-41E1-BFCC-468BB571AF2F}.Release Mono|x86.ActiveCfg = Release Mono|Any CPU
		{9142EEFA-7570-41E1-BFCC-468BB571AF2F}.Release|Any CPU.ActiveCfg = Release|Any CPU
		{9142EEFA-7570-41E1-BFCC-468BB571AF2F}.Release|Any CPU.Build.0 = Release|Any CPU
		{9142EEFA-7570-41E1-BFCC-468BB571AF2F}.Release|x86.ActiveCfg = Release|Any CPU
		{9142EEFA-7570-41E1-BFCC-468BB571AF2F}.Release|x86.Build.0 = Release|Any CPU
		{C4D2573A-3FD3-441F-81AF-174AC4CD4E1D}.Debug|Any CPU.ActiveCfg = Debug|Any CPU
		{C4D2573A-3FD3-441F-81AF-174AC4CD4E1D}.Debug|x86.ActiveCfg = Debug|Any CPU
		{C4D2573A-3FD3-441F-81AF-174AC4CD4E1D}.Debug|x86.Build.0 = Debug|Any CPU
		{C4D2573A-3FD3-441F-81AF-174AC4CD4E1D}.Release Mono|Any CPU.ActiveCfg = Release Mono|Any CPU
		{C4D2573A-3FD3-441F-81AF-174AC4CD4E1D}.Release Mono|Any CPU.Build.0 = Release Mono|Any CPU
		{C4D2573A-3FD3-441F-81AF-174AC4CD4E1D}.Release Mono|x86.ActiveCfg = Release Mono|Any CPU
		{C4D2573A-3FD3-441F-81AF-174AC4CD4E1D}.Release|Any CPU.ActiveCfg = Release|Any CPU
		{C4D2573A-3FD3-441F-81AF-174AC4CD4E1D}.Release|Any CPU.Build.0 = Release|Any CPU
		{C4D2573A-3FD3-441F-81AF-174AC4CD4E1D}.Release|x86.ActiveCfg = Release|Any CPU
		{C4D2573A-3FD3-441F-81AF-174AC4CD4E1D}.Release|x86.Build.0 = Release|Any CPU
		{17E1F4E6-8ABD-4FE5-9ECF-43D4B6087BA2}.Debug|Any CPU.ActiveCfg = Debug|Any CPU
		{17E1F4E6-8ABD-4FE5-9ECF-43D4B6087BA2}.Debug|x86.ActiveCfg = Debug|Any CPU
		{17E1F4E6-8ABD-4FE5-9ECF-43D4B6087BA2}.Debug|x86.Build.0 = Debug|Any CPU
		{17E1F4E6-8ABD-4FE5-9ECF-43D4B6087BA2}.Release Mono|Any CPU.ActiveCfg = Release Mono|Any CPU
		{17E1F4E6-8ABD-4FE5-9ECF-43D4B6087BA2}.Release Mono|Any CPU.Build.0 = Release Mono|Any CPU
		{17E1F4E6-8ABD-4FE5-9ECF-43D4B6087BA2}.Release Mono|x86.ActiveCfg = Release Mono|Any CPU
		{17E1F4E6-8ABD-4FE5-9ECF-43D4B6087BA2}.Release|Any CPU.ActiveCfg = Release|Any CPU
		{17E1F4E6-8ABD-4FE5-9ECF-43D4B6087BA2}.Release|Any CPU.Build.0 = Release|Any CPU
		{17E1F4E6-8ABD-4FE5-9ECF-43D4B6087BA2}.Release|x86.ActiveCfg = Release|Any CPU
		{17E1F4E6-8ABD-4FE5-9ECF-43D4B6087BA2}.Release|x86.Build.0 = Release|Any CPU
		{442B5058-DCAF-4263-BB6A-F21E31120A1B}.Debug|Any CPU.ActiveCfg = Debug|Any CPU
		{442B5058-DCAF-4263-BB6A-F21E31120A1B}.Debug|x86.ActiveCfg = Debug|Any CPU
		{442B5058-DCAF-4263-BB6A-F21E31120A1B}.Debug|x86.Build.0 = Debug|Any CPU
		{442B5058-DCAF-4263-BB6A-F21E31120A1B}.Release Mono|Any CPU.ActiveCfg = Release Mono|Any CPU
		{442B5058-DCAF-4263-BB6A-F21E31120A1B}.Release Mono|Any CPU.Build.0 = Release Mono|Any CPU
		{442B5058-DCAF-4263-BB6A-F21E31120A1B}.Release Mono|x86.ActiveCfg = Release Mono|Any CPU
		{442B5058-DCAF-4263-BB6A-F21E31120A1B}.Release|Any CPU.ActiveCfg = Release|Any CPU
		{442B5058-DCAF-4263-BB6A-F21E31120A1B}.Release|Any CPU.Build.0 = Release|Any CPU
		{442B5058-DCAF-4263-BB6A-F21E31120A1B}.Release|x86.ActiveCfg = Release|Any CPU
		{442B5058-DCAF-4263-BB6A-F21E31120A1B}.Release|x86.Build.0 = Release|Any CPU
		{2E781478-814D-4A48-9D80-BFF206441A65}.Debug|Any CPU.ActiveCfg = Debug|Any CPU
		{2E781478-814D-4A48-9D80-BFF206441A65}.Debug|x86.ActiveCfg = Debug|Any CPU
		{2E781478-814D-4A48-9D80-BFF206441A65}.Debug|x86.Build.0 = Debug|Any CPU
		{2E781478-814D-4A48-9D80-BFF206441A65}.Release Mono|Any CPU.ActiveCfg = Release Mono|Any CPU
		{2E781478-814D-4A48-9D80-BFF206441A65}.Release Mono|Any CPU.Build.0 = Release Mono|Any CPU
		{2E781478-814D-4A48-9D80-BFF206441A65}.Release Mono|x86.ActiveCfg = Release Mono|Any CPU
		{2E781478-814D-4A48-9D80-BFF206441A65}.Release|Any CPU.ActiveCfg = Release|Any CPU
		{2E781478-814D-4A48-9D80-BFF206441A65}.Release|Any CPU.Build.0 = Release|Any CPU
		{2E781478-814D-4A48-9D80-BFF206441A65}.Release|x86.ActiveCfg = Release|Any CPU
		{2E781478-814D-4A48-9D80-BFF206441A65}.Release|x86.Build.0 = Release|Any CPU
		{5624B7B5-B5A7-41D8-9F10-CC5611109619}.Debug|Any CPU.ActiveCfg = Debug|Any CPU
		{5624B7B5-B5A7-41D8-9F10-CC5611109619}.Debug|x86.ActiveCfg = Debug|Any CPU
		{5624B7B5-B5A7-41D8-9F10-CC5611109619}.Debug|x86.Build.0 = Debug|Any CPU
		{5624B7B5-B5A7-41D8-9F10-CC5611109619}.Release Mono|Any CPU.ActiveCfg = Release Mono|Any CPU
		{5624B7B5-B5A7-41D8-9F10-CC5611109619}.Release Mono|Any CPU.Build.0 = Release Mono|Any CPU
		{5624B7B5-B5A7-41D8-9F10-CC5611109619}.Release Mono|x86.ActiveCfg = Release Mono|Any CPU
		{5624B7B5-B5A7-41D8-9F10-CC5611109619}.Release|Any CPU.ActiveCfg = Release|Any CPU
		{5624B7B5-B5A7-41D8-9F10-CC5611109619}.Release|Any CPU.Build.0 = Release|Any CPU
		{5624B7B5-B5A7-41D8-9F10-CC5611109619}.Release|x86.ActiveCfg = Release|Any CPU
		{5624B7B5-B5A7-41D8-9F10-CC5611109619}.Release|x86.Build.0 = Release|Any CPU
		{4FD51AC5-2C16-4308-A993-C3A84F3B4582}.Debug|Any CPU.ActiveCfg = Debug|Any CPU
		{4FD51AC5-2C16-4308-A993-C3A84F3B4582}.Debug|x86.ActiveCfg = Debug|Any CPU
		{4FD51AC5-2C16-4308-A993-C3A84F3B4582}.Debug|x86.Build.0 = Debug|Any CPU
		{4FD51AC5-2C16-4308-A993-C3A84F3B4582}.Release Mono|Any CPU.ActiveCfg = Release Mono|Any CPU
		{4FD51AC5-2C16-4308-A993-C3A84F3B4582}.Release Mono|Any CPU.Build.0 = Release Mono|Any CPU
		{4FD51AC5-2C16-4308-A993-C3A84F3B4582}.Release Mono|x86.ActiveCfg = Release Mono|Any CPU
		{4FD51AC5-2C16-4308-A993-C3A84F3B4582}.Release|Any CPU.ActiveCfg = Release|Any CPU
		{4FD51AC5-2C16-4308-A993-C3A84F3B4582}.Release|Any CPU.Build.0 = Release|Any CPU
		{4FD51AC5-2C16-4308-A993-C3A84F3B4582}.Release|x86.ActiveCfg = Release|Any CPU
		{4FD51AC5-2C16-4308-A993-C3A84F3B4582}.Release|x86.Build.0 = Release|Any CPU
		{175A9388-F352-4586-A6B4-070DED62B644}.Debug|Any CPU.ActiveCfg = Debug|x86
		{175A9388-F352-4586-A6B4-070DED62B644}.Debug|x86.ActiveCfg = Debug|x86
		{175A9388-F352-4586-A6B4-070DED62B644}.Debug|x86.Build.0 = Debug|x86
		{175A9388-F352-4586-A6B4-070DED62B644}.Release Mono|Any CPU.ActiveCfg = Release Mono|Any CPU
		{175A9388-F352-4586-A6B4-070DED62B644}.Release Mono|Any CPU.Build.0 = Release Mono|Any CPU
		{175A9388-F352-4586-A6B4-070DED62B644}.Release Mono|x86.ActiveCfg = Release Mono|Any CPU
		{175A9388-F352-4586-A6B4-070DED62B644}.Release|Any CPU.ActiveCfg = Release|Any CPU
		{175A9388-F352-4586-A6B4-070DED62B644}.Release|Any CPU.Build.0 = Release|Any CPU
		{175A9388-F352-4586-A6B4-070DED62B644}.Release|x86.ActiveCfg = Release|x86
		{175A9388-F352-4586-A6B4-070DED62B644}.Release|x86.Build.0 = Release|x86
		{734098EB-6DC1-4DD0-A1CA-3140DCD2737C}.Debug|Any CPU.ActiveCfg = Debug|Any CPU
		{734098EB-6DC1-4DD0-A1CA-3140DCD2737C}.Debug|x86.ActiveCfg = Debug|Any CPU
		{734098EB-6DC1-4DD0-A1CA-3140DCD2737C}.Debug|x86.Build.0 = Debug|Any CPU
		{734098EB-6DC1-4DD0-A1CA-3140DCD2737C}.Release Mono|Any CPU.ActiveCfg = Release Mono|Any CPU
		{734098EB-6DC1-4DD0-A1CA-3140DCD2737C}.Release Mono|Any CPU.Build.0 = Release Mono|Any CPU
		{734098EB-6DC1-4DD0-A1CA-3140DCD2737C}.Release Mono|x86.ActiveCfg = Release Mono|Any CPU
		{734098EB-6DC1-4DD0-A1CA-3140DCD2737C}.Release|Any CPU.ActiveCfg = Release|Any CPU
		{734098EB-6DC1-4DD0-A1CA-3140DCD2737C}.Release|Any CPU.Build.0 = Release|Any CPU
		{734098EB-6DC1-4DD0-A1CA-3140DCD2737C}.Release|x86.ActiveCfg = Release|Any CPU
		{734098EB-6DC1-4DD0-A1CA-3140DCD2737C}.Release|x86.Build.0 = Release|Any CPU
		{0BD82FA6-EB8A-4452-8AF5-74F9C3849451}.Debug|Any CPU.ActiveCfg = Debug|Any CPU
		{0BD82FA6-EB8A-4452-8AF5-74F9C3849451}.Debug|x86.ActiveCfg = Debug|Any CPU
		{0BD82FA6-EB8A-4452-8AF5-74F9C3849451}.Debug|x86.Build.0 = Debug|Any CPU
		{0BD82FA6-EB8A-4452-8AF5-74F9C3849451}.Release Mono|Any CPU.ActiveCfg = Release Mono|Any CPU
		{0BD82FA6-EB8A-4452-8AF5-74F9C3849451}.Release Mono|Any CPU.Build.0 = Release Mono|Any CPU
		{0BD82FA6-EB8A-4452-8AF5-74F9C3849451}.Release Mono|x86.ActiveCfg = Release Mono|Any CPU
		{0BD82FA6-EB8A-4452-8AF5-74F9C3849451}.Release|Any CPU.ActiveCfg = Release|Any CPU
		{0BD82FA6-EB8A-4452-8AF5-74F9C3849451}.Release|Any CPU.Build.0 = Release|Any CPU
		{0BD82FA6-EB8A-4452-8AF5-74F9C3849451}.Release|x86.ActiveCfg = Release|Any CPU
		{0BD82FA6-EB8A-4452-8AF5-74F9C3849451}.Release|x86.Build.0 = Release|Any CPU
		{4A4402D4-E910-443B-B8FC-2C18286A2CA0}.Debug|Any CPU.ActiveCfg = Debug|Any CPU
		{4A4402D4-E910-443B-B8FC-2C18286A2CA0}.Debug|x86.ActiveCfg = Debug|Any CPU
		{4A4402D4-E910-443B-B8FC-2C18286A2CA0}.Debug|x86.Build.0 = Debug|Any CPU
		{4A4402D4-E910-443B-B8FC-2C18286A2CA0}.Release Mono|Any CPU.ActiveCfg = Release Mono|Any CPU
		{4A4402D4-E910-443B-B8FC-2C18286A2CA0}.Release Mono|Any CPU.Build.0 = Release Mono|Any CPU
		{4A4402D4-E910-443B-B8FC-2C18286A2CA0}.Release Mono|x86.ActiveCfg = Release Mono|Any CPU
		{4A4402D4-E910-443B-B8FC-2C18286A2CA0}.Release|Any CPU.ActiveCfg = Release|Any CPU
		{4A4402D4-E910-443B-B8FC-2C18286A2CA0}.Release|Any CPU.Build.0 = Release|Any CPU
		{4A4402D4-E910-443B-B8FC-2C18286A2CA0}.Release|x86.ActiveCfg = Release|Any CPU
		{4A4402D4-E910-443B-B8FC-2C18286A2CA0}.Release|x86.Build.0 = Release|Any CPU
		{7EF9F3E0-697D-42F3-A08F-19DEB5F84392}.Debug|Any CPU.ActiveCfg = Debug|Any CPU
		{7EF9F3E0-697D-42F3-A08F-19DEB5F84392}.Debug|x86.ActiveCfg = Debug|Any CPU
		{7EF9F3E0-697D-42F3-A08F-19DEB5F84392}.Debug|x86.Build.0 = Debug|Any CPU
		{7EF9F3E0-697D-42F3-A08F-19DEB5F84392}.Release Mono|Any CPU.ActiveCfg = Release|Any CPU
		{7EF9F3E0-697D-42F3-A08F-19DEB5F84392}.Release Mono|Any CPU.Build.0 = Release|Any CPU
		{7EF9F3E0-697D-42F3-A08F-19DEB5F84392}.Release Mono|x86.ActiveCfg = Release|Any CPU
		{7EF9F3E0-697D-42F3-A08F-19DEB5F84392}.Release|Any CPU.ActiveCfg = Release|Any CPU
		{7EF9F3E0-697D-42F3-A08F-19DEB5F84392}.Release|Any CPU.Build.0 = Release|Any CPU
		{7EF9F3E0-697D-42F3-A08F-19DEB5F84392}.Release|x86.ActiveCfg = Release|Any CPU
		{7EF9F3E0-697D-42F3-A08F-19DEB5F84392}.Release|x86.Build.0 = Release|Any CPU
		{23499896-B135-4527-8574-C26E926EA99E}.Debug|Any CPU.ActiveCfg = Debug|Any CPU
		{23499896-B135-4527-8574-C26E926EA99E}.Debug|x86.ActiveCfg = Debug|Any CPU
		{23499896-B135-4527-8574-C26E926EA99E}.Debug|x86.Build.0 = Debug|Any CPU
		{23499896-B135-4527-8574-C26E926EA99E}.Release Mono|Any CPU.ActiveCfg = Release|Any CPU
		{23499896-B135-4527-8574-C26E926EA99E}.Release Mono|Any CPU.Build.0 = Release|Any CPU
		{23499896-B135-4527-8574-C26E926EA99E}.Release Mono|x86.ActiveCfg = Release|Any CPU
		{23499896-B135-4527-8574-C26E926EA99E}.Release|Any CPU.ActiveCfg = Release|Any CPU
		{23499896-B135-4527-8574-C26E926EA99E}.Release|Any CPU.Build.0 = Release|Any CPU
		{23499896-B135-4527-8574-C26E926EA99E}.Release|x86.ActiveCfg = Release|Any CPU
		{23499896-B135-4527-8574-C26E926EA99E}.Release|x86.Build.0 = Release|Any CPU
		{B90AB8F2-1BFF-4568-A3FD-2A338A435A75}.Debug|Any CPU.ActiveCfg = Debug|Any CPU
		{B90AB8F2-1BFF-4568-A3FD-2A338A435A75}.Debug|Any CPU.Build.0 = Debug|Any CPU
		{B90AB8F2-1BFF-4568-A3FD-2A338A435A75}.Debug|x86.ActiveCfg = Debug|Any CPU
		{B90AB8F2-1BFF-4568-A3FD-2A338A435A75}.Release Mono|Any CPU.ActiveCfg = Release|Any CPU
		{B90AB8F2-1BFF-4568-A3FD-2A338A435A75}.Release Mono|Any CPU.Build.0 = Release|Any CPU
		{B90AB8F2-1BFF-4568-A3FD-2A338A435A75}.Release Mono|x86.ActiveCfg = Release|Any CPU
		{B90AB8F2-1BFF-4568-A3FD-2A338A435A75}.Release|Any CPU.ActiveCfg = Release|Any CPU
		{B90AB8F2-1BFF-4568-A3FD-2A338A435A75}.Release|Any CPU.Build.0 = Release|Any CPU
		{B90AB8F2-1BFF-4568-A3FD-2A338A435A75}.Release|x86.ActiveCfg = Release|Any CPU
		{08FFF49B-F175-4807-A2B5-73B0EBD9F716}.Debug|Any CPU.ActiveCfg = Debug|Any CPU
		{08FFF49B-F175-4807-A2B5-73B0EBD9F716}.Debug|Any CPU.Build.0 = Debug|Any CPU
		{08FFF49B-F175-4807-A2B5-73B0EBD9F716}.Debug|x86.ActiveCfg = Debug|Any CPU
		{08FFF49B-F175-4807-A2B5-73B0EBD9F716}.Release Mono|Any CPU.ActiveCfg = Release|Any CPU
		{08FFF49B-F175-4807-A2B5-73B0EBD9F716}.Release Mono|Any CPU.Build.0 = Release|Any CPU
		{08FFF49B-F175-4807-A2B5-73B0EBD9F716}.Release Mono|x86.ActiveCfg = Release|Any CPU
		{08FFF49B-F175-4807-A2B5-73B0EBD9F716}.Release|Any CPU.ActiveCfg = Release|Any CPU
		{08FFF49B-F175-4807-A2B5-73B0EBD9F716}.Release|Any CPU.Build.0 = Release|Any CPU
		{08FFF49B-F175-4807-A2B5-73B0EBD9F716}.Release|x86.ActiveCfg = Release|Any CPU
		{D7453B88-2266-4805-B39B-2B5A2A33E1BA}.Debug|Any CPU.ActiveCfg = Debug|Any CPU
		{D7453B88-2266-4805-B39B-2B5A2A33E1BA}.Debug|Any CPU.Build.0 = Debug|Any CPU
		{D7453B88-2266-4805-B39B-2B5A2A33E1BA}.Debug|x86.ActiveCfg = Debug|Any CPU
		{D7453B88-2266-4805-B39B-2B5A2A33E1BA}.Debug|x86.Build.0 = Debug|Any CPU
		{D7453B88-2266-4805-B39B-2B5A2A33E1BA}.Release Mono|Any CPU.ActiveCfg = Release|Any CPU
		{D7453B88-2266-4805-B39B-2B5A2A33E1BA}.Release Mono|Any CPU.Build.0 = Release|Any CPU
		{D7453B88-2266-4805-B39B-2B5A2A33E1BA}.Release Mono|x86.ActiveCfg = Release|Any CPU
		{D7453B88-2266-4805-B39B-2B5A2A33E1BA}.Release Mono|x86.Build.0 = Release|Any CPU
		{D7453B88-2266-4805-B39B-2B5A2A33E1BA}.Release|Any CPU.ActiveCfg = Release|Any CPU
		{D7453B88-2266-4805-B39B-2B5A2A33E1BA}.Release|Any CPU.Build.0 = Release|Any CPU
		{D7453B88-2266-4805-B39B-2B5A2A33E1BA}.Release|x86.ActiveCfg = Release|Any CPU
		{D7453B88-2266-4805-B39B-2B5A2A33E1BA}.Release|x86.Build.0 = Release|Any CPU
	EndGlobalSection
	GlobalSection(SolutionProperties) = preSolution
		HideSolutionNode = FALSE
	EndGlobalSection
	GlobalSection(MonoDevelopProperties) = preSolution
		StartupItem = MediaBrowser.Server.Mono\MediaBrowser.Server.Mono.csproj
	EndGlobalSection
EndGlobal
