
Microsoft Visual Studio Solution File, Format Version 12.00
# Visual Studio 15
VisualStudioVersion = 15.0.26730.3
MinimumVisualStudioVersion = 10.0.40219.1
Project("{9A19103F-16F7-4668-BE54-9A1E7A4F7556}") = "MediaBrowser.Controller", "MediaBrowser.Controller\MediaBrowser.Controller.csproj", "{17E1F4E6-8ABD-4FE5-9ECF-43D4B6087BA2}"
EndProject
Project("{9A19103F-16F7-4668-BE54-9A1E7A4F7556}") = "MediaBrowser.Api", "MediaBrowser.Api\MediaBrowser.Api.csproj", "{4FD51AC5-2C16-4308-A993-C3A84F3B4582}"
EndProject
Project("{9A19103F-16F7-4668-BE54-9A1E7A4F7556}") = "MediaBrowser.Common", "MediaBrowser.Common\MediaBrowser.Common.csproj", "{9142EEFA-7570-41E1-BFCC-468BB571AF2F}"
EndProject
Project("{9A19103F-16F7-4668-BE54-9A1E7A4F7556}") = "MediaBrowser.Model", "MediaBrowser.Model\MediaBrowser.Model.csproj", "{7EEEB4BB-F3E8-48FC-B4C5-70F0FFF8329B}"
EndProject
Project("{9A19103F-16F7-4668-BE54-9A1E7A4F7556}") = "MediaBrowser.WebDashboard", "MediaBrowser.WebDashboard\MediaBrowser.WebDashboard.csproj", "{5624B7B5-B5A7-41D8-9F10-CC5611109619}"
EndProject
Project("{9A19103F-16F7-4668-BE54-9A1E7A4F7556}") = "MediaBrowser.Providers", "MediaBrowser.Providers\MediaBrowser.Providers.csproj", "{442B5058-DCAF-4263-BB6A-F21E31120A1B}"
EndProject
Project("{9A19103F-16F7-4668-BE54-9A1E7A4F7556}") = "OpenSubtitlesHandler", "OpenSubtitlesHandler\OpenSubtitlesHandler.csproj", "{4A4402D4-E910-443B-B8FC-2C18286A2CA0}"
EndProject
Project("{9A19103F-16F7-4668-BE54-9A1E7A4F7556}") = "MediaBrowser.XbmcMetadata", "MediaBrowser.XbmcMetadata\MediaBrowser.XbmcMetadata.csproj", "{23499896-B135-4527-8574-C26E926EA99E}"
EndProject
Project("{9A19103F-16F7-4668-BE54-9A1E7A4F7556}") = "MediaBrowser.LocalMetadata", "MediaBrowser.LocalMetadata\MediaBrowser.LocalMetadata.csproj", "{7EF9F3E0-697D-42F3-A08F-19DEB5F84392}"
EndProject
Project("{9A19103F-16F7-4668-BE54-9A1E7A4F7556}") = "Emby.Drawing", "Emby.Drawing\Emby.Drawing.csproj", "{08FFF49B-F175-4807-A2B5-73B0EBD9F716}"
EndProject
Project("{9A19103F-16F7-4668-BE54-9A1E7A4F7556}") = "Emby.Photos", "Emby.Photos\Emby.Photos.csproj", "{89AB4548-770D-41FD-A891-8DAFF44F452C}"
EndProject
Project("{9A19103F-16F7-4668-BE54-9A1E7A4F7556}") = "DvdLib", "DvdLib\DvdLib.csproj", "{713F42B5-878E-499D-A878-E4C652B1D5E8}"
EndProject
Project("{9A19103F-16F7-4668-BE54-9A1E7A4F7556}") = "BDInfo", "BDInfo\BDInfo.csproj", "{88AE38DF-19D7-406F-A6A9-09527719A21E}"
EndProject
Project("{9A19103F-16F7-4668-BE54-9A1E7A4F7556}") = "Emby.Server.Implementations", "Emby.Server.Implementations\Emby.Server.Implementations.csproj", "{E383961B-9356-4D5D-8233-9A1079D03055}"
EndProject
Project("{9A19103F-16F7-4668-BE54-9A1E7A4F7556}") = "RSSDP", "RSSDP\RSSDP.csproj", "{21002819-C39A-4D3E-BE83-2A276A77FB1F}"
EndProject
Project("{9A19103F-16F7-4668-BE54-9A1E7A4F7556}") = "Emby.Dlna", "Emby.Dlna\Emby.Dlna.csproj", "{805844AB-E92F-45E6-9D99-4F6D48D129A5}"
EndProject
Project("{9A19103F-16F7-4668-BE54-9A1E7A4F7556}") = "Emby.Drawing.Skia", "Emby.Drawing.Skia\Emby.Drawing.Skia.csproj", "{2312DA6D-FF86-4597-9777-BCEEC32D96DD}"
EndProject
Project("{9A19103F-16F7-4668-BE54-9A1E7A4F7556}") = "Mono.Nat", "Mono.Nat\Mono.Nat.csproj", "{CB7F2326-6497-4A3D-BA03-48513B17A7BE}"
EndProject
Project("{9A19103F-16F7-4668-BE54-9A1E7A4F7556}") = "SocketHttpListener", "SocketHttpListener\SocketHttpListener.csproj", "{1D74413B-E7CF-455B-B021-F52BDF881542}"
EndProject
Project("{9A19103F-16F7-4668-BE54-9A1E7A4F7556}") = "Emby.Notifications", "Emby.Notifications\Emby.Notifications.csproj", "{2E030C33-6923-4530-9E54-FA29FA6AD1A9}"
EndProject
Project("{9A19103F-16F7-4668-BE54-9A1E7A4F7556}") = "Emby.Naming", "Emby.Naming\Emby.Naming.csproj", "{E5AF7B26-2239-4CE0-B477-0AA2018EDAA2}"
EndProject
Project("{9A19103F-16F7-4668-BE54-9A1E7A4F7556}") = "taglib-sharp", "ThirdParty\taglib-sharp\src\taglib-sharp.csproj", "{D45FC504-D06B-41A0-A220-C20B7E8F1304}"
EndProject
Project("{9A19103F-16F7-4668-BE54-9A1E7A4F7556}") = "Emby.XmlTv", "Emby.XmlTv\Emby.XmlTv\Emby.XmlTv.csproj", "{6EAFA7F0-8A82-49E6-B2FA-086C5CAEA95B}"
EndProject
Project("{9A19103F-16F7-4668-BE54-9A1E7A4F7556}") = "IsoMounter", "Emby.IsoMounting\IsoMounter\IsoMounter.csproj", "{9BA471D2-6DB9-4DBF-B3A0-9FB3171F94A6}"
EndProject
Project("{9A19103F-16F7-4668-BE54-9A1E7A4F7556}") = "MediaBrowser.MediaEncoding", "MediaBrowser.MediaEncoding\MediaBrowser.MediaEncoding.csproj", "{960295EE-4AF4-4440-A525-B4C295B01A61}"
EndProject
Project("{9A19103F-16F7-4668-BE54-9A1E7A4F7556}") = "Jellyfin.Server", "Jellyfin.Server\Jellyfin.Server.csproj", "{07E39F42-A2C6-4B32-AF8C-725F957A73FF}"
EndProject
Project("{2150E333-8FDC-42A3-9474-1A3956D46DE8}") = "Solution Items", "Solution Items", "{41093F42-C7CC-4D07-956B-6182CBEDE2EC}"
	ProjectSection(SolutionItems) = preProject
		.editorconfig = .editorconfig
	EndProjectSection
EndProject
Global
	GlobalSection(SolutionConfigurationPlatforms) = preSolution
		Debug|Any CPU = Debug|Any CPU
		Release|Any CPU = Release|Any CPU
	EndGlobalSection
	GlobalSection(ProjectConfigurationPlatforms) = postSolution
		{17E1F4E6-8ABD-4FE5-9ECF-43D4B6087BA2}.Debug|Any CPU.ActiveCfg = Debug|Any CPU
		{17E1F4E6-8ABD-4FE5-9ECF-43D4B6087BA2}.Debug|Any CPU.Build.0 = Debug|Any CPU
		{17E1F4E6-8ABD-4FE5-9ECF-43D4B6087BA2}.Release|Any CPU.ActiveCfg = Release|Any CPU
		{17E1F4E6-8ABD-4FE5-9ECF-43D4B6087BA2}.Release|Any CPU.Build.0 = Release|Any CPU
		{4FD51AC5-2C16-4308-A993-C3A84F3B4582}.Debug|Any CPU.ActiveCfg = Debug|Any CPU
		{4FD51AC5-2C16-4308-A993-C3A84F3B4582}.Debug|Any CPU.Build.0 = Debug|Any CPU
		{4FD51AC5-2C16-4308-A993-C3A84F3B4582}.Release|Any CPU.ActiveCfg = Release|Any CPU
		{4FD51AC5-2C16-4308-A993-C3A84F3B4582}.Release|Any CPU.Build.0 = Release|Any CPU
		{9142EEFA-7570-41E1-BFCC-468BB571AF2F}.Debug|Any CPU.ActiveCfg = Debug|Any CPU
		{9142EEFA-7570-41E1-BFCC-468BB571AF2F}.Debug|Any CPU.Build.0 = Debug|Any CPU
		{9142EEFA-7570-41E1-BFCC-468BB571AF2F}.Release|Any CPU.ActiveCfg = Release|Any CPU
		{9142EEFA-7570-41E1-BFCC-468BB571AF2F}.Release|Any CPU.Build.0 = Release|Any CPU
		{7EEEB4BB-F3E8-48FC-B4C5-70F0FFF8329B}.Debug|Any CPU.ActiveCfg = Debug|Any CPU
		{7EEEB4BB-F3E8-48FC-B4C5-70F0FFF8329B}.Debug|Any CPU.Build.0 = Debug|Any CPU
		{7EEEB4BB-F3E8-48FC-B4C5-70F0FFF8329B}.Release|Any CPU.ActiveCfg = Release|Any CPU
		{7EEEB4BB-F3E8-48FC-B4C5-70F0FFF8329B}.Release|Any CPU.Build.0 = Release|Any CPU
		{5624B7B5-B5A7-41D8-9F10-CC5611109619}.Debug|Any CPU.ActiveCfg = Debug|Any CPU
		{5624B7B5-B5A7-41D8-9F10-CC5611109619}.Debug|Any CPU.Build.0 = Debug|Any CPU
		{5624B7B5-B5A7-41D8-9F10-CC5611109619}.Release|Any CPU.ActiveCfg = Release|Any CPU
		{5624B7B5-B5A7-41D8-9F10-CC5611109619}.Release|Any CPU.Build.0 = Release|Any CPU
		{442B5058-DCAF-4263-BB6A-F21E31120A1B}.Debug|Any CPU.ActiveCfg = Debug|Any CPU
		{442B5058-DCAF-4263-BB6A-F21E31120A1B}.Debug|Any CPU.Build.0 = Debug|Any CPU
		{442B5058-DCAF-4263-BB6A-F21E31120A1B}.Release|Any CPU.ActiveCfg = Release|Any CPU
		{442B5058-DCAF-4263-BB6A-F21E31120A1B}.Release|Any CPU.Build.0 = Release|Any CPU
		{4A4402D4-E910-443B-B8FC-2C18286A2CA0}.Debug|Any CPU.ActiveCfg = Debug|Any CPU
		{4A4402D4-E910-443B-B8FC-2C18286A2CA0}.Debug|Any CPU.Build.0 = Debug|Any CPU
		{4A4402D4-E910-443B-B8FC-2C18286A2CA0}.Release|Any CPU.ActiveCfg = Release|Any CPU
		{4A4402D4-E910-443B-B8FC-2C18286A2CA0}.Release|Any CPU.Build.0 = Release|Any CPU
		{23499896-B135-4527-8574-C26E926EA99E}.Debug|Any CPU.ActiveCfg = Debug|Any CPU
		{23499896-B135-4527-8574-C26E926EA99E}.Debug|Any CPU.Build.0 = Debug|Any CPU
		{23499896-B135-4527-8574-C26E926EA99E}.Release|Any CPU.ActiveCfg = Release|Any CPU
		{23499896-B135-4527-8574-C26E926EA99E}.Release|Any CPU.Build.0 = Release|Any CPU
		{7EF9F3E0-697D-42F3-A08F-19DEB5F84392}.Debug|Any CPU.ActiveCfg = Debug|Any CPU
		{7EF9F3E0-697D-42F3-A08F-19DEB5F84392}.Debug|Any CPU.Build.0 = Debug|Any CPU
		{7EF9F3E0-697D-42F3-A08F-19DEB5F84392}.Release|Any CPU.ActiveCfg = Release|Any CPU
		{7EF9F3E0-697D-42F3-A08F-19DEB5F84392}.Release|Any CPU.Build.0 = Release|Any CPU
		{08FFF49B-F175-4807-A2B5-73B0EBD9F716}.Debug|Any CPU.ActiveCfg = Debug|Any CPU
		{08FFF49B-F175-4807-A2B5-73B0EBD9F716}.Debug|Any CPU.Build.0 = Debug|Any CPU
		{08FFF49B-F175-4807-A2B5-73B0EBD9F716}.Release|Any CPU.ActiveCfg = Release|Any CPU
		{08FFF49B-F175-4807-A2B5-73B0EBD9F716}.Release|Any CPU.Build.0 = Release|Any CPU
		{89AB4548-770D-41FD-A891-8DAFF44F452C}.Debug|Any CPU.ActiveCfg = Debug|Any CPU
		{89AB4548-770D-41FD-A891-8DAFF44F452C}.Debug|Any CPU.Build.0 = Debug|Any CPU
		{89AB4548-770D-41FD-A891-8DAFF44F452C}.Release|Any CPU.ActiveCfg = Release|Any CPU
		{89AB4548-770D-41FD-A891-8DAFF44F452C}.Release|Any CPU.Build.0 = Release|Any CPU
		{713F42B5-878E-499D-A878-E4C652B1D5E8}.Debug|Any CPU.ActiveCfg = Debug|Any CPU
		{713F42B5-878E-499D-A878-E4C652B1D5E8}.Debug|Any CPU.Build.0 = Debug|Any CPU
		{713F42B5-878E-499D-A878-E4C652B1D5E8}.Release|Any CPU.ActiveCfg = Release|Any CPU
		{713F42B5-878E-499D-A878-E4C652B1D5E8}.Release|Any CPU.Build.0 = Release|Any CPU
		{88AE38DF-19D7-406F-A6A9-09527719A21E}.Debug|Any CPU.ActiveCfg = Debug|Any CPU
		{88AE38DF-19D7-406F-A6A9-09527719A21E}.Debug|Any CPU.Build.0 = Debug|Any CPU
		{88AE38DF-19D7-406F-A6A9-09527719A21E}.Release|Any CPU.ActiveCfg = Release|Any CPU
		{88AE38DF-19D7-406F-A6A9-09527719A21E}.Release|Any CPU.Build.0 = Release|Any CPU
		{E383961B-9356-4D5D-8233-9A1079D03055}.Debug|Any CPU.ActiveCfg = Debug|Any CPU
		{E383961B-9356-4D5D-8233-9A1079D03055}.Debug|Any CPU.Build.0 = Debug|Any CPU
		{E383961B-9356-4D5D-8233-9A1079D03055}.Release|Any CPU.ActiveCfg = Release|Any CPU
		{E383961B-9356-4D5D-8233-9A1079D03055}.Release|Any CPU.Build.0 = Release|Any CPU
		{21002819-C39A-4D3E-BE83-2A276A77FB1F}.Debug|Any CPU.ActiveCfg = Debug|Any CPU
		{21002819-C39A-4D3E-BE83-2A276A77FB1F}.Debug|Any CPU.Build.0 = Debug|Any CPU
		{21002819-C39A-4D3E-BE83-2A276A77FB1F}.Release|Any CPU.ActiveCfg = Release|Any CPU
		{21002819-C39A-4D3E-BE83-2A276A77FB1F}.Release|Any CPU.Build.0 = Release|Any CPU
		{805844AB-E92F-45E6-9D99-4F6D48D129A5}.Debug|Any CPU.ActiveCfg = Debug|Any CPU
		{805844AB-E92F-45E6-9D99-4F6D48D129A5}.Debug|Any CPU.Build.0 = Debug|Any CPU
		{805844AB-E92F-45E6-9D99-4F6D48D129A5}.Release|Any CPU.ActiveCfg = Release|Any CPU
		{805844AB-E92F-45E6-9D99-4F6D48D129A5}.Release|Any CPU.Build.0 = Release|Any CPU
		{2312DA6D-FF86-4597-9777-BCEEC32D96DD}.Debug|Any CPU.ActiveCfg = Debug|Any CPU
		{2312DA6D-FF86-4597-9777-BCEEC32D96DD}.Debug|Any CPU.Build.0 = Debug|Any CPU
		{2312DA6D-FF86-4597-9777-BCEEC32D96DD}.Release|Any CPU.ActiveCfg = Release|Any CPU
		{2312DA6D-FF86-4597-9777-BCEEC32D96DD}.Release|Any CPU.Build.0 = Release|Any CPU
		{CB7F2326-6497-4A3D-BA03-48513B17A7BE}.Debug|Any CPU.ActiveCfg = Debug|Any CPU
		{CB7F2326-6497-4A3D-BA03-48513B17A7BE}.Debug|Any CPU.Build.0 = Debug|Any CPU
		{CB7F2326-6497-4A3D-BA03-48513B17A7BE}.Release|Any CPU.ActiveCfg = Release|Any CPU
		{CB7F2326-6497-4A3D-BA03-48513B17A7BE}.Release|Any CPU.Build.0 = Release|Any CPU
		{1D74413B-E7CF-455B-B021-F52BDF881542}.Debug|Any CPU.ActiveCfg = Debug|Any CPU
		{1D74413B-E7CF-455B-B021-F52BDF881542}.Debug|Any CPU.Build.0 = Debug|Any CPU
		{1D74413B-E7CF-455B-B021-F52BDF881542}.Release|Any CPU.ActiveCfg = Release|Any CPU
		{1D74413B-E7CF-455B-B021-F52BDF881542}.Release|Any CPU.Build.0 = Release|Any CPU
		{2E030C33-6923-4530-9E54-FA29FA6AD1A9}.Debug|Any CPU.ActiveCfg = Debug|Any CPU
		{2E030C33-6923-4530-9E54-FA29FA6AD1A9}.Debug|Any CPU.Build.0 = Debug|Any CPU
		{2E030C33-6923-4530-9E54-FA29FA6AD1A9}.Release|Any CPU.ActiveCfg = Release|Any CPU
		{2E030C33-6923-4530-9E54-FA29FA6AD1A9}.Release|Any CPU.Build.0 = Release|Any CPU
		{E5AF7B26-2239-4CE0-B477-0AA2018EDAA2}.Debug|Any CPU.ActiveCfg = Debug|Any CPU
		{E5AF7B26-2239-4CE0-B477-0AA2018EDAA2}.Debug|Any CPU.Build.0 = Debug|Any CPU
		{E5AF7B26-2239-4CE0-B477-0AA2018EDAA2}.Release|Any CPU.ActiveCfg = Release|Any CPU
		{E5AF7B26-2239-4CE0-B477-0AA2018EDAA2}.Release|Any CPU.Build.0 = Release|Any CPU
		{6EAFA7F0-8A82-49E6-B2FA-086C5CAEA95B}.Debug|Any CPU.ActiveCfg = Debug|Any CPU
		{6EAFA7F0-8A82-49E6-B2FA-086C5CAEA95B}.Debug|Any CPU.Build.0 = Debug|Any CPU
		{6EAFA7F0-8A82-49E6-B2FA-086C5CAEA95B}.Release|Any CPU.ActiveCfg = Release|Any CPU
		{6EAFA7F0-8A82-49E6-B2FA-086C5CAEA95B}.Release|Any CPU.Build.0 = Release|Any CPU
		{9BA471D2-6DB9-4DBF-B3A0-9FB3171F94A6}.Debug|Any CPU.ActiveCfg = Debug|Any CPU
		{9BA471D2-6DB9-4DBF-B3A0-9FB3171F94A6}.Debug|Any CPU.Build.0 = Debug|Any CPU
		{9BA471D2-6DB9-4DBF-B3A0-9FB3171F94A6}.Release|Any CPU.ActiveCfg = Release|Any CPU
		{9BA471D2-6DB9-4DBF-B3A0-9FB3171F94A6}.Release|Any CPU.Build.0 = Release|Any CPU
		{960295EE-4AF4-4440-A525-B4C295B01A61}.Debug|Any CPU.ActiveCfg = Debug|Any CPU
		{960295EE-4AF4-4440-A525-B4C295B01A61}.Debug|Any CPU.Build.0 = Debug|Any CPU
		{960295EE-4AF4-4440-A525-B4C295B01A61}.Release|Any CPU.ActiveCfg = Release|Any CPU
		{960295EE-4AF4-4440-A525-B4C295B01A61}.Release|Any CPU.Build.0 = Release|Any CPU
		{07E39F42-A2C6-4B32-AF8C-725F957A73FF}.Debug|Any CPU.ActiveCfg = Debug|Any CPU
		{07E39F42-A2C6-4B32-AF8C-725F957A73FF}.Debug|Any CPU.Build.0 = Debug|Any CPU
		{07E39F42-A2C6-4B32-AF8C-725F957A73FF}.Release|Any CPU.ActiveCfg = Release|Any CPU
		{07E39F42-A2C6-4B32-AF8C-725F957A73FF}.Release|Any CPU.Build.0 = Release|Any CPU
	EndGlobalSection
	GlobalSection(SolutionProperties) = preSolution
		HideSolutionNode = FALSE
	EndGlobalSection
	GlobalSection(ExtensibilityGlobals) = postSolution
		SolutionGuid = {3448830C-EBDC-426C-85CD-7BBB9651A7FE}
	EndGlobalSection
	GlobalSection(AutomaticVersions) = postSolution
		UpdateAssemblyVersion = True
		UpdateAssemblyFileVersion = True
		UpdateAssemblyInfoVersion = True
		AssemblyVersionSettings = None.None.None.None
		AssemblyFileVersionSettings = None.None.None.None
		AssemblyInfoVersionSettings = None.None.None.None
		UpdatePackageVersion = False
		AssemblyInfoVersionType = SettingsVersion
		InheritWinAppVersionFrom = None
	EndGlobalSection
	GlobalSection(MonoDevelopProperties) = preSolution
		Policies = $0
		$0.StandardHeader = $1
		$1.Text = @### This header should be used to start new files.\n### It provides an explicit per-file license reference that should be present on all new files.\n### To use this header, delete these lines and the following empty line, modify <filename> to\n### the proper full path, and then add new code following the header and a single empty line.\n\n// ${FileName}\n// Part of the Jellyfin project (https://jellyfin.media)\n//\n//    All copyright belongs to the Jellyfin contributors; a full list can\n//    be found in the file CONTRIBUTORS.md\n//\n//    This program is free software: you can redistribute it and/or modify\n//    it under the terms of the GNU General Public License as published by\n//    the Free Software Foundation, version 2.\n//\n//    This program is distributed in the hope that it will be useful,\n//    but WITHOUT ANY WARRANTY; without even the implied warranty of\n//    MERCHANTABILITY or FITNESS FOR A PARTICULAR PURPOSE.  See the\n//    GNU General Public License for more details.\n//\n//    You should have received a copy of the GNU General Public License\n//    along with this program.  If not, see <https://www.gnu.org/licenses/>.\n
		$0.DotNetNamingPolicy = $2
		$2.DirectoryNamespaceAssociation = PrefixedHierarchical
	EndGlobalSection
EndGlobal
