
Microsoft Visual Studio Solution File, Format Version 12.00
# Visual Studio 2012
Project("{FAE04EC0-301F-11D3-BF4B-00C04F79EFBC}") = "MediaBrowser.UI", "MediaBrowser.UI\MediaBrowser.UI.csproj", "{B5ECE1FB-618E-420B-9A99-8E972D76920A}"
EndProject
Project("{FAE04EC0-301F-11D3-BF4B-00C04F79EFBC}") = "MediaBrowser.Common", "MediaBrowser.Common\MediaBrowser.Common.csproj", "{9142EEFA-7570-41E1-BFCC-468BB571AF2F}"
EndProject
Project("{FAE04EC0-301F-11D3-BF4B-00C04F79EFBC}") = "MediaBrowser.Model", "MediaBrowser.Model\MediaBrowser.Model.csproj", "{7EEEB4BB-F3E8-48FC-B4C5-70F0FFF8329B}"
EndProject
Project("{FAE04EC0-301F-11D3-BF4B-00C04F79EFBC}") = "MediaBrowser.ApiInteraction", "MediaBrowser.ApiInteraction\MediaBrowser.ApiInteraction.csproj", "{921C0F64-FDA7-4E9F-9E73-0CB0EEDB2422}"
EndProject
Project("{FAE04EC0-301F-11D3-BF4B-00C04F79EFBC}") = "MediaBrowser.Plugins.DefaultTheme", "MediaBrowser.Plugins.DefaultTheme\MediaBrowser.Plugins.DefaultTheme.csproj", "{6E892999-711D-4E24-8BAC-DACF5BFA783A}"
EndProject
Project("{FAE04EC0-301F-11D3-BF4B-00C04F79EFBC}") = "MediaBrowser.Plugins.MpcHc", "MediaBrowser.Plugins.MpcHc\MediaBrowser.Plugins.MpcHc.csproj", "{2E94BC08-A7A2-42DD-9893-EAA3DACD1CF9}"
EndProject
Project("{FAE04EC0-301F-11D3-BF4B-00C04F79EFBC}") = "MediaBrowser.Plugins.Tmt5", "MediaBrowser.Plugins.Tmt5\MediaBrowser.Plugins.Tmt5.csproj", "{BE9BAA85-9EF2-4308-92E4-0D2B6E33C487}"
EndProject
Project("{FAE04EC0-301F-11D3-BF4B-00C04F79EFBC}") = "MediaBrowser.UI.Uninstall", "MediaBrowser.UI.Uninstall\MediaBrowser.UI.Uninstall.csproj", "{E4BE0659-4084-407B-B8A8-67802331CC9E}"
EndProject
Project("{FAE04EC0-301F-11D3-BF4B-00C04F79EFBC}") = "MediaBrowser.IsoMounter", "MediaBrowser.IsoMounter\MediaBrowser.IsoMounter.csproj", "{5356AE30-6A6E-4A64-81E3-F76C50595E64}"
EndProject
Project("{FAE04EC0-301F-11D3-BF4B-00C04F79EFBC}") = "MediaBrowser.UI.Controls", "MediaBrowser.UI.Controls\MediaBrowser.UI.Controls.csproj", "{1ADFE460-FD95-46FA-8871-CCCB4B62E2E8}"
EndProject
Project("{FAE04EC0-301F-11D3-BF4B-00C04F79EFBC}") = "MediaBrowser.Logging.NLog", "MediaBrowser.Logging.NLog\MediaBrowser.Logging.NLog.csproj", "{67310740-0EC4-4DC2-9921-33DF38B20167}"
EndProject
Project("{FAE04EC0-301F-11D3-BF4B-00C04F79EFBC}") = "MediaBrowser.ClickOnce", "MediaBrowser.ClickOnce\MediaBrowser.ClickOnce.csproj", "{CC96BF3E-0BDA-4809-BC4B-BB6D418F4A84}"
EndProject
Global
	GlobalSection(SolutionConfigurationPlatforms) = preSolution
		Debug|Any CPU = Debug|Any CPU
		Debug|Mixed Platforms = Debug|Mixed Platforms
		Debug|x86 = Debug|x86
		Release|Any CPU = Release|Any CPU
		Release|Mixed Platforms = Release|Mixed Platforms
		Release|x86 = Release|x86
	EndGlobalSection
	GlobalSection(ProjectConfigurationPlatforms) = postSolution
		{B5ECE1FB-618E-420B-9A99-8E972D76920A}.Debug|Any CPU.ActiveCfg = Debug|Any CPU
		{B5ECE1FB-618E-420B-9A99-8E972D76920A}.Debug|Any CPU.Build.0 = Debug|Any CPU
		{B5ECE1FB-618E-420B-9A99-8E972D76920A}.Debug|Mixed Platforms.ActiveCfg = Debug|x86
		{B5ECE1FB-618E-420B-9A99-8E972D76920A}.Debug|Mixed Platforms.Build.0 = Debug|x86
		{B5ECE1FB-618E-420B-9A99-8E972D76920A}.Debug|x86.ActiveCfg = Debug|Any CPU
		{B5ECE1FB-618E-420B-9A99-8E972D76920A}.Debug|x86.Build.0 = Debug|Any CPU
		{B5ECE1FB-618E-420B-9A99-8E972D76920A}.Release|Any CPU.ActiveCfg = Release|Any CPU
		{B5ECE1FB-618E-420B-9A99-8E972D76920A}.Release|Any CPU.Build.0 = Release|Any CPU
		{B5ECE1FB-618E-420B-9A99-8E972D76920A}.Release|Mixed Platforms.ActiveCfg = Release|x86
		{B5ECE1FB-618E-420B-9A99-8E972D76920A}.Release|Mixed Platforms.Build.0 = Release|x86
		{B5ECE1FB-618E-420B-9A99-8E972D76920A}.Release|x86.ActiveCfg = Release|Any CPU
		{B5ECE1FB-618E-420B-9A99-8E972D76920A}.Release|x86.Build.0 = Release|Any CPU
		{9142EEFA-7570-41E1-BFCC-468BB571AF2F}.Debug|Any CPU.ActiveCfg = Debug|Any CPU
		{9142EEFA-7570-41E1-BFCC-468BB571AF2F}.Debug|Any CPU.Build.0 = Debug|Any CPU
		{9142EEFA-7570-41E1-BFCC-468BB571AF2F}.Debug|Mixed Platforms.ActiveCfg = Debug|Any CPU
		{9142EEFA-7570-41E1-BFCC-468BB571AF2F}.Debug|Mixed Platforms.Build.0 = Debug|Any CPU
		{9142EEFA-7570-41E1-BFCC-468BB571AF2F}.Debug|x86.ActiveCfg = Debug|Any CPU
		{9142EEFA-7570-41E1-BFCC-468BB571AF2F}.Debug|x86.Build.0 = Debug|Any CPU
		{9142EEFA-7570-41E1-BFCC-468BB571AF2F}.Release|Any CPU.ActiveCfg = Release|Any CPU
		{9142EEFA-7570-41E1-BFCC-468BB571AF2F}.Release|Any CPU.Build.0 = Release|Any CPU
		{9142EEFA-7570-41E1-BFCC-468BB571AF2F}.Release|Mixed Platforms.ActiveCfg = Release|Any CPU
		{9142EEFA-7570-41E1-BFCC-468BB571AF2F}.Release|Mixed Platforms.Build.0 = Release|Any CPU
		{9142EEFA-7570-41E1-BFCC-468BB571AF2F}.Release|x86.ActiveCfg = Release|Any CPU
		{9142EEFA-7570-41E1-BFCC-468BB571AF2F}.Release|x86.Build.0 = Release|Any CPU
		{7EEEB4BB-F3E8-48FC-B4C5-70F0FFF8329B}.Debug|Any CPU.ActiveCfg = Debug|Any CPU
		{7EEEB4BB-F3E8-48FC-B4C5-70F0FFF8329B}.Debug|Any CPU.Build.0 = Debug|Any CPU
		{7EEEB4BB-F3E8-48FC-B4C5-70F0FFF8329B}.Debug|Mixed Platforms.ActiveCfg = Debug|Any CPU
		{7EEEB4BB-F3E8-48FC-B4C5-70F0FFF8329B}.Debug|Mixed Platforms.Build.0 = Debug|Any CPU
		{7EEEB4BB-F3E8-48FC-B4C5-70F0FFF8329B}.Debug|x86.ActiveCfg = Debug|Any CPU
		{7EEEB4BB-F3E8-48FC-B4C5-70F0FFF8329B}.Debug|x86.Build.0 = Debug|Any CPU
		{7EEEB4BB-F3E8-48FC-B4C5-70F0FFF8329B}.Release|Any CPU.ActiveCfg = Release|Any CPU
		{7EEEB4BB-F3E8-48FC-B4C5-70F0FFF8329B}.Release|Any CPU.Build.0 = Release|Any CPU
		{7EEEB4BB-F3E8-48FC-B4C5-70F0FFF8329B}.Release|Mixed Platforms.ActiveCfg = Release|Any CPU
		{7EEEB4BB-F3E8-48FC-B4C5-70F0FFF8329B}.Release|Mixed Platforms.Build.0 = Release|Any CPU
		{7EEEB4BB-F3E8-48FC-B4C5-70F0FFF8329B}.Release|x86.ActiveCfg = Release|Any CPU
		{7EEEB4BB-F3E8-48FC-B4C5-70F0FFF8329B}.Release|x86.Build.0 = Release|Any CPU
		{921C0F64-FDA7-4E9F-9E73-0CB0EEDB2422}.Debug|Any CPU.ActiveCfg = Debug|Any CPU
		{921C0F64-FDA7-4E9F-9E73-0CB0EEDB2422}.Debug|Any CPU.Build.0 = Debug|Any CPU
		{921C0F64-FDA7-4E9F-9E73-0CB0EEDB2422}.Debug|Mixed Platforms.ActiveCfg = Debug|Any CPU
		{921C0F64-FDA7-4E9F-9E73-0CB0EEDB2422}.Debug|Mixed Platforms.Build.0 = Debug|Any CPU
		{921C0F64-FDA7-4E9F-9E73-0CB0EEDB2422}.Debug|x86.ActiveCfg = Debug|Any CPU
		{921C0F64-FDA7-4E9F-9E73-0CB0EEDB2422}.Debug|x86.Build.0 = Debug|Any CPU
		{921C0F64-FDA7-4E9F-9E73-0CB0EEDB2422}.Release|Any CPU.ActiveCfg = Release|Any CPU
		{921C0F64-FDA7-4E9F-9E73-0CB0EEDB2422}.Release|Any CPU.Build.0 = Release|Any CPU
		{921C0F64-FDA7-4E9F-9E73-0CB0EEDB2422}.Release|Mixed Platforms.ActiveCfg = Release|Any CPU
		{921C0F64-FDA7-4E9F-9E73-0CB0EEDB2422}.Release|Mixed Platforms.Build.0 = Release|Any CPU
		{921C0F64-FDA7-4E9F-9E73-0CB0EEDB2422}.Release|x86.ActiveCfg = Release|Any CPU
		{921C0F64-FDA7-4E9F-9E73-0CB0EEDB2422}.Release|x86.Build.0 = Release|Any CPU
		{6E892999-711D-4E24-8BAC-DACF5BFA783A}.Debug|Any CPU.ActiveCfg = Debug|Any CPU
		{6E892999-711D-4E24-8BAC-DACF5BFA783A}.Debug|Any CPU.Build.0 = Debug|Any CPU
		{6E892999-711D-4E24-8BAC-DACF5BFA783A}.Debug|Mixed Platforms.ActiveCfg = Debug|Any CPU
		{6E892999-711D-4E24-8BAC-DACF5BFA783A}.Debug|Mixed Platforms.Build.0 = Debug|Any CPU
		{6E892999-711D-4E24-8BAC-DACF5BFA783A}.Debug|x86.ActiveCfg = Debug|Any CPU
		{6E892999-711D-4E24-8BAC-DACF5BFA783A}.Debug|x86.Build.0 = Debug|Any CPU
		{6E892999-711D-4E24-8BAC-DACF5BFA783A}.Release|Any CPU.ActiveCfg = Release|Any CPU
		{6E892999-711D-4E24-8BAC-DACF5BFA783A}.Release|Any CPU.Build.0 = Release|Any CPU
		{6E892999-711D-4E24-8BAC-DACF5BFA783A}.Release|Mixed Platforms.ActiveCfg = Release|Any CPU
		{6E892999-711D-4E24-8BAC-DACF5BFA783A}.Release|Mixed Platforms.Build.0 = Release|Any CPU
		{6E892999-711D-4E24-8BAC-DACF5BFA783A}.Release|x86.ActiveCfg = Release|Any CPU
		{6E892999-711D-4E24-8BAC-DACF5BFA783A}.Release|x86.Build.0 = Release|Any CPU
		{2E94BC08-A7A2-42DD-9893-EAA3DACD1CF9}.Debug|Any CPU.ActiveCfg = Debug|Any CPU
		{2E94BC08-A7A2-42DD-9893-EAA3DACD1CF9}.Debug|Any CPU.Build.0 = Debug|Any CPU
		{2E94BC08-A7A2-42DD-9893-EAA3DACD1CF9}.Debug|Mixed Platforms.ActiveCfg = Debug|Any CPU
		{2E94BC08-A7A2-42DD-9893-EAA3DACD1CF9}.Debug|Mixed Platforms.Build.0 = Debug|Any CPU
		{2E94BC08-A7A2-42DD-9893-EAA3DACD1CF9}.Debug|x86.ActiveCfg = Debug|Any CPU
		{2E94BC08-A7A2-42DD-9893-EAA3DACD1CF9}.Release|Any CPU.ActiveCfg = Release|Any CPU
		{2E94BC08-A7A2-42DD-9893-EAA3DACD1CF9}.Release|Any CPU.Build.0 = Release|Any CPU
		{2E94BC08-A7A2-42DD-9893-EAA3DACD1CF9}.Release|Mixed Platforms.ActiveCfg = Release|Any CPU
		{2E94BC08-A7A2-42DD-9893-EAA3DACD1CF9}.Release|Mixed Platforms.Build.0 = Release|Any CPU
		{2E94BC08-A7A2-42DD-9893-EAA3DACD1CF9}.Release|x86.ActiveCfg = Release|Any CPU
		{BE9BAA85-9EF2-4308-92E4-0D2B6E33C487}.Debug|Any CPU.ActiveCfg = Debug|Any CPU
		{BE9BAA85-9EF2-4308-92E4-0D2B6E33C487}.Debug|Any CPU.Build.0 = Debug|Any CPU
		{BE9BAA85-9EF2-4308-92E4-0D2B6E33C487}.Debug|Mixed Platforms.ActiveCfg = Debug|Any CPU
		{BE9BAA85-9EF2-4308-92E4-0D2B6E33C487}.Debug|Mixed Platforms.Build.0 = Debug|Any CPU
		{BE9BAA85-9EF2-4308-92E4-0D2B6E33C487}.Debug|x86.ActiveCfg = Debug|Any CPU
		{BE9BAA85-9EF2-4308-92E4-0D2B6E33C487}.Release|Any CPU.ActiveCfg = Release|Any CPU
		{BE9BAA85-9EF2-4308-92E4-0D2B6E33C487}.Release|Any CPU.Build.0 = Release|Any CPU
		{BE9BAA85-9EF2-4308-92E4-0D2B6E33C487}.Release|Mixed Platforms.ActiveCfg = Release|Any CPU
		{BE9BAA85-9EF2-4308-92E4-0D2B6E33C487}.Release|Mixed Platforms.Build.0 = Release|Any CPU
		{BE9BAA85-9EF2-4308-92E4-0D2B6E33C487}.Release|x86.ActiveCfg = Release|Any CPU
		{E4BE0659-4084-407B-B8A8-67802331CC9E}.Debug|Any CPU.ActiveCfg = Debug|Any CPU
		{E4BE0659-4084-407B-B8A8-67802331CC9E}.Debug|Any CPU.Build.0 = Debug|Any CPU
		{E4BE0659-4084-407B-B8A8-67802331CC9E}.Debug|Mixed Platforms.ActiveCfg = Debug|Any CPU
		{E4BE0659-4084-407B-B8A8-67802331CC9E}.Debug|Mixed Platforms.Build.0 = Debug|Any CPU
		{E4BE0659-4084-407B-B8A8-67802331CC9E}.Debug|x86.ActiveCfg = Debug|Any CPU
		{E4BE0659-4084-407B-B8A8-67802331CC9E}.Release|Any CPU.ActiveCfg = Release|Any CPU
		{E4BE0659-4084-407B-B8A8-67802331CC9E}.Release|Any CPU.Build.0 = Release|Any CPU
		{E4BE0659-4084-407B-B8A8-67802331CC9E}.Release|Mixed Platforms.ActiveCfg = Release|Any CPU
		{E4BE0659-4084-407B-B8A8-67802331CC9E}.Release|Mixed Platforms.Build.0 = Release|Any CPU
		{E4BE0659-4084-407B-B8A8-67802331CC9E}.Release|x86.ActiveCfg = Release|Any CPU
		{5356AE30-6A6E-4A64-81E3-F76C50595E64}.Debug|Any CPU.ActiveCfg = Debug|Any CPU
		{5356AE30-6A6E-4A64-81E3-F76C50595E64}.Debug|Any CPU.Build.0 = Debug|Any CPU
		{5356AE30-6A6E-4A64-81E3-F76C50595E64}.Debug|Mixed Platforms.ActiveCfg = Debug|x86
		{5356AE30-6A6E-4A64-81E3-F76C50595E64}.Debug|Mixed Platforms.Build.0 = Debug|x86
		{5356AE30-6A6E-4A64-81E3-F76C50595E64}.Debug|x86.ActiveCfg = Debug|x86
		{5356AE30-6A6E-4A64-81E3-F76C50595E64}.Debug|x86.Build.0 = Debug|x86
		{5356AE30-6A6E-4A64-81E3-F76C50595E64}.Release|Any CPU.ActiveCfg = Release|Any CPU
		{5356AE30-6A6E-4A64-81E3-F76C50595E64}.Release|Any CPU.Build.0 = Release|Any CPU
		{5356AE30-6A6E-4A64-81E3-F76C50595E64}.Release|Mixed Platforms.ActiveCfg = Release|x86
		{5356AE30-6A6E-4A64-81E3-F76C50595E64}.Release|Mixed Platforms.Build.0 = Release|x86
		{5356AE30-6A6E-4A64-81E3-F76C50595E64}.Release|x86.ActiveCfg = Release|x86
		{5356AE30-6A6E-4A64-81E3-F76C50595E64}.Release|x86.Build.0 = Release|x86
		{1ADFE460-FD95-46FA-8871-CCCB4B62E2E8}.Debug|Any CPU.ActiveCfg = Debug|Any CPU
		{1ADFE460-FD95-46FA-8871-CCCB4B62E2E8}.Debug|Any CPU.Build.0 = Debug|Any CPU
		{1ADFE460-FD95-46FA-8871-CCCB4B62E2E8}.Debug|Mixed Platforms.ActiveCfg = Debug|Any CPU
		{1ADFE460-FD95-46FA-8871-CCCB4B62E2E8}.Debug|Mixed Platforms.Build.0 = Debug|Any CPU
		{1ADFE460-FD95-46FA-8871-CCCB4B62E2E8}.Debug|x86.ActiveCfg = Debug|Any CPU
		{1ADFE460-FD95-46FA-8871-CCCB4B62E2E8}.Release|Any CPU.ActiveCfg = Release|Any CPU
		{1ADFE460-FD95-46FA-8871-CCCB4B62E2E8}.Release|Any CPU.Build.0 = Release|Any CPU
		{1ADFE460-FD95-46FA-8871-CCCB4B62E2E8}.Release|Mixed Platforms.ActiveCfg = Release|Any CPU
		{1ADFE460-FD95-46FA-8871-CCCB4B62E2E8}.Release|Mixed Platforms.Build.0 = Release|Any CPU
		{1ADFE460-FD95-46FA-8871-CCCB4B62E2E8}.Release|x86.ActiveCfg = Release|Any CPU
		{67310740-0EC4-4DC2-9921-33DF38B20167}.Debug|Any CPU.ActiveCfg = Debug|Any CPU
		{67310740-0EC4-4DC2-9921-33DF38B20167}.Debug|Any CPU.Build.0 = Debug|Any CPU
		{67310740-0EC4-4DC2-9921-33DF38B20167}.Debug|Mixed Platforms.ActiveCfg = Debug|Any CPU
		{67310740-0EC4-4DC2-9921-33DF38B20167}.Debug|Mixed Platforms.Build.0 = Debug|Any CPU
		{67310740-0EC4-4DC2-9921-33DF38B20167}.Debug|x86.ActiveCfg = Debug|Any CPU
		{67310740-0EC4-4DC2-9921-33DF38B20167}.Release|Any CPU.ActiveCfg = Release|Any CPU
		{67310740-0EC4-4DC2-9921-33DF38B20167}.Release|Any CPU.Build.0 = Release|Any CPU
		{67310740-0EC4-4DC2-9921-33DF38B20167}.Release|Mixed Platforms.ActiveCfg = Release|Any CPU
		{67310740-0EC4-4DC2-9921-33DF38B20167}.Release|Mixed Platforms.Build.0 = Release|Any CPU
		{67310740-0EC4-4DC2-9921-33DF38B20167}.Release|x86.ActiveCfg = Release|Any CPU
		{CC96BF3E-0BDA-4809-BC4B-BB6D418F4A84}.Debug|Any CPU.ActiveCfg = Debug|Any CPU
		{CC96BF3E-0BDA-4809-BC4B-BB6D418F4A84}.Debug|Any CPU.Build.0 = Debug|Any CPU
		{CC96BF3E-0BDA-4809-BC4B-BB6D418F4A84}.Debug|Mixed Platforms.ActiveCfg = Debug|Any CPU
		{CC96BF3E-0BDA-4809-BC4B-BB6D418F4A84}.Debug|Mixed Platforms.Build.0 = Debug|Any CPU
		{CC96BF3E-0BDA-4809-BC4B-BB6D418F4A84}.Debug|x86.ActiveCfg = Debug|Any CPU
		{CC96BF3E-0BDA-4809-BC4B-BB6D418F4A84}.Release|Any CPU.ActiveCfg = Release|Any CPU
		{CC96BF3E-0BDA-4809-BC4B-BB6D418F4A84}.Release|Any CPU.Build.0 = Release|Any CPU
		{CC96BF3E-0BDA-4809-BC4B-BB6D418F4A84}.Release|Mixed Platforms.ActiveCfg = Release|Any CPU
		{CC96BF3E-0BDA-4809-BC4B-BB6D418F4A84}.Release|Mixed Platforms.Build.0 = Release|Any CPU
		{CC96BF3E-0BDA-4809-BC4B-BB6D418F4A84}.Release|x86.ActiveCfg = Release|Any CPU
	EndGlobalSection
	GlobalSection(SolutionProperties) = preSolution
		HideSolutionNode = FALSE
	EndGlobalSection
EndGlobal
