
Microsoft Visual Studio Solution File, Format Version 12.00
# Visual Studio 14
VisualStudioVersion = 14.0.25420.1
MinimumVisualStudioVersion = 10.0.40219.1
Project("{2150E333-8FDC-42A3-9474-1A3956D46DE8}") = ".nuget", ".nuget", "{F0E0E64C-2A6F-4E35-9533-D53AC07C2CD1}"
EndProject
Project("{2150E333-8FDC-42A3-9474-1A3956D46DE8}") = "Solution Items", "Solution Items", "{8C5D6ABC-D277-407B-8061-3AA04251D539}"
	ProjectSection(SolutionItems) = preProject
		Performance1.psess = Performance1.psess
		Performance19.psess = Performance19.psess
		Performance2.psess = Performance2.psess
		Performance3.psess = Performance3.psess
		Performance4.psess = Performance4.psess
		Performance5.psess = Performance5.psess
		Performance6.psess = Performance6.psess
		Performance7.psess = Performance7.psess
	EndProjectSection
EndProject
Project("{2150E333-8FDC-42A3-9474-1A3956D46DE8}") = ".nuget (2)", ".nuget (2)", "{E60FB157-87E2-4A41-8B04-27EA49B63B4D}"
	ProjectSection(SolutionItems) = preProject
		.nuget\NuGet.Config = .nuget\NuGet.Config
		.nuget\NuGet.exe = .nuget\NuGet.exe
		.nuget\NuGet.targets = .nuget\NuGet.targets
	EndProjectSection
EndProject
Project("{FAE04EC0-301F-11D3-BF4B-00C04F79EFBC}") = "MediaBrowser.Controller", "MediaBrowser.Controller\MediaBrowser.Controller.csproj", "{17E1F4E6-8ABD-4FE5-9ECF-43D4B6087BA2}"
EndProject
Project("{FAE04EC0-301F-11D3-BF4B-00C04F79EFBC}") = "MediaBrowser.Api", "MediaBrowser.Api\MediaBrowser.Api.csproj", "{4FD51AC5-2C16-4308-A993-C3A84F3B4582}"
EndProject
Project("{FAE04EC0-301F-11D3-BF4B-00C04F79EFBC}") = "MediaBrowser.Common", "MediaBrowser.Common\MediaBrowser.Common.csproj", "{9142EEFA-7570-41E1-BFCC-468BB571AF2F}"
EndProject
Project("{FAE04EC0-301F-11D3-BF4B-00C04F79EFBC}") = "MediaBrowser.Model", "MediaBrowser.Model\MediaBrowser.Model.csproj", "{7EEEB4BB-F3E8-48FC-B4C5-70F0FFF8329B}"
EndProject
Project("{FAE04EC0-301F-11D3-BF4B-00C04F79EFBC}") = "MediaBrowser.WebDashboard", "MediaBrowser.WebDashboard\MediaBrowser.WebDashboard.csproj", "{5624B7B5-B5A7-41D8-9F10-CC5611109619}"
EndProject
Project("{FAE04EC0-301F-11D3-BF4B-00C04F79EFBC}") = "MediaBrowser.Server.Implementations", "MediaBrowser.Server.Implementations\MediaBrowser.Server.Implementations.csproj", "{2E781478-814D-4A48-9D80-BFF206441A65}"
EndProject
Project("{FAE04EC0-301F-11D3-BF4B-00C04F79EFBC}") = "MediaBrowser.Tests", "MediaBrowser.Tests\MediaBrowser.Tests.csproj", "{E22BFD35-0FCD-4A85-978A-C22DCD73A081}"
EndProject
Project("{FAE04EC0-301F-11D3-BF4B-00C04F79EFBC}") = "MediaBrowser.Providers", "MediaBrowser.Providers\MediaBrowser.Providers.csproj", "{442B5058-DCAF-4263-BB6A-F21E31120A1B}"
EndProject
Project("{FAE04EC0-301F-11D3-BF4B-00C04F79EFBC}") = "MediaBrowser.ServerApplication", "MediaBrowser.ServerApplication\MediaBrowser.ServerApplication.csproj", "{94ADE4D3-B7EC-45CD-A200-CC469433072B}"
EndProject
Project("{FAE04EC0-301F-11D3-BF4B-00C04F79EFBC}") = "MediaBrowser.MediaEncoding", "MediaBrowser.MediaEncoding\MediaBrowser.MediaEncoding.csproj", "{0BD82FA6-EB8A-4452-8AF5-74F9C3849451}"
EndProject
Project("{FAE04EC0-301F-11D3-BF4B-00C04F79EFBC}") = "OpenSubtitlesHandler", "OpenSubtitlesHandler\OpenSubtitlesHandler.csproj", "{4A4402D4-E910-443B-B8FC-2C18286A2CA0}"
EndProject
Project("{FAE04EC0-301F-11D3-BF4B-00C04F79EFBC}") = "MediaBrowser.XbmcMetadata", "MediaBrowser.XbmcMetadata\MediaBrowser.XbmcMetadata.csproj", "{23499896-B135-4527-8574-C26E926EA99E}"
EndProject
Project("{FAE04EC0-301F-11D3-BF4B-00C04F79EFBC}") = "MediaBrowser.LocalMetadata", "MediaBrowser.LocalMetadata\MediaBrowser.LocalMetadata.csproj", "{7EF9F3E0-697D-42F3-A08F-19DEB5F84392}"
EndProject
Project("{FAE04EC0-301F-11D3-BF4B-00C04F79EFBC}") = "MediaBrowser.Server.Mono", "MediaBrowser.Server.Mono\MediaBrowser.Server.Mono.csproj", "{175A9388-F352-4586-A6B4-070DED62B644}"
EndProject
Project("{FAE04EC0-301F-11D3-BF4B-00C04F79EFBC}") = "MediaBrowser.Server.Startup.Common", "MediaBrowser.Server.Startup.Common\MediaBrowser.Server.Startup.Common.csproj", "{B90AB8F2-1BFF-4568-A3FD-2A338A435A75}"
EndProject
Project("{FAE04EC0-301F-11D3-BF4B-00C04F79EFBC}") = "Emby.Drawing", "Emby.Drawing\Emby.Drawing.csproj", "{08FFF49B-F175-4807-A2B5-73B0EBD9F716}"
EndProject
Project("{FAE04EC0-301F-11D3-BF4B-00C04F79EFBC}") = "Emby.Photos", "Emby.Photos\Emby.Photos.csproj", "{89AB4548-770D-41FD-A891-8DAFF44F452C}"
EndProject
Project("{FAE04EC0-301F-11D3-BF4B-00C04F79EFBC}") = "DvdLib", "DvdLib\DvdLib.csproj", "{713F42B5-878E-499D-A878-E4C652B1D5E8}"
EndProject
Project("{8BB2217D-0F2D-49D1-97BC-3654ED321F3B}") = "Emby.Common.Implementations", "Emby.Common.Implementations\Emby.Common.Implementations.xproj", "{5A27010A-09C6-4E86-93EA-437484C10917}"
EndProject
Project("{FAE04EC0-301F-11D3-BF4B-00C04F79EFBC}") = "BDInfo", "BDInfo\BDInfo.csproj", "{88AE38DF-19D7-406F-A6A9-09527719A21E}"
EndProject
Project("{FAE04EC0-301F-11D3-BF4B-00C04F79EFBC}") = "Emby.Server.Implementations", "Emby.Server.Implementations\Emby.Server.Implementations.csproj", "{E383961B-9356-4D5D-8233-9A1079D03055}"
EndProject
Project("{8BB2217D-0F2D-49D1-97BC-3654ED321F3B}") = "Mono.Nat", "Mono.Nat\Mono.Nat.xproj", "{4ACAB6A2-AC9A-4B50-BAEC-1FE4A1F3B8BC}"
EndProject
Project("{FAE04EC0-301F-11D3-BF4B-00C04F79EFBC}") = "RSSDP", "RSSDP\RSSDP.csproj", "{21002819-C39A-4D3E-BE83-2A276A77FB1F}"
EndProject
Project("{FAE04EC0-301F-11D3-BF4B-00C04F79EFBC}") = "Emby.Dlna", "Emby.Dlna\Emby.Dlna.csproj", "{805844AB-E92F-45E6-9D99-4F6D48D129A5}"
EndProject
Project("{8BB2217D-0F2D-49D1-97BC-3654ED321F3B}") = "Emby.Server.Core", "Emby.Server.Core\Emby.Server.Core.xproj", "{65AA7D67-8059-40CD-91F1-16D02687226C}"
EndProject
Project("{FAE04EC0-301F-11D3-BF4B-00C04F79EFBC}") = "Emby.Drawing.ImageMagick", "Emby.Drawing.ImageMagick\Emby.Drawing.ImageMagick.csproj", "{6CFEE013-6E7C-432B-AC37-CABF0880C69A}"
EndProject
Project("{FAE04EC0-301F-11D3-BF4B-00C04F79EFBC}") = "Emby.Drawing.Net", "Emby.Drawing.Net\Emby.Drawing.Net.csproj", "{C97A239E-A96C-4D64-A844-CCF8CC30AECB}"
EndProject
Project("{FAE04EC0-301F-11D3-BF4B-00C04F79EFBC}") = "SocketHttpListener.Portable", "SocketHttpListener.Portable\SocketHttpListener.Portable.csproj", "{4F26D5D8-A7B0-42B3-BA42-7CB7D245934E}"
EndProject
Project("{FAE04EC0-301F-11D3-BF4B-00C04F79EFBC}") = "Emby.Drawing.Skia", "Emby.Drawing.Skia\Emby.Drawing.Skia.csproj", "{2312DA6D-FF86-4597-9777-BCEEC32D96DD}"
EndProject
Global
	GlobalSection(SolutionConfigurationPlatforms) = preSolution
		Debug|Any CPU = Debug|Any CPU
		Debug|Mixed Platforms = Debug|Mixed Platforms
		Debug|Win32 = Debug|Win32
		Debug|x64 = Debug|x64
		Debug|x86 = Debug|x86
		Release Mono|Any CPU = Release Mono|Any CPU
		Release Mono|Mixed Platforms = Release Mono|Mixed Platforms
		Release Mono|Win32 = Release Mono|Win32
		Release Mono|x64 = Release Mono|x64
		Release Mono|x86 = Release Mono|x86
		Release|Any CPU = Release|Any CPU
		Release|Mixed Platforms = Release|Mixed Platforms
		Release|Win32 = Release|Win32
		Release|x64 = Release|x64
		Release|x86 = Release|x86
		Signed|Any CPU = Signed|Any CPU
		Signed|Mixed Platforms = Signed|Mixed Platforms
		Signed|Win32 = Signed|Win32
		Signed|x64 = Signed|x64
		Signed|x86 = Signed|x86
	EndGlobalSection
	GlobalSection(ProjectConfigurationPlatforms) = postSolution
		{17E1F4E6-8ABD-4FE5-9ECF-43D4B6087BA2}.Debug|Any CPU.ActiveCfg = Debug|Any CPU
		{17E1F4E6-8ABD-4FE5-9ECF-43D4B6087BA2}.Debug|Any CPU.Build.0 = Debug|Any CPU
		{17E1F4E6-8ABD-4FE5-9ECF-43D4B6087BA2}.Debug|Mixed Platforms.ActiveCfg = Debug|Any CPU
		{17E1F4E6-8ABD-4FE5-9ECF-43D4B6087BA2}.Debug|Mixed Platforms.Build.0 = Debug|Any CPU
		{17E1F4E6-8ABD-4FE5-9ECF-43D4B6087BA2}.Debug|Win32.ActiveCfg = Debug|Any CPU
		{17E1F4E6-8ABD-4FE5-9ECF-43D4B6087BA2}.Debug|x64.ActiveCfg = Debug|Any CPU
		{17E1F4E6-8ABD-4FE5-9ECF-43D4B6087BA2}.Debug|x86.ActiveCfg = Debug|Any CPU
		{17E1F4E6-8ABD-4FE5-9ECF-43D4B6087BA2}.Debug|x86.Build.0 = Debug|Any CPU
		{17E1F4E6-8ABD-4FE5-9ECF-43D4B6087BA2}.Release Mono|Any CPU.ActiveCfg = Release|Any CPU
		{17E1F4E6-8ABD-4FE5-9ECF-43D4B6087BA2}.Release Mono|Any CPU.Build.0 = Release|Any CPU
		{17E1F4E6-8ABD-4FE5-9ECF-43D4B6087BA2}.Release Mono|Mixed Platforms.ActiveCfg = Release Mono|Any CPU
		{17E1F4E6-8ABD-4FE5-9ECF-43D4B6087BA2}.Release Mono|Mixed Platforms.Build.0 = Release Mono|Any CPU
		{17E1F4E6-8ABD-4FE5-9ECF-43D4B6087BA2}.Release Mono|Win32.ActiveCfg = Release Mono|Any CPU
		{17E1F4E6-8ABD-4FE5-9ECF-43D4B6087BA2}.Release Mono|x64.ActiveCfg = Release Mono|Any CPU
		{17E1F4E6-8ABD-4FE5-9ECF-43D4B6087BA2}.Release Mono|x86.ActiveCfg = Release Mono|Any CPU
		{17E1F4E6-8ABD-4FE5-9ECF-43D4B6087BA2}.Release|Any CPU.ActiveCfg = Release|Any CPU
		{17E1F4E6-8ABD-4FE5-9ECF-43D4B6087BA2}.Release|Any CPU.Build.0 = Release|Any CPU
		{17E1F4E6-8ABD-4FE5-9ECF-43D4B6087BA2}.Release|Mixed Platforms.ActiveCfg = Release|Any CPU
		{17E1F4E6-8ABD-4FE5-9ECF-43D4B6087BA2}.Release|Mixed Platforms.Build.0 = Release|Any CPU
		{17E1F4E6-8ABD-4FE5-9ECF-43D4B6087BA2}.Release|Win32.ActiveCfg = Release|Any CPU
		{17E1F4E6-8ABD-4FE5-9ECF-43D4B6087BA2}.Release|x64.ActiveCfg = Release|Any CPU
		{17E1F4E6-8ABD-4FE5-9ECF-43D4B6087BA2}.Release|x86.ActiveCfg = Release|Any CPU
		{17E1F4E6-8ABD-4FE5-9ECF-43D4B6087BA2}.Release|x86.Build.0 = Release|Any CPU
		{17E1F4E6-8ABD-4FE5-9ECF-43D4B6087BA2}.Signed|Any CPU.ActiveCfg = Release Mono|Any CPU
		{17E1F4E6-8ABD-4FE5-9ECF-43D4B6087BA2}.Signed|Any CPU.Build.0 = Release Mono|Any CPU
		{17E1F4E6-8ABD-4FE5-9ECF-43D4B6087BA2}.Signed|Mixed Platforms.ActiveCfg = Release Mono|Any CPU
		{17E1F4E6-8ABD-4FE5-9ECF-43D4B6087BA2}.Signed|Mixed Platforms.Build.0 = Release Mono|Any CPU
		{17E1F4E6-8ABD-4FE5-9ECF-43D4B6087BA2}.Signed|Win32.ActiveCfg = Release Mono|Any CPU
		{17E1F4E6-8ABD-4FE5-9ECF-43D4B6087BA2}.Signed|Win32.Build.0 = Release Mono|Any CPU
		{17E1F4E6-8ABD-4FE5-9ECF-43D4B6087BA2}.Signed|x64.ActiveCfg = Release Mono|Any CPU
		{17E1F4E6-8ABD-4FE5-9ECF-43D4B6087BA2}.Signed|x64.Build.0 = Release Mono|Any CPU
		{17E1F4E6-8ABD-4FE5-9ECF-43D4B6087BA2}.Signed|x86.ActiveCfg = Release Mono|Any CPU
		{17E1F4E6-8ABD-4FE5-9ECF-43D4B6087BA2}.Signed|x86.Build.0 = Release Mono|Any CPU
		{4FD51AC5-2C16-4308-A993-C3A84F3B4582}.Debug|Any CPU.ActiveCfg = Debug|Any CPU
		{4FD51AC5-2C16-4308-A993-C3A84F3B4582}.Debug|Any CPU.Build.0 = Debug|Any CPU
		{4FD51AC5-2C16-4308-A993-C3A84F3B4582}.Debug|Mixed Platforms.ActiveCfg = Debug|Any CPU
		{4FD51AC5-2C16-4308-A993-C3A84F3B4582}.Debug|Mixed Platforms.Build.0 = Debug|Any CPU
		{4FD51AC5-2C16-4308-A993-C3A84F3B4582}.Debug|Win32.ActiveCfg = Debug|Any CPU
		{4FD51AC5-2C16-4308-A993-C3A84F3B4582}.Debug|x64.ActiveCfg = Debug|Any CPU
		{4FD51AC5-2C16-4308-A993-C3A84F3B4582}.Debug|x86.ActiveCfg = Debug|Any CPU
		{4FD51AC5-2C16-4308-A993-C3A84F3B4582}.Debug|x86.Build.0 = Debug|Any CPU
		{4FD51AC5-2C16-4308-A993-C3A84F3B4582}.Release Mono|Any CPU.ActiveCfg = Release|Any CPU
		{4FD51AC5-2C16-4308-A993-C3A84F3B4582}.Release Mono|Any CPU.Build.0 = Release|Any CPU
		{4FD51AC5-2C16-4308-A993-C3A84F3B4582}.Release Mono|Mixed Platforms.ActiveCfg = Release Mono|Any CPU
		{4FD51AC5-2C16-4308-A993-C3A84F3B4582}.Release Mono|Mixed Platforms.Build.0 = Release Mono|Any CPU
		{4FD51AC5-2C16-4308-A993-C3A84F3B4582}.Release Mono|Win32.ActiveCfg = Release Mono|Any CPU
		{4FD51AC5-2C16-4308-A993-C3A84F3B4582}.Release Mono|x64.ActiveCfg = Release Mono|Any CPU
		{4FD51AC5-2C16-4308-A993-C3A84F3B4582}.Release Mono|x86.ActiveCfg = Release Mono|Any CPU
		{4FD51AC5-2C16-4308-A993-C3A84F3B4582}.Release|Any CPU.ActiveCfg = Release|Any CPU
		{4FD51AC5-2C16-4308-A993-C3A84F3B4582}.Release|Any CPU.Build.0 = Release|Any CPU
		{4FD51AC5-2C16-4308-A993-C3A84F3B4582}.Release|Mixed Platforms.ActiveCfg = Release|Any CPU
		{4FD51AC5-2C16-4308-A993-C3A84F3B4582}.Release|Mixed Platforms.Build.0 = Release|Any CPU
		{4FD51AC5-2C16-4308-A993-C3A84F3B4582}.Release|Win32.ActiveCfg = Release|Any CPU
		{4FD51AC5-2C16-4308-A993-C3A84F3B4582}.Release|x64.ActiveCfg = Release|Any CPU
		{4FD51AC5-2C16-4308-A993-C3A84F3B4582}.Release|x86.ActiveCfg = Release|Any CPU
		{4FD51AC5-2C16-4308-A993-C3A84F3B4582}.Release|x86.Build.0 = Release|Any CPU
		{4FD51AC5-2C16-4308-A993-C3A84F3B4582}.Signed|Any CPU.ActiveCfg = Release Mono|Any CPU
		{4FD51AC5-2C16-4308-A993-C3A84F3B4582}.Signed|Any CPU.Build.0 = Release Mono|Any CPU
		{4FD51AC5-2C16-4308-A993-C3A84F3B4582}.Signed|Mixed Platforms.ActiveCfg = Release Mono|Any CPU
		{4FD51AC5-2C16-4308-A993-C3A84F3B4582}.Signed|Mixed Platforms.Build.0 = Release Mono|Any CPU
		{4FD51AC5-2C16-4308-A993-C3A84F3B4582}.Signed|Win32.ActiveCfg = Release Mono|Any CPU
		{4FD51AC5-2C16-4308-A993-C3A84F3B4582}.Signed|Win32.Build.0 = Release Mono|Any CPU
		{4FD51AC5-2C16-4308-A993-C3A84F3B4582}.Signed|x64.ActiveCfg = Release Mono|Any CPU
		{4FD51AC5-2C16-4308-A993-C3A84F3B4582}.Signed|x64.Build.0 = Release Mono|Any CPU
		{4FD51AC5-2C16-4308-A993-C3A84F3B4582}.Signed|x86.ActiveCfg = Release Mono|Any CPU
		{4FD51AC5-2C16-4308-A993-C3A84F3B4582}.Signed|x86.Build.0 = Release Mono|Any CPU
		{9142EEFA-7570-41E1-BFCC-468BB571AF2F}.Debug|Any CPU.ActiveCfg = Debug|Any CPU
		{9142EEFA-7570-41E1-BFCC-468BB571AF2F}.Debug|Any CPU.Build.0 = Debug|Any CPU
		{9142EEFA-7570-41E1-BFCC-468BB571AF2F}.Debug|Mixed Platforms.ActiveCfg = Debug|Any CPU
		{9142EEFA-7570-41E1-BFCC-468BB571AF2F}.Debug|Mixed Platforms.Build.0 = Debug|Any CPU
		{9142EEFA-7570-41E1-BFCC-468BB571AF2F}.Debug|Win32.ActiveCfg = Debug|Any CPU
		{9142EEFA-7570-41E1-BFCC-468BB571AF2F}.Debug|x64.ActiveCfg = Debug|Any CPU
		{9142EEFA-7570-41E1-BFCC-468BB571AF2F}.Debug|x86.ActiveCfg = Debug|Any CPU
		{9142EEFA-7570-41E1-BFCC-468BB571AF2F}.Debug|x86.Build.0 = Debug|Any CPU
		{9142EEFA-7570-41E1-BFCC-468BB571AF2F}.Release Mono|Any CPU.ActiveCfg = Release|Any CPU
		{9142EEFA-7570-41E1-BFCC-468BB571AF2F}.Release Mono|Any CPU.Build.0 = Release|Any CPU
		{9142EEFA-7570-41E1-BFCC-468BB571AF2F}.Release Mono|Mixed Platforms.ActiveCfg = Release Mono|Any CPU
		{9142EEFA-7570-41E1-BFCC-468BB571AF2F}.Release Mono|Mixed Platforms.Build.0 = Release Mono|Any CPU
		{9142EEFA-7570-41E1-BFCC-468BB571AF2F}.Release Mono|Win32.ActiveCfg = Release Mono|Any CPU
		{9142EEFA-7570-41E1-BFCC-468BB571AF2F}.Release Mono|x64.ActiveCfg = Release Mono|Any CPU
		{9142EEFA-7570-41E1-BFCC-468BB571AF2F}.Release Mono|x86.ActiveCfg = Release Mono|Any CPU
		{9142EEFA-7570-41E1-BFCC-468BB571AF2F}.Release|Any CPU.ActiveCfg = Release|Any CPU
		{9142EEFA-7570-41E1-BFCC-468BB571AF2F}.Release|Any CPU.Build.0 = Release|Any CPU
		{9142EEFA-7570-41E1-BFCC-468BB571AF2F}.Release|Mixed Platforms.ActiveCfg = Release|Any CPU
		{9142EEFA-7570-41E1-BFCC-468BB571AF2F}.Release|Mixed Platforms.Build.0 = Release|Any CPU
		{9142EEFA-7570-41E1-BFCC-468BB571AF2F}.Release|Win32.ActiveCfg = Release|Any CPU
		{9142EEFA-7570-41E1-BFCC-468BB571AF2F}.Release|x64.ActiveCfg = Release|Any CPU
		{9142EEFA-7570-41E1-BFCC-468BB571AF2F}.Release|x86.ActiveCfg = Release|Any CPU
		{9142EEFA-7570-41E1-BFCC-468BB571AF2F}.Release|x86.Build.0 = Release|Any CPU
		{9142EEFA-7570-41E1-BFCC-468BB571AF2F}.Signed|Any CPU.ActiveCfg = Release Mono|Any CPU
		{9142EEFA-7570-41E1-BFCC-468BB571AF2F}.Signed|Any CPU.Build.0 = Release Mono|Any CPU
		{9142EEFA-7570-41E1-BFCC-468BB571AF2F}.Signed|Mixed Platforms.ActiveCfg = Release Mono|Any CPU
		{9142EEFA-7570-41E1-BFCC-468BB571AF2F}.Signed|Mixed Platforms.Build.0 = Release Mono|Any CPU
		{9142EEFA-7570-41E1-BFCC-468BB571AF2F}.Signed|Win32.ActiveCfg = Release Mono|Any CPU
		{9142EEFA-7570-41E1-BFCC-468BB571AF2F}.Signed|Win32.Build.0 = Release Mono|Any CPU
		{9142EEFA-7570-41E1-BFCC-468BB571AF2F}.Signed|x64.ActiveCfg = Release Mono|Any CPU
		{9142EEFA-7570-41E1-BFCC-468BB571AF2F}.Signed|x64.Build.0 = Release Mono|Any CPU
		{9142EEFA-7570-41E1-BFCC-468BB571AF2F}.Signed|x86.ActiveCfg = Release Mono|Any CPU
		{9142EEFA-7570-41E1-BFCC-468BB571AF2F}.Signed|x86.Build.0 = Release Mono|Any CPU
		{7EEEB4BB-F3E8-48FC-B4C5-70F0FFF8329B}.Debug|Any CPU.ActiveCfg = Debug|Any CPU
		{7EEEB4BB-F3E8-48FC-B4C5-70F0FFF8329B}.Debug|Any CPU.Build.0 = Debug|Any CPU
		{7EEEB4BB-F3E8-48FC-B4C5-70F0FFF8329B}.Debug|Mixed Platforms.ActiveCfg = Debug|Any CPU
		{7EEEB4BB-F3E8-48FC-B4C5-70F0FFF8329B}.Debug|Mixed Platforms.Build.0 = Debug|Any CPU
		{7EEEB4BB-F3E8-48FC-B4C5-70F0FFF8329B}.Debug|Win32.ActiveCfg = Debug|Any CPU
		{7EEEB4BB-F3E8-48FC-B4C5-70F0FFF8329B}.Debug|x64.ActiveCfg = Debug|Any CPU
		{7EEEB4BB-F3E8-48FC-B4C5-70F0FFF8329B}.Debug|x86.ActiveCfg = Debug|Any CPU
		{7EEEB4BB-F3E8-48FC-B4C5-70F0FFF8329B}.Debug|x86.Build.0 = Debug|Any CPU
		{7EEEB4BB-F3E8-48FC-B4C5-70F0FFF8329B}.Release Mono|Any CPU.ActiveCfg = Release|Any CPU
		{7EEEB4BB-F3E8-48FC-B4C5-70F0FFF8329B}.Release Mono|Any CPU.Build.0 = Release|Any CPU
		{7EEEB4BB-F3E8-48FC-B4C5-70F0FFF8329B}.Release Mono|Mixed Platforms.ActiveCfg = Release|Any CPU
		{7EEEB4BB-F3E8-48FC-B4C5-70F0FFF8329B}.Release Mono|Mixed Platforms.Build.0 = Release|Any CPU
		{7EEEB4BB-F3E8-48FC-B4C5-70F0FFF8329B}.Release Mono|Win32.ActiveCfg = Release|Any CPU
		{7EEEB4BB-F3E8-48FC-B4C5-70F0FFF8329B}.Release Mono|Win32.Build.0 = Release|Any CPU
		{7EEEB4BB-F3E8-48FC-B4C5-70F0FFF8329B}.Release Mono|x64.ActiveCfg = Release|Any CPU
		{7EEEB4BB-F3E8-48FC-B4C5-70F0FFF8329B}.Release Mono|x64.Build.0 = Release|Any CPU
		{7EEEB4BB-F3E8-48FC-B4C5-70F0FFF8329B}.Release Mono|x86.ActiveCfg = Release|Any CPU
		{7EEEB4BB-F3E8-48FC-B4C5-70F0FFF8329B}.Release Mono|x86.Build.0 = Release|Any CPU
		{7EEEB4BB-F3E8-48FC-B4C5-70F0FFF8329B}.Release|Any CPU.ActiveCfg = Release|Any CPU
		{7EEEB4BB-F3E8-48FC-B4C5-70F0FFF8329B}.Release|Any CPU.Build.0 = Release|Any CPU
		{7EEEB4BB-F3E8-48FC-B4C5-70F0FFF8329B}.Release|Mixed Platforms.ActiveCfg = Release|Any CPU
		{7EEEB4BB-F3E8-48FC-B4C5-70F0FFF8329B}.Release|Mixed Platforms.Build.0 = Release|Any CPU
		{7EEEB4BB-F3E8-48FC-B4C5-70F0FFF8329B}.Release|Win32.ActiveCfg = Release|Any CPU
		{7EEEB4BB-F3E8-48FC-B4C5-70F0FFF8329B}.Release|x64.ActiveCfg = Release|Any CPU
		{7EEEB4BB-F3E8-48FC-B4C5-70F0FFF8329B}.Release|x86.ActiveCfg = Release|Any CPU
		{7EEEB4BB-F3E8-48FC-B4C5-70F0FFF8329B}.Release|x86.Build.0 = Release|Any CPU
		{7EEEB4BB-F3E8-48FC-B4C5-70F0FFF8329B}.Signed|Any CPU.ActiveCfg = Release|Any CPU
		{7EEEB4BB-F3E8-48FC-B4C5-70F0FFF8329B}.Signed|Any CPU.Build.0 = Release|Any CPU
		{7EEEB4BB-F3E8-48FC-B4C5-70F0FFF8329B}.Signed|Mixed Platforms.ActiveCfg = Release|Any CPU
		{7EEEB4BB-F3E8-48FC-B4C5-70F0FFF8329B}.Signed|Mixed Platforms.Build.0 = Release|Any CPU
		{7EEEB4BB-F3E8-48FC-B4C5-70F0FFF8329B}.Signed|Win32.ActiveCfg = Release|Any CPU
		{7EEEB4BB-F3E8-48FC-B4C5-70F0FFF8329B}.Signed|Win32.Build.0 = Release|Any CPU
		{7EEEB4BB-F3E8-48FC-B4C5-70F0FFF8329B}.Signed|x64.ActiveCfg = Release|Any CPU
		{7EEEB4BB-F3E8-48FC-B4C5-70F0FFF8329B}.Signed|x64.Build.0 = Release|Any CPU
		{7EEEB4BB-F3E8-48FC-B4C5-70F0FFF8329B}.Signed|x86.ActiveCfg = Release|Any CPU
		{7EEEB4BB-F3E8-48FC-B4C5-70F0FFF8329B}.Signed|x86.Build.0 = Release|Any CPU
		{5624B7B5-B5A7-41D8-9F10-CC5611109619}.Debug|Any CPU.ActiveCfg = Debug|Any CPU
		{5624B7B5-B5A7-41D8-9F10-CC5611109619}.Debug|Any CPU.Build.0 = Debug|Any CPU
		{5624B7B5-B5A7-41D8-9F10-CC5611109619}.Debug|Mixed Platforms.ActiveCfg = Debug|Any CPU
		{5624B7B5-B5A7-41D8-9F10-CC5611109619}.Debug|Mixed Platforms.Build.0 = Debug|Any CPU
		{5624B7B5-B5A7-41D8-9F10-CC5611109619}.Debug|Win32.ActiveCfg = Debug|Any CPU
		{5624B7B5-B5A7-41D8-9F10-CC5611109619}.Debug|x64.ActiveCfg = Debug|Any CPU
		{5624B7B5-B5A7-41D8-9F10-CC5611109619}.Debug|x86.ActiveCfg = Debug|Any CPU
		{5624B7B5-B5A7-41D8-9F10-CC5611109619}.Debug|x86.Build.0 = Debug|Any CPU
		{5624B7B5-B5A7-41D8-9F10-CC5611109619}.Release Mono|Any CPU.ActiveCfg = Release|Any CPU
		{5624B7B5-B5A7-41D8-9F10-CC5611109619}.Release Mono|Any CPU.Build.0 = Release|Any CPU
		{5624B7B5-B5A7-41D8-9F10-CC5611109619}.Release Mono|Mixed Platforms.ActiveCfg = Release Mono|Any CPU
		{5624B7B5-B5A7-41D8-9F10-CC5611109619}.Release Mono|Mixed Platforms.Build.0 = Release Mono|Any CPU
		{5624B7B5-B5A7-41D8-9F10-CC5611109619}.Release Mono|Win32.ActiveCfg = Release Mono|Any CPU
		{5624B7B5-B5A7-41D8-9F10-CC5611109619}.Release Mono|x64.ActiveCfg = Release Mono|Any CPU
		{5624B7B5-B5A7-41D8-9F10-CC5611109619}.Release Mono|x86.ActiveCfg = Release Mono|Any CPU
		{5624B7B5-B5A7-41D8-9F10-CC5611109619}.Release|Any CPU.ActiveCfg = Release|Any CPU
		{5624B7B5-B5A7-41D8-9F10-CC5611109619}.Release|Any CPU.Build.0 = Release|Any CPU
		{5624B7B5-B5A7-41D8-9F10-CC5611109619}.Release|Mixed Platforms.ActiveCfg = Release|Any CPU
		{5624B7B5-B5A7-41D8-9F10-CC5611109619}.Release|Mixed Platforms.Build.0 = Release|Any CPU
		{5624B7B5-B5A7-41D8-9F10-CC5611109619}.Release|Win32.ActiveCfg = Release|Any CPU
		{5624B7B5-B5A7-41D8-9F10-CC5611109619}.Release|x64.ActiveCfg = Release|Any CPU
		{5624B7B5-B5A7-41D8-9F10-CC5611109619}.Release|x86.ActiveCfg = Release|Any CPU
		{5624B7B5-B5A7-41D8-9F10-CC5611109619}.Release|x86.Build.0 = Release|Any CPU
		{5624B7B5-B5A7-41D8-9F10-CC5611109619}.Signed|Any CPU.ActiveCfg = Release Mono|Any CPU
		{5624B7B5-B5A7-41D8-9F10-CC5611109619}.Signed|Any CPU.Build.0 = Release Mono|Any CPU
		{5624B7B5-B5A7-41D8-9F10-CC5611109619}.Signed|Mixed Platforms.ActiveCfg = Release Mono|Any CPU
		{5624B7B5-B5A7-41D8-9F10-CC5611109619}.Signed|Mixed Platforms.Build.0 = Release Mono|Any CPU
		{5624B7B5-B5A7-41D8-9F10-CC5611109619}.Signed|Win32.ActiveCfg = Release Mono|Any CPU
		{5624B7B5-B5A7-41D8-9F10-CC5611109619}.Signed|Win32.Build.0 = Release Mono|Any CPU
		{5624B7B5-B5A7-41D8-9F10-CC5611109619}.Signed|x64.ActiveCfg = Release Mono|Any CPU
		{5624B7B5-B5A7-41D8-9F10-CC5611109619}.Signed|x64.Build.0 = Release Mono|Any CPU
		{5624B7B5-B5A7-41D8-9F10-CC5611109619}.Signed|x86.ActiveCfg = Release Mono|Any CPU
		{5624B7B5-B5A7-41D8-9F10-CC5611109619}.Signed|x86.Build.0 = Release Mono|Any CPU
		{2E781478-814D-4A48-9D80-BFF206441A65}.Debug|Any CPU.ActiveCfg = Debug|Any CPU
		{2E781478-814D-4A48-9D80-BFF206441A65}.Debug|Any CPU.Build.0 = Debug|Any CPU
		{2E781478-814D-4A48-9D80-BFF206441A65}.Debug|Mixed Platforms.ActiveCfg = Debug|Any CPU
		{2E781478-814D-4A48-9D80-BFF206441A65}.Debug|Mixed Platforms.Build.0 = Debug|Any CPU
		{2E781478-814D-4A48-9D80-BFF206441A65}.Debug|Win32.ActiveCfg = Debug|Any CPU
		{2E781478-814D-4A48-9D80-BFF206441A65}.Debug|x64.ActiveCfg = Debug|Any CPU
		{2E781478-814D-4A48-9D80-BFF206441A65}.Debug|x86.ActiveCfg = Debug|Any CPU
		{2E781478-814D-4A48-9D80-BFF206441A65}.Release Mono|Any CPU.ActiveCfg = Release|Any CPU
		{2E781478-814D-4A48-9D80-BFF206441A65}.Release Mono|Any CPU.Build.0 = Release|Any CPU
		{2E781478-814D-4A48-9D80-BFF206441A65}.Release Mono|Mixed Platforms.ActiveCfg = Release Mono|Any CPU
		{2E781478-814D-4A48-9D80-BFF206441A65}.Release Mono|Mixed Platforms.Build.0 = Release Mono|Any CPU
		{2E781478-814D-4A48-9D80-BFF206441A65}.Release Mono|Win32.ActiveCfg = Release Mono|Any CPU
		{2E781478-814D-4A48-9D80-BFF206441A65}.Release Mono|x64.ActiveCfg = Release Mono|Any CPU
		{2E781478-814D-4A48-9D80-BFF206441A65}.Release Mono|x86.ActiveCfg = Release Mono|Any CPU
		{2E781478-814D-4A48-9D80-BFF206441A65}.Release|Any CPU.ActiveCfg = Release|Any CPU
		{2E781478-814D-4A48-9D80-BFF206441A65}.Release|Any CPU.Build.0 = Release|Any CPU
		{2E781478-814D-4A48-9D80-BFF206441A65}.Release|Mixed Platforms.ActiveCfg = Release|Any CPU
		{2E781478-814D-4A48-9D80-BFF206441A65}.Release|Mixed Platforms.Build.0 = Release|Any CPU
		{2E781478-814D-4A48-9D80-BFF206441A65}.Release|Win32.ActiveCfg = Release|Any CPU
		{2E781478-814D-4A48-9D80-BFF206441A65}.Release|x64.ActiveCfg = Release|Any CPU
		{2E781478-814D-4A48-9D80-BFF206441A65}.Release|x86.ActiveCfg = Release|Any CPU
		{2E781478-814D-4A48-9D80-BFF206441A65}.Signed|Any CPU.ActiveCfg = Release Mono|Any CPU
		{2E781478-814D-4A48-9D80-BFF206441A65}.Signed|Any CPU.Build.0 = Release Mono|Any CPU
		{2E781478-814D-4A48-9D80-BFF206441A65}.Signed|Mixed Platforms.ActiveCfg = Release Mono|Any CPU
		{2E781478-814D-4A48-9D80-BFF206441A65}.Signed|Mixed Platforms.Build.0 = Release Mono|Any CPU
		{2E781478-814D-4A48-9D80-BFF206441A65}.Signed|Win32.ActiveCfg = Release Mono|Any CPU
		{2E781478-814D-4A48-9D80-BFF206441A65}.Signed|Win32.Build.0 = Release Mono|Any CPU
		{2E781478-814D-4A48-9D80-BFF206441A65}.Signed|x64.ActiveCfg = Release Mono|Any CPU
		{2E781478-814D-4A48-9D80-BFF206441A65}.Signed|x64.Build.0 = Release Mono|Any CPU
		{2E781478-814D-4A48-9D80-BFF206441A65}.Signed|x86.ActiveCfg = Release Mono|Any CPU
		{2E781478-814D-4A48-9D80-BFF206441A65}.Signed|x86.Build.0 = Release Mono|Any CPU
		{E22BFD35-0FCD-4A85-978A-C22DCD73A081}.Debug|Any CPU.ActiveCfg = Debug|Any CPU
		{E22BFD35-0FCD-4A85-978A-C22DCD73A081}.Debug|Any CPU.Build.0 = Debug|Any CPU
		{E22BFD35-0FCD-4A85-978A-C22DCD73A081}.Debug|Mixed Platforms.ActiveCfg = Debug|Any CPU
		{E22BFD35-0FCD-4A85-978A-C22DCD73A081}.Debug|Mixed Platforms.Build.0 = Debug|Any CPU
		{E22BFD35-0FCD-4A85-978A-C22DCD73A081}.Debug|Win32.ActiveCfg = Debug|Any CPU
		{E22BFD35-0FCD-4A85-978A-C22DCD73A081}.Debug|x64.ActiveCfg = Debug|Any CPU
		{E22BFD35-0FCD-4A85-978A-C22DCD73A081}.Debug|x86.ActiveCfg = Debug|Any CPU
		{E22BFD35-0FCD-4A85-978A-C22DCD73A081}.Release Mono|Any CPU.ActiveCfg = Release|Any CPU
		{E22BFD35-0FCD-4A85-978A-C22DCD73A081}.Release Mono|Any CPU.Build.0 = Release|Any CPU
		{E22BFD35-0FCD-4A85-978A-C22DCD73A081}.Release Mono|Mixed Platforms.ActiveCfg = Release|Any CPU
		{E22BFD35-0FCD-4A85-978A-C22DCD73A081}.Release Mono|Mixed Platforms.Build.0 = Release|Any CPU
		{E22BFD35-0FCD-4A85-978A-C22DCD73A081}.Release Mono|Win32.ActiveCfg = Release|Any CPU
		{E22BFD35-0FCD-4A85-978A-C22DCD73A081}.Release Mono|x64.ActiveCfg = Release|Any CPU
		{E22BFD35-0FCD-4A85-978A-C22DCD73A081}.Release Mono|x86.ActiveCfg = Release|Any CPU
		{E22BFD35-0FCD-4A85-978A-C22DCD73A081}.Release|Any CPU.ActiveCfg = Release|Any CPU
		{E22BFD35-0FCD-4A85-978A-C22DCD73A081}.Release|Any CPU.Build.0 = Release|Any CPU
		{E22BFD35-0FCD-4A85-978A-C22DCD73A081}.Release|Mixed Platforms.ActiveCfg = Release|Any CPU
		{E22BFD35-0FCD-4A85-978A-C22DCD73A081}.Release|Mixed Platforms.Build.0 = Release|Any CPU
		{E22BFD35-0FCD-4A85-978A-C22DCD73A081}.Release|Win32.ActiveCfg = Release|Any CPU
		{E22BFD35-0FCD-4A85-978A-C22DCD73A081}.Release|x64.ActiveCfg = Release|Any CPU
		{E22BFD35-0FCD-4A85-978A-C22DCD73A081}.Release|x86.ActiveCfg = Release|Any CPU
		{E22BFD35-0FCD-4A85-978A-C22DCD73A081}.Signed|Any CPU.ActiveCfg = Release|Any CPU
		{E22BFD35-0FCD-4A85-978A-C22DCD73A081}.Signed|Any CPU.Build.0 = Release|Any CPU
		{E22BFD35-0FCD-4A85-978A-C22DCD73A081}.Signed|Mixed Platforms.ActiveCfg = Release|Any CPU
		{E22BFD35-0FCD-4A85-978A-C22DCD73A081}.Signed|Mixed Platforms.Build.0 = Release|Any CPU
		{E22BFD35-0FCD-4A85-978A-C22DCD73A081}.Signed|Win32.ActiveCfg = Release|Any CPU
		{E22BFD35-0FCD-4A85-978A-C22DCD73A081}.Signed|Win32.Build.0 = Release|Any CPU
		{E22BFD35-0FCD-4A85-978A-C22DCD73A081}.Signed|x64.ActiveCfg = Release|Any CPU
		{E22BFD35-0FCD-4A85-978A-C22DCD73A081}.Signed|x64.Build.0 = Release|Any CPU
		{E22BFD35-0FCD-4A85-978A-C22DCD73A081}.Signed|x86.ActiveCfg = Release|Any CPU
		{E22BFD35-0FCD-4A85-978A-C22DCD73A081}.Signed|x86.Build.0 = Release|Any CPU
		{442B5058-DCAF-4263-BB6A-F21E31120A1B}.Debug|Any CPU.ActiveCfg = Debug|Any CPU
		{442B5058-DCAF-4263-BB6A-F21E31120A1B}.Debug|Any CPU.Build.0 = Debug|Any CPU
		{442B5058-DCAF-4263-BB6A-F21E31120A1B}.Debug|Mixed Platforms.ActiveCfg = Debug|Any CPU
		{442B5058-DCAF-4263-BB6A-F21E31120A1B}.Debug|Mixed Platforms.Build.0 = Debug|Any CPU
		{442B5058-DCAF-4263-BB6A-F21E31120A1B}.Debug|Win32.ActiveCfg = Debug|Any CPU
		{442B5058-DCAF-4263-BB6A-F21E31120A1B}.Debug|x64.ActiveCfg = Debug|Any CPU
		{442B5058-DCAF-4263-BB6A-F21E31120A1B}.Debug|x86.ActiveCfg = Debug|Any CPU
		{442B5058-DCAF-4263-BB6A-F21E31120A1B}.Release Mono|Any CPU.ActiveCfg = Release|Any CPU
		{442B5058-DCAF-4263-BB6A-F21E31120A1B}.Release Mono|Any CPU.Build.0 = Release|Any CPU
		{442B5058-DCAF-4263-BB6A-F21E31120A1B}.Release Mono|Mixed Platforms.ActiveCfg = Release Mono|Any CPU
		{442B5058-DCAF-4263-BB6A-F21E31120A1B}.Release Mono|Mixed Platforms.Build.0 = Release Mono|Any CPU
		{442B5058-DCAF-4263-BB6A-F21E31120A1B}.Release Mono|Win32.ActiveCfg = Release Mono|Any CPU
		{442B5058-DCAF-4263-BB6A-F21E31120A1B}.Release Mono|x64.ActiveCfg = Release Mono|Any CPU
		{442B5058-DCAF-4263-BB6A-F21E31120A1B}.Release Mono|x86.ActiveCfg = Release Mono|Any CPU
		{442B5058-DCAF-4263-BB6A-F21E31120A1B}.Release|Any CPU.ActiveCfg = Release|Any CPU
		{442B5058-DCAF-4263-BB6A-F21E31120A1B}.Release|Any CPU.Build.0 = Release|Any CPU
		{442B5058-DCAF-4263-BB6A-F21E31120A1B}.Release|Mixed Platforms.ActiveCfg = Release|Any CPU
		{442B5058-DCAF-4263-BB6A-F21E31120A1B}.Release|Mixed Platforms.Build.0 = Release|Any CPU
		{442B5058-DCAF-4263-BB6A-F21E31120A1B}.Release|Win32.ActiveCfg = Release|Any CPU
		{442B5058-DCAF-4263-BB6A-F21E31120A1B}.Release|x64.ActiveCfg = Release|Any CPU
		{442B5058-DCAF-4263-BB6A-F21E31120A1B}.Release|x86.ActiveCfg = Release|Any CPU
		{442B5058-DCAF-4263-BB6A-F21E31120A1B}.Signed|Any CPU.ActiveCfg = Release Mono|Any CPU
		{442B5058-DCAF-4263-BB6A-F21E31120A1B}.Signed|Any CPU.Build.0 = Release Mono|Any CPU
		{442B5058-DCAF-4263-BB6A-F21E31120A1B}.Signed|Mixed Platforms.ActiveCfg = Release Mono|Any CPU
		{442B5058-DCAF-4263-BB6A-F21E31120A1B}.Signed|Mixed Platforms.Build.0 = Release Mono|Any CPU
		{442B5058-DCAF-4263-BB6A-F21E31120A1B}.Signed|Win32.ActiveCfg = Release Mono|Any CPU
		{442B5058-DCAF-4263-BB6A-F21E31120A1B}.Signed|Win32.Build.0 = Release Mono|Any CPU
		{442B5058-DCAF-4263-BB6A-F21E31120A1B}.Signed|x64.ActiveCfg = Release Mono|Any CPU
		{442B5058-DCAF-4263-BB6A-F21E31120A1B}.Signed|x64.Build.0 = Release Mono|Any CPU
		{442B5058-DCAF-4263-BB6A-F21E31120A1B}.Signed|x86.ActiveCfg = Release Mono|Any CPU
		{442B5058-DCAF-4263-BB6A-F21E31120A1B}.Signed|x86.Build.0 = Release Mono|Any CPU
		{94ADE4D3-B7EC-45CD-A200-CC469433072B}.Debug|Any CPU.ActiveCfg = Debug|Any CPU
		{94ADE4D3-B7EC-45CD-A200-CC469433072B}.Debug|Any CPU.Build.0 = Debug|Any CPU
		{94ADE4D3-B7EC-45CD-A200-CC469433072B}.Debug|Mixed Platforms.ActiveCfg = Debug|Any CPU
		{94ADE4D3-B7EC-45CD-A200-CC469433072B}.Debug|Mixed Platforms.Build.0 = Debug|Any CPU
		{94ADE4D3-B7EC-45CD-A200-CC469433072B}.Debug|Win32.ActiveCfg = Debug|Any CPU
		{94ADE4D3-B7EC-45CD-A200-CC469433072B}.Debug|x64.ActiveCfg = Debug|Any CPU
		{94ADE4D3-B7EC-45CD-A200-CC469433072B}.Debug|x86.ActiveCfg = Debug|Any CPU
		{94ADE4D3-B7EC-45CD-A200-CC469433072B}.Release Mono|Any CPU.ActiveCfg = Release|Any CPU
		{94ADE4D3-B7EC-45CD-A200-CC469433072B}.Release Mono|Mixed Platforms.ActiveCfg = Release|x86
		{94ADE4D3-B7EC-45CD-A200-CC469433072B}.Release Mono|Mixed Platforms.Build.0 = Release|x86
		{94ADE4D3-B7EC-45CD-A200-CC469433072B}.Release Mono|Win32.ActiveCfg = Release|x86
		{94ADE4D3-B7EC-45CD-A200-CC469433072B}.Release Mono|Win32.Build.0 = Release|x86
		{94ADE4D3-B7EC-45CD-A200-CC469433072B}.Release Mono|x64.ActiveCfg = Release|Any CPU
		{94ADE4D3-B7EC-45CD-A200-CC469433072B}.Release Mono|x86.ActiveCfg = Release|x86
		{94ADE4D3-B7EC-45CD-A200-CC469433072B}.Release Mono|x86.Build.0 = Release|x86
		{94ADE4D3-B7EC-45CD-A200-CC469433072B}.Release|Any CPU.ActiveCfg = Release|Any CPU
		{94ADE4D3-B7EC-45CD-A200-CC469433072B}.Release|Any CPU.Build.0 = Release|Any CPU
		{94ADE4D3-B7EC-45CD-A200-CC469433072B}.Release|Mixed Platforms.ActiveCfg = Release|Any CPU
		{94ADE4D3-B7EC-45CD-A200-CC469433072B}.Release|Mixed Platforms.Build.0 = Release|Any CPU
		{94ADE4D3-B7EC-45CD-A200-CC469433072B}.Release|Win32.ActiveCfg = Release|Any CPU
		{94ADE4D3-B7EC-45CD-A200-CC469433072B}.Release|x64.ActiveCfg = Release|Any CPU
		{94ADE4D3-B7EC-45CD-A200-CC469433072B}.Release|x86.ActiveCfg = Release|Any CPU
		{94ADE4D3-B7EC-45CD-A200-CC469433072B}.Signed|Any CPU.ActiveCfg = Release|Any CPU
		{94ADE4D3-B7EC-45CD-A200-CC469433072B}.Signed|Any CPU.Build.0 = Release|Any CPU
		{94ADE4D3-B7EC-45CD-A200-CC469433072B}.Signed|Mixed Platforms.ActiveCfg = Debug|x86
		{94ADE4D3-B7EC-45CD-A200-CC469433072B}.Signed|Mixed Platforms.Build.0 = Debug|x86
		{94ADE4D3-B7EC-45CD-A200-CC469433072B}.Signed|Win32.ActiveCfg = Debug|x86
		{94ADE4D3-B7EC-45CD-A200-CC469433072B}.Signed|Win32.Build.0 = Debug|x86
		{94ADE4D3-B7EC-45CD-A200-CC469433072B}.Signed|x64.ActiveCfg = Release|Any CPU
		{94ADE4D3-B7EC-45CD-A200-CC469433072B}.Signed|x64.Build.0 = Release|Any CPU
		{94ADE4D3-B7EC-45CD-A200-CC469433072B}.Signed|x86.ActiveCfg = Debug|x86
		{94ADE4D3-B7EC-45CD-A200-CC469433072B}.Signed|x86.Build.0 = Debug|x86
		{0BD82FA6-EB8A-4452-8AF5-74F9C3849451}.Debug|Any CPU.ActiveCfg = Debug|Any CPU
		{0BD82FA6-EB8A-4452-8AF5-74F9C3849451}.Debug|Any CPU.Build.0 = Debug|Any CPU
		{0BD82FA6-EB8A-4452-8AF5-74F9C3849451}.Debug|Mixed Platforms.ActiveCfg = Debug|Any CPU
		{0BD82FA6-EB8A-4452-8AF5-74F9C3849451}.Debug|Mixed Platforms.Build.0 = Debug|Any CPU
		{0BD82FA6-EB8A-4452-8AF5-74F9C3849451}.Debug|Win32.ActiveCfg = Debug|Any CPU
		{0BD82FA6-EB8A-4452-8AF5-74F9C3849451}.Debug|x64.ActiveCfg = Debug|Any CPU
		{0BD82FA6-EB8A-4452-8AF5-74F9C3849451}.Debug|x86.ActiveCfg = Debug|Any CPU
		{0BD82FA6-EB8A-4452-8AF5-74F9C3849451}.Release Mono|Any CPU.ActiveCfg = Release|Any CPU
		{0BD82FA6-EB8A-4452-8AF5-74F9C3849451}.Release Mono|Any CPU.Build.0 = Release|Any CPU
		{0BD82FA6-EB8A-4452-8AF5-74F9C3849451}.Release Mono|Mixed Platforms.ActiveCfg = Release Mono|Any CPU
		{0BD82FA6-EB8A-4452-8AF5-74F9C3849451}.Release Mono|Mixed Platforms.Build.0 = Release Mono|Any CPU
		{0BD82FA6-EB8A-4452-8AF5-74F9C3849451}.Release Mono|Win32.ActiveCfg = Release Mono|Any CPU
		{0BD82FA6-EB8A-4452-8AF5-74F9C3849451}.Release Mono|x64.ActiveCfg = Release Mono|Any CPU
		{0BD82FA6-EB8A-4452-8AF5-74F9C3849451}.Release Mono|x86.ActiveCfg = Release Mono|Any CPU
		{0BD82FA6-EB8A-4452-8AF5-74F9C3849451}.Release|Any CPU.ActiveCfg = Release|Any CPU
		{0BD82FA6-EB8A-4452-8AF5-74F9C3849451}.Release|Any CPU.Build.0 = Release|Any CPU
		{0BD82FA6-EB8A-4452-8AF5-74F9C3849451}.Release|Mixed Platforms.ActiveCfg = Release|Any CPU
		{0BD82FA6-EB8A-4452-8AF5-74F9C3849451}.Release|Mixed Platforms.Build.0 = Release|Any CPU
		{0BD82FA6-EB8A-4452-8AF5-74F9C3849451}.Release|Win32.ActiveCfg = Release|Any CPU
		{0BD82FA6-EB8A-4452-8AF5-74F9C3849451}.Release|x64.ActiveCfg = Release|Any CPU
		{0BD82FA6-EB8A-4452-8AF5-74F9C3849451}.Release|x86.ActiveCfg = Release|Any CPU
		{0BD82FA6-EB8A-4452-8AF5-74F9C3849451}.Signed|Any CPU.ActiveCfg = Release Mono|Any CPU
		{0BD82FA6-EB8A-4452-8AF5-74F9C3849451}.Signed|Any CPU.Build.0 = Release Mono|Any CPU
		{0BD82FA6-EB8A-4452-8AF5-74F9C3849451}.Signed|Mixed Platforms.ActiveCfg = Release Mono|Any CPU
		{0BD82FA6-EB8A-4452-8AF5-74F9C3849451}.Signed|Mixed Platforms.Build.0 = Release Mono|Any CPU
		{0BD82FA6-EB8A-4452-8AF5-74F9C3849451}.Signed|Win32.ActiveCfg = Release Mono|Any CPU
		{0BD82FA6-EB8A-4452-8AF5-74F9C3849451}.Signed|Win32.Build.0 = Release Mono|Any CPU
		{0BD82FA6-EB8A-4452-8AF5-74F9C3849451}.Signed|x64.ActiveCfg = Release Mono|Any CPU
		{0BD82FA6-EB8A-4452-8AF5-74F9C3849451}.Signed|x64.Build.0 = Release Mono|Any CPU
		{0BD82FA6-EB8A-4452-8AF5-74F9C3849451}.Signed|x86.ActiveCfg = Release Mono|Any CPU
		{0BD82FA6-EB8A-4452-8AF5-74F9C3849451}.Signed|x86.Build.0 = Release Mono|Any CPU
		{4A4402D4-E910-443B-B8FC-2C18286A2CA0}.Debug|Any CPU.ActiveCfg = Debug|Any CPU
		{4A4402D4-E910-443B-B8FC-2C18286A2CA0}.Debug|Any CPU.Build.0 = Debug|Any CPU
		{4A4402D4-E910-443B-B8FC-2C18286A2CA0}.Debug|Mixed Platforms.ActiveCfg = Debug|Any CPU
		{4A4402D4-E910-443B-B8FC-2C18286A2CA0}.Debug|Mixed Platforms.Build.0 = Debug|Any CPU
		{4A4402D4-E910-443B-B8FC-2C18286A2CA0}.Debug|Win32.ActiveCfg = Debug|Any CPU
		{4A4402D4-E910-443B-B8FC-2C18286A2CA0}.Debug|x64.ActiveCfg = Debug|Any CPU
		{4A4402D4-E910-443B-B8FC-2C18286A2CA0}.Debug|x86.ActiveCfg = Debug|Any CPU
		{4A4402D4-E910-443B-B8FC-2C18286A2CA0}.Release Mono|Any CPU.ActiveCfg = Release|Any CPU
		{4A4402D4-E910-443B-B8FC-2C18286A2CA0}.Release Mono|Any CPU.Build.0 = Release|Any CPU
		{4A4402D4-E910-443B-B8FC-2C18286A2CA0}.Release Mono|Mixed Platforms.ActiveCfg = Release Mono|Any CPU
		{4A4402D4-E910-443B-B8FC-2C18286A2CA0}.Release Mono|Mixed Platforms.Build.0 = Release Mono|Any CPU
		{4A4402D4-E910-443B-B8FC-2C18286A2CA0}.Release Mono|Win32.ActiveCfg = Release Mono|Any CPU
		{4A4402D4-E910-443B-B8FC-2C18286A2CA0}.Release Mono|x64.ActiveCfg = Release Mono|Any CPU
		{4A4402D4-E910-443B-B8FC-2C18286A2CA0}.Release Mono|x86.ActiveCfg = Release Mono|Any CPU
		{4A4402D4-E910-443B-B8FC-2C18286A2CA0}.Release|Any CPU.ActiveCfg = Release|Any CPU
		{4A4402D4-E910-443B-B8FC-2C18286A2CA0}.Release|Any CPU.Build.0 = Release|Any CPU
		{4A4402D4-E910-443B-B8FC-2C18286A2CA0}.Release|Mixed Platforms.ActiveCfg = Release|Any CPU
		{4A4402D4-E910-443B-B8FC-2C18286A2CA0}.Release|Mixed Platforms.Build.0 = Release|Any CPU
		{4A4402D4-E910-443B-B8FC-2C18286A2CA0}.Release|Win32.ActiveCfg = Release|Any CPU
		{4A4402D4-E910-443B-B8FC-2C18286A2CA0}.Release|x64.ActiveCfg = Release|Any CPU
		{4A4402D4-E910-443B-B8FC-2C18286A2CA0}.Release|x86.ActiveCfg = Release|Any CPU
		{4A4402D4-E910-443B-B8FC-2C18286A2CA0}.Signed|Any CPU.ActiveCfg = Release Mono|Any CPU
		{4A4402D4-E910-443B-B8FC-2C18286A2CA0}.Signed|Any CPU.Build.0 = Release Mono|Any CPU
		{4A4402D4-E910-443B-B8FC-2C18286A2CA0}.Signed|Mixed Platforms.ActiveCfg = Release Mono|Any CPU
		{4A4402D4-E910-443B-B8FC-2C18286A2CA0}.Signed|Mixed Platforms.Build.0 = Release Mono|Any CPU
		{4A4402D4-E910-443B-B8FC-2C18286A2CA0}.Signed|Win32.ActiveCfg = Release Mono|Any CPU
		{4A4402D4-E910-443B-B8FC-2C18286A2CA0}.Signed|Win32.Build.0 = Release Mono|Any CPU
		{4A4402D4-E910-443B-B8FC-2C18286A2CA0}.Signed|x64.ActiveCfg = Release Mono|Any CPU
		{4A4402D4-E910-443B-B8FC-2C18286A2CA0}.Signed|x64.Build.0 = Release Mono|Any CPU
		{4A4402D4-E910-443B-B8FC-2C18286A2CA0}.Signed|x86.ActiveCfg = Release Mono|Any CPU
		{4A4402D4-E910-443B-B8FC-2C18286A2CA0}.Signed|x86.Build.0 = Release Mono|Any CPU
		{23499896-B135-4527-8574-C26E926EA99E}.Debug|Any CPU.ActiveCfg = Debug|Any CPU
		{23499896-B135-4527-8574-C26E926EA99E}.Debug|Any CPU.Build.0 = Debug|Any CPU
		{23499896-B135-4527-8574-C26E926EA99E}.Debug|Mixed Platforms.ActiveCfg = Debug|Any CPU
		{23499896-B135-4527-8574-C26E926EA99E}.Debug|Mixed Platforms.Build.0 = Debug|Any CPU
		{23499896-B135-4527-8574-C26E926EA99E}.Debug|Win32.ActiveCfg = Debug|Any CPU
		{23499896-B135-4527-8574-C26E926EA99E}.Debug|x64.ActiveCfg = Debug|Any CPU
		{23499896-B135-4527-8574-C26E926EA99E}.Debug|x86.ActiveCfg = Debug|Any CPU
		{23499896-B135-4527-8574-C26E926EA99E}.Release Mono|Any CPU.ActiveCfg = Release|Any CPU
		{23499896-B135-4527-8574-C26E926EA99E}.Release Mono|Any CPU.Build.0 = Release|Any CPU
		{23499896-B135-4527-8574-C26E926EA99E}.Release Mono|Mixed Platforms.ActiveCfg = Release|Any CPU
		{23499896-B135-4527-8574-C26E926EA99E}.Release Mono|Mixed Platforms.Build.0 = Release|Any CPU
		{23499896-B135-4527-8574-C26E926EA99E}.Release Mono|Win32.ActiveCfg = Release|Any CPU
		{23499896-B135-4527-8574-C26E926EA99E}.Release Mono|x64.ActiveCfg = Release|Any CPU
		{23499896-B135-4527-8574-C26E926EA99E}.Release Mono|x86.ActiveCfg = Release|Any CPU
		{23499896-B135-4527-8574-C26E926EA99E}.Release|Any CPU.ActiveCfg = Release|Any CPU
		{23499896-B135-4527-8574-C26E926EA99E}.Release|Any CPU.Build.0 = Release|Any CPU
		{23499896-B135-4527-8574-C26E926EA99E}.Release|Mixed Platforms.ActiveCfg = Release|Any CPU
		{23499896-B135-4527-8574-C26E926EA99E}.Release|Mixed Platforms.Build.0 = Release|Any CPU
		{23499896-B135-4527-8574-C26E926EA99E}.Release|Win32.ActiveCfg = Release|Any CPU
		{23499896-B135-4527-8574-C26E926EA99E}.Release|x64.ActiveCfg = Release|Any CPU
		{23499896-B135-4527-8574-C26E926EA99E}.Release|x86.ActiveCfg = Release|Any CPU
		{23499896-B135-4527-8574-C26E926EA99E}.Signed|Any CPU.ActiveCfg = Release|Any CPU
		{23499896-B135-4527-8574-C26E926EA99E}.Signed|Any CPU.Build.0 = Release|Any CPU
		{23499896-B135-4527-8574-C26E926EA99E}.Signed|Mixed Platforms.ActiveCfg = Release|Any CPU
		{23499896-B135-4527-8574-C26E926EA99E}.Signed|Mixed Platforms.Build.0 = Release|Any CPU
		{23499896-B135-4527-8574-C26E926EA99E}.Signed|Win32.ActiveCfg = Release|Any CPU
		{23499896-B135-4527-8574-C26E926EA99E}.Signed|Win32.Build.0 = Release|Any CPU
		{23499896-B135-4527-8574-C26E926EA99E}.Signed|x64.ActiveCfg = Release|Any CPU
		{23499896-B135-4527-8574-C26E926EA99E}.Signed|x64.Build.0 = Release|Any CPU
		{23499896-B135-4527-8574-C26E926EA99E}.Signed|x86.ActiveCfg = Release|Any CPU
		{23499896-B135-4527-8574-C26E926EA99E}.Signed|x86.Build.0 = Release|Any CPU
		{7EF9F3E0-697D-42F3-A08F-19DEB5F84392}.Debug|Any CPU.ActiveCfg = Debug|Any CPU
		{7EF9F3E0-697D-42F3-A08F-19DEB5F84392}.Debug|Any CPU.Build.0 = Debug|Any CPU
		{7EF9F3E0-697D-42F3-A08F-19DEB5F84392}.Debug|Mixed Platforms.ActiveCfg = Debug|Any CPU
		{7EF9F3E0-697D-42F3-A08F-19DEB5F84392}.Debug|Mixed Platforms.Build.0 = Debug|Any CPU
		{7EF9F3E0-697D-42F3-A08F-19DEB5F84392}.Debug|Win32.ActiveCfg = Debug|Any CPU
		{7EF9F3E0-697D-42F3-A08F-19DEB5F84392}.Debug|x64.ActiveCfg = Debug|Any CPU
		{7EF9F3E0-697D-42F3-A08F-19DEB5F84392}.Debug|x86.ActiveCfg = Debug|Any CPU
		{7EF9F3E0-697D-42F3-A08F-19DEB5F84392}.Release Mono|Any CPU.ActiveCfg = Release|Any CPU
		{7EF9F3E0-697D-42F3-A08F-19DEB5F84392}.Release Mono|Any CPU.Build.0 = Release|Any CPU
		{7EF9F3E0-697D-42F3-A08F-19DEB5F84392}.Release Mono|Mixed Platforms.ActiveCfg = Release|Any CPU
		{7EF9F3E0-697D-42F3-A08F-19DEB5F84392}.Release Mono|Mixed Platforms.Build.0 = Release|Any CPU
		{7EF9F3E0-697D-42F3-A08F-19DEB5F84392}.Release Mono|Win32.ActiveCfg = Release|Any CPU
		{7EF9F3E0-697D-42F3-A08F-19DEB5F84392}.Release Mono|x64.ActiveCfg = Release|Any CPU
		{7EF9F3E0-697D-42F3-A08F-19DEB5F84392}.Release Mono|x86.ActiveCfg = Release|Any CPU
		{7EF9F3E0-697D-42F3-A08F-19DEB5F84392}.Release|Any CPU.ActiveCfg = Release|Any CPU
		{7EF9F3E0-697D-42F3-A08F-19DEB5F84392}.Release|Any CPU.Build.0 = Release|Any CPU
		{7EF9F3E0-697D-42F3-A08F-19DEB5F84392}.Release|Mixed Platforms.ActiveCfg = Release|Any CPU
		{7EF9F3E0-697D-42F3-A08F-19DEB5F84392}.Release|Mixed Platforms.Build.0 = Release|Any CPU
		{7EF9F3E0-697D-42F3-A08F-19DEB5F84392}.Release|Win32.ActiveCfg = Release|Any CPU
		{7EF9F3E0-697D-42F3-A08F-19DEB5F84392}.Release|x64.ActiveCfg = Release|Any CPU
		{7EF9F3E0-697D-42F3-A08F-19DEB5F84392}.Release|x86.ActiveCfg = Release|Any CPU
		{7EF9F3E0-697D-42F3-A08F-19DEB5F84392}.Signed|Any CPU.ActiveCfg = Release|Any CPU
		{7EF9F3E0-697D-42F3-A08F-19DEB5F84392}.Signed|Any CPU.Build.0 = Release|Any CPU
		{7EF9F3E0-697D-42F3-A08F-19DEB5F84392}.Signed|Mixed Platforms.ActiveCfg = Release|Any CPU
		{7EF9F3E0-697D-42F3-A08F-19DEB5F84392}.Signed|Mixed Platforms.Build.0 = Release|Any CPU
		{7EF9F3E0-697D-42F3-A08F-19DEB5F84392}.Signed|Win32.ActiveCfg = Release|Any CPU
		{7EF9F3E0-697D-42F3-A08F-19DEB5F84392}.Signed|Win32.Build.0 = Release|Any CPU
		{7EF9F3E0-697D-42F3-A08F-19DEB5F84392}.Signed|x64.ActiveCfg = Release|Any CPU
		{7EF9F3E0-697D-42F3-A08F-19DEB5F84392}.Signed|x64.Build.0 = Release|Any CPU
		{7EF9F3E0-697D-42F3-A08F-19DEB5F84392}.Signed|x86.ActiveCfg = Release|Any CPU
		{7EF9F3E0-697D-42F3-A08F-19DEB5F84392}.Signed|x86.Build.0 = Release|Any CPU
		{175A9388-F352-4586-A6B4-070DED62B644}.Debug|Any CPU.ActiveCfg = Debug|x86
		{175A9388-F352-4586-A6B4-070DED62B644}.Debug|Any CPU.Build.0 = Debug|x86
		{175A9388-F352-4586-A6B4-070DED62B644}.Debug|Mixed Platforms.ActiveCfg = Debug|x86
		{175A9388-F352-4586-A6B4-070DED62B644}.Debug|Mixed Platforms.Build.0 = Debug|x86
		{175A9388-F352-4586-A6B4-070DED62B644}.Debug|Win32.ActiveCfg = Debug|x86
		{175A9388-F352-4586-A6B4-070DED62B644}.Debug|Win32.Build.0 = Debug|x86
		{175A9388-F352-4586-A6B4-070DED62B644}.Debug|x64.ActiveCfg = Debug|Any CPU
		{175A9388-F352-4586-A6B4-070DED62B644}.Debug|x86.ActiveCfg = Debug|x86
		{175A9388-F352-4586-A6B4-070DED62B644}.Debug|x86.Build.0 = Debug|x86
		{175A9388-F352-4586-A6B4-070DED62B644}.Release Mono|Any CPU.ActiveCfg = Release Mono|Any CPU
		{175A9388-F352-4586-A6B4-070DED62B644}.Release Mono|Any CPU.Build.0 = Release Mono|Any CPU
		{175A9388-F352-4586-A6B4-070DED62B644}.Release Mono|Mixed Platforms.ActiveCfg = Release Mono|x86
		{175A9388-F352-4586-A6B4-070DED62B644}.Release Mono|Mixed Platforms.Build.0 = Release Mono|x86
		{175A9388-F352-4586-A6B4-070DED62B644}.Release Mono|Win32.ActiveCfg = Release Mono|x86
		{175A9388-F352-4586-A6B4-070DED62B644}.Release Mono|Win32.Build.0 = Release Mono|x86
		{175A9388-F352-4586-A6B4-070DED62B644}.Release Mono|x64.ActiveCfg = Release Mono|Any CPU
		{175A9388-F352-4586-A6B4-070DED62B644}.Release Mono|x86.ActiveCfg = Release Mono|x86
		{175A9388-F352-4586-A6B4-070DED62B644}.Release Mono|x86.Build.0 = Release Mono|x86
		{175A9388-F352-4586-A6B4-070DED62B644}.Release|Any CPU.ActiveCfg = Release|Any CPU
		{175A9388-F352-4586-A6B4-070DED62B644}.Release|Mixed Platforms.ActiveCfg = Release|x86
		{175A9388-F352-4586-A6B4-070DED62B644}.Release|Mixed Platforms.Build.0 = Release|x86
		{175A9388-F352-4586-A6B4-070DED62B644}.Release|Win32.ActiveCfg = Release|x86
		{175A9388-F352-4586-A6B4-070DED62B644}.Release|Win32.Build.0 = Release|x86
		{175A9388-F352-4586-A6B4-070DED62B644}.Release|x64.ActiveCfg = Release|Any CPU
		{175A9388-F352-4586-A6B4-070DED62B644}.Release|x86.ActiveCfg = Release|x86
		{175A9388-F352-4586-A6B4-070DED62B644}.Release|x86.Build.0 = Release|x86
		{175A9388-F352-4586-A6B4-070DED62B644}.Signed|Any CPU.ActiveCfg = Release|Any CPU
		{175A9388-F352-4586-A6B4-070DED62B644}.Signed|Any CPU.Build.0 = Release|Any CPU
		{175A9388-F352-4586-A6B4-070DED62B644}.Signed|Mixed Platforms.ActiveCfg = Release|x86
		{175A9388-F352-4586-A6B4-070DED62B644}.Signed|Mixed Platforms.Build.0 = Release|x86
		{175A9388-F352-4586-A6B4-070DED62B644}.Signed|Win32.ActiveCfg = Release|x86
		{175A9388-F352-4586-A6B4-070DED62B644}.Signed|Win32.Build.0 = Release|x86
		{175A9388-F352-4586-A6B4-070DED62B644}.Signed|x64.ActiveCfg = Release|Any CPU
		{175A9388-F352-4586-A6B4-070DED62B644}.Signed|x64.Build.0 = Release|Any CPU
		{175A9388-F352-4586-A6B4-070DED62B644}.Signed|x86.ActiveCfg = Release|x86
		{175A9388-F352-4586-A6B4-070DED62B644}.Signed|x86.Build.0 = Release|x86
		{B90AB8F2-1BFF-4568-A3FD-2A338A435A75}.Debug|Any CPU.ActiveCfg = Debug|Any CPU
		{B90AB8F2-1BFF-4568-A3FD-2A338A435A75}.Debug|Any CPU.Build.0 = Debug|Any CPU
		{B90AB8F2-1BFF-4568-A3FD-2A338A435A75}.Debug|Mixed Platforms.ActiveCfg = Debug|Any CPU
		{B90AB8F2-1BFF-4568-A3FD-2A338A435A75}.Debug|Mixed Platforms.Build.0 = Debug|Any CPU
		{B90AB8F2-1BFF-4568-A3FD-2A338A435A75}.Debug|Win32.ActiveCfg = Debug|Any CPU
		{B90AB8F2-1BFF-4568-A3FD-2A338A435A75}.Debug|x64.ActiveCfg = Debug|Any CPU
		{B90AB8F2-1BFF-4568-A3FD-2A338A435A75}.Debug|x86.ActiveCfg = Debug|Any CPU
		{B90AB8F2-1BFF-4568-A3FD-2A338A435A75}.Release Mono|Any CPU.ActiveCfg = Release|Any CPU
		{B90AB8F2-1BFF-4568-A3FD-2A338A435A75}.Release Mono|Any CPU.Build.0 = Release|Any CPU
		{B90AB8F2-1BFF-4568-A3FD-2A338A435A75}.Release Mono|Mixed Platforms.ActiveCfg = Release|Any CPU
		{B90AB8F2-1BFF-4568-A3FD-2A338A435A75}.Release Mono|Mixed Platforms.Build.0 = Release|Any CPU
		{B90AB8F2-1BFF-4568-A3FD-2A338A435A75}.Release Mono|Win32.ActiveCfg = Release|Any CPU
		{B90AB8F2-1BFF-4568-A3FD-2A338A435A75}.Release Mono|x64.ActiveCfg = Release|Any CPU
		{B90AB8F2-1BFF-4568-A3FD-2A338A435A75}.Release Mono|x86.ActiveCfg = Release|Any CPU
		{B90AB8F2-1BFF-4568-A3FD-2A338A435A75}.Release|Any CPU.ActiveCfg = Release|Any CPU
		{B90AB8F2-1BFF-4568-A3FD-2A338A435A75}.Release|Any CPU.Build.0 = Release|Any CPU
		{B90AB8F2-1BFF-4568-A3FD-2A338A435A75}.Release|Mixed Platforms.ActiveCfg = Release|Any CPU
		{B90AB8F2-1BFF-4568-A3FD-2A338A435A75}.Release|Mixed Platforms.Build.0 = Release|Any CPU
		{B90AB8F2-1BFF-4568-A3FD-2A338A435A75}.Release|Win32.ActiveCfg = Release|Any CPU
		{B90AB8F2-1BFF-4568-A3FD-2A338A435A75}.Release|x64.ActiveCfg = Release|Any CPU
		{B90AB8F2-1BFF-4568-A3FD-2A338A435A75}.Release|x86.ActiveCfg = Release|Any CPU
		{B90AB8F2-1BFF-4568-A3FD-2A338A435A75}.Signed|Any CPU.ActiveCfg = Release|Any CPU
		{B90AB8F2-1BFF-4568-A3FD-2A338A435A75}.Signed|Any CPU.Build.0 = Release|Any CPU
		{B90AB8F2-1BFF-4568-A3FD-2A338A435A75}.Signed|Mixed Platforms.ActiveCfg = Release|Any CPU
		{B90AB8F2-1BFF-4568-A3FD-2A338A435A75}.Signed|Mixed Platforms.Build.0 = Release|Any CPU
		{B90AB8F2-1BFF-4568-A3FD-2A338A435A75}.Signed|Win32.ActiveCfg = Release|Any CPU
		{B90AB8F2-1BFF-4568-A3FD-2A338A435A75}.Signed|Win32.Build.0 = Release|Any CPU
		{B90AB8F2-1BFF-4568-A3FD-2A338A435A75}.Signed|x64.ActiveCfg = Release|Any CPU
		{B90AB8F2-1BFF-4568-A3FD-2A338A435A75}.Signed|x64.Build.0 = Release|Any CPU
		{B90AB8F2-1BFF-4568-A3FD-2A338A435A75}.Signed|x86.ActiveCfg = Release|Any CPU
		{B90AB8F2-1BFF-4568-A3FD-2A338A435A75}.Signed|x86.Build.0 = Release|Any CPU
		{08FFF49B-F175-4807-A2B5-73B0EBD9F716}.Debug|Any CPU.ActiveCfg = Debug|Any CPU
		{08FFF49B-F175-4807-A2B5-73B0EBD9F716}.Debug|Any CPU.Build.0 = Debug|Any CPU
		{08FFF49B-F175-4807-A2B5-73B0EBD9F716}.Debug|Mixed Platforms.ActiveCfg = Debug|Any CPU
		{08FFF49B-F175-4807-A2B5-73B0EBD9F716}.Debug|Mixed Platforms.Build.0 = Debug|Any CPU
		{08FFF49B-F175-4807-A2B5-73B0EBD9F716}.Debug|Win32.ActiveCfg = Debug|Any CPU
		{08FFF49B-F175-4807-A2B5-73B0EBD9F716}.Debug|x64.ActiveCfg = Debug|Any CPU
		{08FFF49B-F175-4807-A2B5-73B0EBD9F716}.Debug|x86.ActiveCfg = Debug|Any CPU
		{08FFF49B-F175-4807-A2B5-73B0EBD9F716}.Release Mono|Any CPU.ActiveCfg = Release|Any CPU
		{08FFF49B-F175-4807-A2B5-73B0EBD9F716}.Release Mono|Any CPU.Build.0 = Release|Any CPU
		{08FFF49B-F175-4807-A2B5-73B0EBD9F716}.Release Mono|Mixed Platforms.ActiveCfg = Release|Any CPU
		{08FFF49B-F175-4807-A2B5-73B0EBD9F716}.Release Mono|Mixed Platforms.Build.0 = Release|Any CPU
		{08FFF49B-F175-4807-A2B5-73B0EBD9F716}.Release Mono|Win32.ActiveCfg = Release|Any CPU
		{08FFF49B-F175-4807-A2B5-73B0EBD9F716}.Release Mono|x64.ActiveCfg = Release|Any CPU
		{08FFF49B-F175-4807-A2B5-73B0EBD9F716}.Release Mono|x86.ActiveCfg = Release|Any CPU
		{08FFF49B-F175-4807-A2B5-73B0EBD9F716}.Release|Any CPU.ActiveCfg = Release|Any CPU
		{08FFF49B-F175-4807-A2B5-73B0EBD9F716}.Release|Any CPU.Build.0 = Release|Any CPU
		{08FFF49B-F175-4807-A2B5-73B0EBD9F716}.Release|Mixed Platforms.ActiveCfg = Release|Any CPU
		{08FFF49B-F175-4807-A2B5-73B0EBD9F716}.Release|Mixed Platforms.Build.0 = Release|Any CPU
		{08FFF49B-F175-4807-A2B5-73B0EBD9F716}.Release|Win32.ActiveCfg = Release|Any CPU
		{08FFF49B-F175-4807-A2B5-73B0EBD9F716}.Release|x64.ActiveCfg = Release|Any CPU
		{08FFF49B-F175-4807-A2B5-73B0EBD9F716}.Release|x86.ActiveCfg = Release|Any CPU
		{08FFF49B-F175-4807-A2B5-73B0EBD9F716}.Signed|Any CPU.ActiveCfg = Release|Any CPU
		{08FFF49B-F175-4807-A2B5-73B0EBD9F716}.Signed|Any CPU.Build.0 = Release|Any CPU
		{08FFF49B-F175-4807-A2B5-73B0EBD9F716}.Signed|Mixed Platforms.ActiveCfg = Release|Any CPU
		{08FFF49B-F175-4807-A2B5-73B0EBD9F716}.Signed|Mixed Platforms.Build.0 = Release|Any CPU
		{08FFF49B-F175-4807-A2B5-73B0EBD9F716}.Signed|Win32.ActiveCfg = Release|Any CPU
		{08FFF49B-F175-4807-A2B5-73B0EBD9F716}.Signed|Win32.Build.0 = Release|Any CPU
		{08FFF49B-F175-4807-A2B5-73B0EBD9F716}.Signed|x64.ActiveCfg = Release|Any CPU
		{08FFF49B-F175-4807-A2B5-73B0EBD9F716}.Signed|x64.Build.0 = Release|Any CPU
		{08FFF49B-F175-4807-A2B5-73B0EBD9F716}.Signed|x86.ActiveCfg = Release|Any CPU
		{08FFF49B-F175-4807-A2B5-73B0EBD9F716}.Signed|x86.Build.0 = Release|Any CPU
		{89AB4548-770D-41FD-A891-8DAFF44F452C}.Debug|Any CPU.ActiveCfg = Debug|Any CPU
		{89AB4548-770D-41FD-A891-8DAFF44F452C}.Debug|Any CPU.Build.0 = Debug|Any CPU
		{89AB4548-770D-41FD-A891-8DAFF44F452C}.Debug|Mixed Platforms.ActiveCfg = Debug|Any CPU
		{89AB4548-770D-41FD-A891-8DAFF44F452C}.Debug|Mixed Platforms.Build.0 = Debug|Any CPU
		{89AB4548-770D-41FD-A891-8DAFF44F452C}.Debug|Win32.ActiveCfg = Debug|Any CPU
		{89AB4548-770D-41FD-A891-8DAFF44F452C}.Debug|Win32.Build.0 = Debug|Any CPU
		{89AB4548-770D-41FD-A891-8DAFF44F452C}.Debug|x64.ActiveCfg = Debug|Any CPU
		{89AB4548-770D-41FD-A891-8DAFF44F452C}.Debug|x64.Build.0 = Debug|Any CPU
		{89AB4548-770D-41FD-A891-8DAFF44F452C}.Debug|x86.ActiveCfg = Debug|Any CPU
		{89AB4548-770D-41FD-A891-8DAFF44F452C}.Debug|x86.Build.0 = Debug|Any CPU
		{89AB4548-770D-41FD-A891-8DAFF44F452C}.Release Mono|Any CPU.ActiveCfg = Release|Any CPU
		{89AB4548-770D-41FD-A891-8DAFF44F452C}.Release Mono|Any CPU.Build.0 = Release|Any CPU
		{89AB4548-770D-41FD-A891-8DAFF44F452C}.Release Mono|Mixed Platforms.ActiveCfg = Release|Any CPU
		{89AB4548-770D-41FD-A891-8DAFF44F452C}.Release Mono|Mixed Platforms.Build.0 = Release|Any CPU
		{89AB4548-770D-41FD-A891-8DAFF44F452C}.Release Mono|Win32.ActiveCfg = Release|Any CPU
		{89AB4548-770D-41FD-A891-8DAFF44F452C}.Release Mono|Win32.Build.0 = Release|Any CPU
		{89AB4548-770D-41FD-A891-8DAFF44F452C}.Release Mono|x64.ActiveCfg = Release|Any CPU
		{89AB4548-770D-41FD-A891-8DAFF44F452C}.Release Mono|x64.Build.0 = Release|Any CPU
		{89AB4548-770D-41FD-A891-8DAFF44F452C}.Release Mono|x86.ActiveCfg = Release|Any CPU
		{89AB4548-770D-41FD-A891-8DAFF44F452C}.Release Mono|x86.Build.0 = Release|Any CPU
		{89AB4548-770D-41FD-A891-8DAFF44F452C}.Release|Any CPU.ActiveCfg = Release|Any CPU
		{89AB4548-770D-41FD-A891-8DAFF44F452C}.Release|Any CPU.Build.0 = Release|Any CPU
		{89AB4548-770D-41FD-A891-8DAFF44F452C}.Release|Mixed Platforms.ActiveCfg = Release|Any CPU
		{89AB4548-770D-41FD-A891-8DAFF44F452C}.Release|Mixed Platforms.Build.0 = Release|Any CPU
		{89AB4548-770D-41FD-A891-8DAFF44F452C}.Release|Win32.ActiveCfg = Release|Any CPU
		{89AB4548-770D-41FD-A891-8DAFF44F452C}.Release|Win32.Build.0 = Release|Any CPU
		{89AB4548-770D-41FD-A891-8DAFF44F452C}.Release|x64.ActiveCfg = Release|Any CPU
		{89AB4548-770D-41FD-A891-8DAFF44F452C}.Release|x64.Build.0 = Release|Any CPU
		{89AB4548-770D-41FD-A891-8DAFF44F452C}.Release|x86.ActiveCfg = Release|Any CPU
		{89AB4548-770D-41FD-A891-8DAFF44F452C}.Release|x86.Build.0 = Release|Any CPU
		{89AB4548-770D-41FD-A891-8DAFF44F452C}.Signed|Any CPU.ActiveCfg = Release|Any CPU
		{89AB4548-770D-41FD-A891-8DAFF44F452C}.Signed|Any CPU.Build.0 = Release|Any CPU
		{89AB4548-770D-41FD-A891-8DAFF44F452C}.Signed|Mixed Platforms.ActiveCfg = Release|Any CPU
		{89AB4548-770D-41FD-A891-8DAFF44F452C}.Signed|Mixed Platforms.Build.0 = Release|Any CPU
		{89AB4548-770D-41FD-A891-8DAFF44F452C}.Signed|Win32.ActiveCfg = Release|Any CPU
		{89AB4548-770D-41FD-A891-8DAFF44F452C}.Signed|Win32.Build.0 = Release|Any CPU
		{89AB4548-770D-41FD-A891-8DAFF44F452C}.Signed|x64.ActiveCfg = Release|Any CPU
		{89AB4548-770D-41FD-A891-8DAFF44F452C}.Signed|x64.Build.0 = Release|Any CPU
		{89AB4548-770D-41FD-A891-8DAFF44F452C}.Signed|x86.ActiveCfg = Release|Any CPU
		{89AB4548-770D-41FD-A891-8DAFF44F452C}.Signed|x86.Build.0 = Release|Any CPU
		{713F42B5-878E-499D-A878-E4C652B1D5E8}.Debug|Any CPU.ActiveCfg = Debug|Any CPU
		{713F42B5-878E-499D-A878-E4C652B1D5E8}.Debug|Any CPU.Build.0 = Debug|Any CPU
		{713F42B5-878E-499D-A878-E4C652B1D5E8}.Debug|Mixed Platforms.ActiveCfg = Debug|Any CPU
		{713F42B5-878E-499D-A878-E4C652B1D5E8}.Debug|Mixed Platforms.Build.0 = Debug|Any CPU
		{713F42B5-878E-499D-A878-E4C652B1D5E8}.Debug|Win32.ActiveCfg = Debug|Any CPU
		{713F42B5-878E-499D-A878-E4C652B1D5E8}.Debug|Win32.Build.0 = Debug|Any CPU
		{713F42B5-878E-499D-A878-E4C652B1D5E8}.Debug|x64.ActiveCfg = Debug|Any CPU
		{713F42B5-878E-499D-A878-E4C652B1D5E8}.Debug|x64.Build.0 = Debug|Any CPU
		{713F42B5-878E-499D-A878-E4C652B1D5E8}.Debug|x86.ActiveCfg = Debug|Any CPU
		{713F42B5-878E-499D-A878-E4C652B1D5E8}.Debug|x86.Build.0 = Debug|Any CPU
		{713F42B5-878E-499D-A878-E4C652B1D5E8}.Release Mono|Any CPU.ActiveCfg = Release|Any CPU
		{713F42B5-878E-499D-A878-E4C652B1D5E8}.Release Mono|Any CPU.Build.0 = Release|Any CPU
		{713F42B5-878E-499D-A878-E4C652B1D5E8}.Release Mono|Mixed Platforms.ActiveCfg = Release|Any CPU
		{713F42B5-878E-499D-A878-E4C652B1D5E8}.Release Mono|Mixed Platforms.Build.0 = Release|Any CPU
		{713F42B5-878E-499D-A878-E4C652B1D5E8}.Release Mono|Win32.ActiveCfg = Release|Any CPU
		{713F42B5-878E-499D-A878-E4C652B1D5E8}.Release Mono|Win32.Build.0 = Release|Any CPU
		{713F42B5-878E-499D-A878-E4C652B1D5E8}.Release Mono|x64.ActiveCfg = Release|Any CPU
		{713F42B5-878E-499D-A878-E4C652B1D5E8}.Release Mono|x64.Build.0 = Release|Any CPU
		{713F42B5-878E-499D-A878-E4C652B1D5E8}.Release Mono|x86.ActiveCfg = Release|Any CPU
		{713F42B5-878E-499D-A878-E4C652B1D5E8}.Release Mono|x86.Build.0 = Release|Any CPU
		{713F42B5-878E-499D-A878-E4C652B1D5E8}.Release|Any CPU.ActiveCfg = Release|Any CPU
		{713F42B5-878E-499D-A878-E4C652B1D5E8}.Release|Any CPU.Build.0 = Release|Any CPU
		{713F42B5-878E-499D-A878-E4C652B1D5E8}.Release|Mixed Platforms.ActiveCfg = Release|Any CPU
		{713F42B5-878E-499D-A878-E4C652B1D5E8}.Release|Mixed Platforms.Build.0 = Release|Any CPU
		{713F42B5-878E-499D-A878-E4C652B1D5E8}.Release|Win32.ActiveCfg = Release|Any CPU
		{713F42B5-878E-499D-A878-E4C652B1D5E8}.Release|Win32.Build.0 = Release|Any CPU
		{713F42B5-878E-499D-A878-E4C652B1D5E8}.Release|x64.ActiveCfg = Release|Any CPU
		{713F42B5-878E-499D-A878-E4C652B1D5E8}.Release|x64.Build.0 = Release|Any CPU
		{713F42B5-878E-499D-A878-E4C652B1D5E8}.Release|x86.ActiveCfg = Release|Any CPU
		{713F42B5-878E-499D-A878-E4C652B1D5E8}.Release|x86.Build.0 = Release|Any CPU
		{713F42B5-878E-499D-A878-E4C652B1D5E8}.Signed|Any CPU.ActiveCfg = Release|Any CPU
		{713F42B5-878E-499D-A878-E4C652B1D5E8}.Signed|Any CPU.Build.0 = Release|Any CPU
		{713F42B5-878E-499D-A878-E4C652B1D5E8}.Signed|Mixed Platforms.ActiveCfg = Release|Any CPU
		{713F42B5-878E-499D-A878-E4C652B1D5E8}.Signed|Mixed Platforms.Build.0 = Release|Any CPU
		{713F42B5-878E-499D-A878-E4C652B1D5E8}.Signed|Win32.ActiveCfg = Release|Any CPU
		{713F42B5-878E-499D-A878-E4C652B1D5E8}.Signed|Win32.Build.0 = Release|Any CPU
		{713F42B5-878E-499D-A878-E4C652B1D5E8}.Signed|x64.ActiveCfg = Release|Any CPU
		{713F42B5-878E-499D-A878-E4C652B1D5E8}.Signed|x64.Build.0 = Release|Any CPU
		{713F42B5-878E-499D-A878-E4C652B1D5E8}.Signed|x86.ActiveCfg = Release|Any CPU
		{713F42B5-878E-499D-A878-E4C652B1D5E8}.Signed|x86.Build.0 = Release|Any CPU
		{5A27010A-09C6-4E86-93EA-437484C10917}.Debug|Any CPU.ActiveCfg = Debug|Any CPU
		{5A27010A-09C6-4E86-93EA-437484C10917}.Debug|Any CPU.Build.0 = Debug|Any CPU
		{5A27010A-09C6-4E86-93EA-437484C10917}.Debug|Mixed Platforms.ActiveCfg = Debug|Any CPU
		{5A27010A-09C6-4E86-93EA-437484C10917}.Debug|Mixed Platforms.Build.0 = Debug|Any CPU
		{5A27010A-09C6-4E86-93EA-437484C10917}.Debug|Win32.ActiveCfg = Debug|Any CPU
		{5A27010A-09C6-4E86-93EA-437484C10917}.Debug|Win32.Build.0 = Debug|Any CPU
		{5A27010A-09C6-4E86-93EA-437484C10917}.Debug|x64.ActiveCfg = Debug|Any CPU
		{5A27010A-09C6-4E86-93EA-437484C10917}.Debug|x64.Build.0 = Debug|Any CPU
		{5A27010A-09C6-4E86-93EA-437484C10917}.Debug|x86.ActiveCfg = Debug|Any CPU
		{5A27010A-09C6-4E86-93EA-437484C10917}.Debug|x86.Build.0 = Debug|Any CPU
		{5A27010A-09C6-4E86-93EA-437484C10917}.Release Mono|Any CPU.ActiveCfg = Release|Any CPU
		{5A27010A-09C6-4E86-93EA-437484C10917}.Release Mono|Any CPU.Build.0 = Release|Any CPU
		{5A27010A-09C6-4E86-93EA-437484C10917}.Release Mono|Mixed Platforms.ActiveCfg = Release|Any CPU
		{5A27010A-09C6-4E86-93EA-437484C10917}.Release Mono|Mixed Platforms.Build.0 = Release|Any CPU
		{5A27010A-09C6-4E86-93EA-437484C10917}.Release Mono|Win32.ActiveCfg = Release|Any CPU
		{5A27010A-09C6-4E86-93EA-437484C10917}.Release Mono|Win32.Build.0 = Release|Any CPU
		{5A27010A-09C6-4E86-93EA-437484C10917}.Release Mono|x64.ActiveCfg = Release|Any CPU
		{5A27010A-09C6-4E86-93EA-437484C10917}.Release Mono|x64.Build.0 = Release|Any CPU
		{5A27010A-09C6-4E86-93EA-437484C10917}.Release Mono|x86.ActiveCfg = Release|Any CPU
		{5A27010A-09C6-4E86-93EA-437484C10917}.Release Mono|x86.Build.0 = Release|Any CPU
		{5A27010A-09C6-4E86-93EA-437484C10917}.Release|Any CPU.ActiveCfg = Release|Any CPU
		{5A27010A-09C6-4E86-93EA-437484C10917}.Release|Any CPU.Build.0 = Release|Any CPU
		{5A27010A-09C6-4E86-93EA-437484C10917}.Release|Mixed Platforms.ActiveCfg = Release|Any CPU
		{5A27010A-09C6-4E86-93EA-437484C10917}.Release|Mixed Platforms.Build.0 = Release|Any CPU
		{5A27010A-09C6-4E86-93EA-437484C10917}.Release|Win32.ActiveCfg = Release|Any CPU
		{5A27010A-09C6-4E86-93EA-437484C10917}.Release|Win32.Build.0 = Release|Any CPU
		{5A27010A-09C6-4E86-93EA-437484C10917}.Release|x64.ActiveCfg = Release|Any CPU
		{5A27010A-09C6-4E86-93EA-437484C10917}.Release|x64.Build.0 = Release|Any CPU
		{5A27010A-09C6-4E86-93EA-437484C10917}.Release|x86.ActiveCfg = Release|Any CPU
		{5A27010A-09C6-4E86-93EA-437484C10917}.Release|x86.Build.0 = Release|Any CPU
		{5A27010A-09C6-4E86-93EA-437484C10917}.Signed|Any CPU.ActiveCfg = Release|Any CPU
		{5A27010A-09C6-4E86-93EA-437484C10917}.Signed|Any CPU.Build.0 = Release|Any CPU
		{5A27010A-09C6-4E86-93EA-437484C10917}.Signed|Mixed Platforms.ActiveCfg = Release|Any CPU
		{5A27010A-09C6-4E86-93EA-437484C10917}.Signed|Mixed Platforms.Build.0 = Release|Any CPU
		{5A27010A-09C6-4E86-93EA-437484C10917}.Signed|Win32.ActiveCfg = Release|Any CPU
		{5A27010A-09C6-4E86-93EA-437484C10917}.Signed|Win32.Build.0 = Release|Any CPU
		{5A27010A-09C6-4E86-93EA-437484C10917}.Signed|x64.ActiveCfg = Release|Any CPU
		{5A27010A-09C6-4E86-93EA-437484C10917}.Signed|x64.Build.0 = Release|Any CPU
		{5A27010A-09C6-4E86-93EA-437484C10917}.Signed|x86.ActiveCfg = Release|Any CPU
		{5A27010A-09C6-4E86-93EA-437484C10917}.Signed|x86.Build.0 = Release|Any CPU
		{88AE38DF-19D7-406F-A6A9-09527719A21E}.Debug|Any CPU.ActiveCfg = Debug|Any CPU
		{88AE38DF-19D7-406F-A6A9-09527719A21E}.Debug|Any CPU.Build.0 = Debug|Any CPU
		{88AE38DF-19D7-406F-A6A9-09527719A21E}.Debug|Mixed Platforms.ActiveCfg = Debug|Any CPU
		{88AE38DF-19D7-406F-A6A9-09527719A21E}.Debug|Mixed Platforms.Build.0 = Debug|Any CPU
		{88AE38DF-19D7-406F-A6A9-09527719A21E}.Debug|Win32.ActiveCfg = Debug|Any CPU
		{88AE38DF-19D7-406F-A6A9-09527719A21E}.Debug|Win32.Build.0 = Debug|Any CPU
		{88AE38DF-19D7-406F-A6A9-09527719A21E}.Debug|x64.ActiveCfg = Debug|Any CPU
		{88AE38DF-19D7-406F-A6A9-09527719A21E}.Debug|x64.Build.0 = Debug|Any CPU
		{88AE38DF-19D7-406F-A6A9-09527719A21E}.Debug|x86.ActiveCfg = Debug|Any CPU
		{88AE38DF-19D7-406F-A6A9-09527719A21E}.Debug|x86.Build.0 = Debug|Any CPU
		{88AE38DF-19D7-406F-A6A9-09527719A21E}.Release Mono|Any CPU.ActiveCfg = Release|Any CPU
		{88AE38DF-19D7-406F-A6A9-09527719A21E}.Release Mono|Any CPU.Build.0 = Release|Any CPU
		{88AE38DF-19D7-406F-A6A9-09527719A21E}.Release Mono|Mixed Platforms.ActiveCfg = Release|Any CPU
		{88AE38DF-19D7-406F-A6A9-09527719A21E}.Release Mono|Mixed Platforms.Build.0 = Release|Any CPU
		{88AE38DF-19D7-406F-A6A9-09527719A21E}.Release Mono|Win32.ActiveCfg = Release|Any CPU
		{88AE38DF-19D7-406F-A6A9-09527719A21E}.Release Mono|Win32.Build.0 = Release|Any CPU
		{88AE38DF-19D7-406F-A6A9-09527719A21E}.Release Mono|x64.ActiveCfg = Release|Any CPU
		{88AE38DF-19D7-406F-A6A9-09527719A21E}.Release Mono|x64.Build.0 = Release|Any CPU
		{88AE38DF-19D7-406F-A6A9-09527719A21E}.Release Mono|x86.ActiveCfg = Release|Any CPU
		{88AE38DF-19D7-406F-A6A9-09527719A21E}.Release Mono|x86.Build.0 = Release|Any CPU
		{88AE38DF-19D7-406F-A6A9-09527719A21E}.Release|Any CPU.ActiveCfg = Release|Any CPU
		{88AE38DF-19D7-406F-A6A9-09527719A21E}.Release|Any CPU.Build.0 = Release|Any CPU
		{88AE38DF-19D7-406F-A6A9-09527719A21E}.Release|Mixed Platforms.ActiveCfg = Release|Any CPU
		{88AE38DF-19D7-406F-A6A9-09527719A21E}.Release|Mixed Platforms.Build.0 = Release|Any CPU
		{88AE38DF-19D7-406F-A6A9-09527719A21E}.Release|Win32.ActiveCfg = Release|Any CPU
		{88AE38DF-19D7-406F-A6A9-09527719A21E}.Release|Win32.Build.0 = Release|Any CPU
		{88AE38DF-19D7-406F-A6A9-09527719A21E}.Release|x64.ActiveCfg = Release|Any CPU
		{88AE38DF-19D7-406F-A6A9-09527719A21E}.Release|x64.Build.0 = Release|Any CPU
		{88AE38DF-19D7-406F-A6A9-09527719A21E}.Release|x86.ActiveCfg = Release|Any CPU
		{88AE38DF-19D7-406F-A6A9-09527719A21E}.Release|x86.Build.0 = Release|Any CPU
		{88AE38DF-19D7-406F-A6A9-09527719A21E}.Signed|Any CPU.ActiveCfg = Release|Any CPU
		{88AE38DF-19D7-406F-A6A9-09527719A21E}.Signed|Any CPU.Build.0 = Release|Any CPU
		{88AE38DF-19D7-406F-A6A9-09527719A21E}.Signed|Mixed Platforms.ActiveCfg = Release|Any CPU
		{88AE38DF-19D7-406F-A6A9-09527719A21E}.Signed|Mixed Platforms.Build.0 = Release|Any CPU
		{88AE38DF-19D7-406F-A6A9-09527719A21E}.Signed|Win32.ActiveCfg = Release|Any CPU
		{88AE38DF-19D7-406F-A6A9-09527719A21E}.Signed|Win32.Build.0 = Release|Any CPU
		{88AE38DF-19D7-406F-A6A9-09527719A21E}.Signed|x64.ActiveCfg = Release|Any CPU
		{88AE38DF-19D7-406F-A6A9-09527719A21E}.Signed|x64.Build.0 = Release|Any CPU
		{88AE38DF-19D7-406F-A6A9-09527719A21E}.Signed|x86.ActiveCfg = Release|Any CPU
		{88AE38DF-19D7-406F-A6A9-09527719A21E}.Signed|x86.Build.0 = Release|Any CPU
		{E383961B-9356-4D5D-8233-9A1079D03055}.Debug|Any CPU.ActiveCfg = Debug|Any CPU
		{E383961B-9356-4D5D-8233-9A1079D03055}.Debug|Any CPU.Build.0 = Debug|Any CPU
		{E383961B-9356-4D5D-8233-9A1079D03055}.Debug|Mixed Platforms.ActiveCfg = Debug|Any CPU
		{E383961B-9356-4D5D-8233-9A1079D03055}.Debug|Mixed Platforms.Build.0 = Debug|Any CPU
		{E383961B-9356-4D5D-8233-9A1079D03055}.Debug|Win32.ActiveCfg = Debug|Any CPU
		{E383961B-9356-4D5D-8233-9A1079D03055}.Debug|Win32.Build.0 = Debug|Any CPU
		{E383961B-9356-4D5D-8233-9A1079D03055}.Debug|x64.ActiveCfg = Debug|Any CPU
		{E383961B-9356-4D5D-8233-9A1079D03055}.Debug|x64.Build.0 = Debug|Any CPU
		{E383961B-9356-4D5D-8233-9A1079D03055}.Debug|x86.ActiveCfg = Debug|Any CPU
		{E383961B-9356-4D5D-8233-9A1079D03055}.Debug|x86.Build.0 = Debug|Any CPU
		{E383961B-9356-4D5D-8233-9A1079D03055}.Release Mono|Any CPU.ActiveCfg = Release|Any CPU
		{E383961B-9356-4D5D-8233-9A1079D03055}.Release Mono|Any CPU.Build.0 = Release|Any CPU
		{E383961B-9356-4D5D-8233-9A1079D03055}.Release Mono|Mixed Platforms.ActiveCfg = Release|Any CPU
		{E383961B-9356-4D5D-8233-9A1079D03055}.Release Mono|Mixed Platforms.Build.0 = Release|Any CPU
		{E383961B-9356-4D5D-8233-9A1079D03055}.Release Mono|Win32.ActiveCfg = Release|Any CPU
		{E383961B-9356-4D5D-8233-9A1079D03055}.Release Mono|Win32.Build.0 = Release|Any CPU
		{E383961B-9356-4D5D-8233-9A1079D03055}.Release Mono|x64.ActiveCfg = Release|Any CPU
		{E383961B-9356-4D5D-8233-9A1079D03055}.Release Mono|x64.Build.0 = Release|Any CPU
		{E383961B-9356-4D5D-8233-9A1079D03055}.Release Mono|x86.ActiveCfg = Release|Any CPU
		{E383961B-9356-4D5D-8233-9A1079D03055}.Release Mono|x86.Build.0 = Release|Any CPU
		{E383961B-9356-4D5D-8233-9A1079D03055}.Release|Any CPU.ActiveCfg = Release|Any CPU
		{E383961B-9356-4D5D-8233-9A1079D03055}.Release|Any CPU.Build.0 = Release|Any CPU
		{E383961B-9356-4D5D-8233-9A1079D03055}.Release|Mixed Platforms.ActiveCfg = Release|Any CPU
		{E383961B-9356-4D5D-8233-9A1079D03055}.Release|Mixed Platforms.Build.0 = Release|Any CPU
		{E383961B-9356-4D5D-8233-9A1079D03055}.Release|Win32.ActiveCfg = Release|Any CPU
		{E383961B-9356-4D5D-8233-9A1079D03055}.Release|Win32.Build.0 = Release|Any CPU
		{E383961B-9356-4D5D-8233-9A1079D03055}.Release|x64.ActiveCfg = Release|Any CPU
		{E383961B-9356-4D5D-8233-9A1079D03055}.Release|x64.Build.0 = Release|Any CPU
		{E383961B-9356-4D5D-8233-9A1079D03055}.Release|x86.ActiveCfg = Release|Any CPU
		{E383961B-9356-4D5D-8233-9A1079D03055}.Release|x86.Build.0 = Release|Any CPU
		{E383961B-9356-4D5D-8233-9A1079D03055}.Signed|Any CPU.ActiveCfg = Release|Any CPU
		{E383961B-9356-4D5D-8233-9A1079D03055}.Signed|Any CPU.Build.0 = Release|Any CPU
		{E383961B-9356-4D5D-8233-9A1079D03055}.Signed|Mixed Platforms.ActiveCfg = Release|Any CPU
		{E383961B-9356-4D5D-8233-9A1079D03055}.Signed|Mixed Platforms.Build.0 = Release|Any CPU
		{E383961B-9356-4D5D-8233-9A1079D03055}.Signed|Win32.ActiveCfg = Release|Any CPU
		{E383961B-9356-4D5D-8233-9A1079D03055}.Signed|Win32.Build.0 = Release|Any CPU
		{E383961B-9356-4D5D-8233-9A1079D03055}.Signed|x64.ActiveCfg = Release|Any CPU
		{E383961B-9356-4D5D-8233-9A1079D03055}.Signed|x64.Build.0 = Release|Any CPU
		{E383961B-9356-4D5D-8233-9A1079D03055}.Signed|x86.ActiveCfg = Release|Any CPU
		{E383961B-9356-4D5D-8233-9A1079D03055}.Signed|x86.Build.0 = Release|Any CPU
		{4ACAB6A2-AC9A-4B50-BAEC-1FE4A1F3B8BC}.Debug|Any CPU.ActiveCfg = Debug|Any CPU
		{4ACAB6A2-AC9A-4B50-BAEC-1FE4A1F3B8BC}.Debug|Any CPU.Build.0 = Debug|Any CPU
		{4ACAB6A2-AC9A-4B50-BAEC-1FE4A1F3B8BC}.Debug|Mixed Platforms.ActiveCfg = Debug|Any CPU
		{4ACAB6A2-AC9A-4B50-BAEC-1FE4A1F3B8BC}.Debug|Mixed Platforms.Build.0 = Debug|Any CPU
		{4ACAB6A2-AC9A-4B50-BAEC-1FE4A1F3B8BC}.Debug|Win32.ActiveCfg = Debug|Any CPU
		{4ACAB6A2-AC9A-4B50-BAEC-1FE4A1F3B8BC}.Debug|Win32.Build.0 = Debug|Any CPU
		{4ACAB6A2-AC9A-4B50-BAEC-1FE4A1F3B8BC}.Debug|x64.ActiveCfg = Debug|Any CPU
		{4ACAB6A2-AC9A-4B50-BAEC-1FE4A1F3B8BC}.Debug|x64.Build.0 = Debug|Any CPU
		{4ACAB6A2-AC9A-4B50-BAEC-1FE4A1F3B8BC}.Debug|x86.ActiveCfg = Debug|Any CPU
		{4ACAB6A2-AC9A-4B50-BAEC-1FE4A1F3B8BC}.Debug|x86.Build.0 = Debug|Any CPU
		{4ACAB6A2-AC9A-4B50-BAEC-1FE4A1F3B8BC}.Release Mono|Any CPU.ActiveCfg = Release|Any CPU
		{4ACAB6A2-AC9A-4B50-BAEC-1FE4A1F3B8BC}.Release Mono|Any CPU.Build.0 = Release|Any CPU
		{4ACAB6A2-AC9A-4B50-BAEC-1FE4A1F3B8BC}.Release Mono|Mixed Platforms.ActiveCfg = Release|Any CPU
		{4ACAB6A2-AC9A-4B50-BAEC-1FE4A1F3B8BC}.Release Mono|Mixed Platforms.Build.0 = Release|Any CPU
		{4ACAB6A2-AC9A-4B50-BAEC-1FE4A1F3B8BC}.Release Mono|Win32.ActiveCfg = Release|Any CPU
		{4ACAB6A2-AC9A-4B50-BAEC-1FE4A1F3B8BC}.Release Mono|Win32.Build.0 = Release|Any CPU
		{4ACAB6A2-AC9A-4B50-BAEC-1FE4A1F3B8BC}.Release Mono|x64.ActiveCfg = Release|Any CPU
		{4ACAB6A2-AC9A-4B50-BAEC-1FE4A1F3B8BC}.Release Mono|x64.Build.0 = Release|Any CPU
		{4ACAB6A2-AC9A-4B50-BAEC-1FE4A1F3B8BC}.Release Mono|x86.ActiveCfg = Release|Any CPU
		{4ACAB6A2-AC9A-4B50-BAEC-1FE4A1F3B8BC}.Release Mono|x86.Build.0 = Release|Any CPU
		{4ACAB6A2-AC9A-4B50-BAEC-1FE4A1F3B8BC}.Release|Any CPU.ActiveCfg = Release|Any CPU
		{4ACAB6A2-AC9A-4B50-BAEC-1FE4A1F3B8BC}.Release|Any CPU.Build.0 = Release|Any CPU
		{4ACAB6A2-AC9A-4B50-BAEC-1FE4A1F3B8BC}.Release|Mixed Platforms.ActiveCfg = Release|Any CPU
		{4ACAB6A2-AC9A-4B50-BAEC-1FE4A1F3B8BC}.Release|Mixed Platforms.Build.0 = Release|Any CPU
		{4ACAB6A2-AC9A-4B50-BAEC-1FE4A1F3B8BC}.Release|Win32.ActiveCfg = Release|Any CPU
		{4ACAB6A2-AC9A-4B50-BAEC-1FE4A1F3B8BC}.Release|Win32.Build.0 = Release|Any CPU
		{4ACAB6A2-AC9A-4B50-BAEC-1FE4A1F3B8BC}.Release|x64.ActiveCfg = Release|Any CPU
		{4ACAB6A2-AC9A-4B50-BAEC-1FE4A1F3B8BC}.Release|x64.Build.0 = Release|Any CPU
		{4ACAB6A2-AC9A-4B50-BAEC-1FE4A1F3B8BC}.Release|x86.ActiveCfg = Release|Any CPU
		{4ACAB6A2-AC9A-4B50-BAEC-1FE4A1F3B8BC}.Release|x86.Build.0 = Release|Any CPU
		{4ACAB6A2-AC9A-4B50-BAEC-1FE4A1F3B8BC}.Signed|Any CPU.ActiveCfg = Release|Any CPU
		{4ACAB6A2-AC9A-4B50-BAEC-1FE4A1F3B8BC}.Signed|Any CPU.Build.0 = Release|Any CPU
		{4ACAB6A2-AC9A-4B50-BAEC-1FE4A1F3B8BC}.Signed|Mixed Platforms.ActiveCfg = Release|Any CPU
		{4ACAB6A2-AC9A-4B50-BAEC-1FE4A1F3B8BC}.Signed|Mixed Platforms.Build.0 = Release|Any CPU
		{4ACAB6A2-AC9A-4B50-BAEC-1FE4A1F3B8BC}.Signed|Win32.ActiveCfg = Release|Any CPU
		{4ACAB6A2-AC9A-4B50-BAEC-1FE4A1F3B8BC}.Signed|Win32.Build.0 = Release|Any CPU
		{4ACAB6A2-AC9A-4B50-BAEC-1FE4A1F3B8BC}.Signed|x64.ActiveCfg = Release|Any CPU
		{4ACAB6A2-AC9A-4B50-BAEC-1FE4A1F3B8BC}.Signed|x64.Build.0 = Release|Any CPU
		{4ACAB6A2-AC9A-4B50-BAEC-1FE4A1F3B8BC}.Signed|x86.ActiveCfg = Release|Any CPU
		{4ACAB6A2-AC9A-4B50-BAEC-1FE4A1F3B8BC}.Signed|x86.Build.0 = Release|Any CPU
		{21002819-C39A-4D3E-BE83-2A276A77FB1F}.Debug|Any CPU.ActiveCfg = Debug|Any CPU
		{21002819-C39A-4D3E-BE83-2A276A77FB1F}.Debug|Any CPU.Build.0 = Debug|Any CPU
		{21002819-C39A-4D3E-BE83-2A276A77FB1F}.Debug|Mixed Platforms.ActiveCfg = Debug|Any CPU
		{21002819-C39A-4D3E-BE83-2A276A77FB1F}.Debug|Mixed Platforms.Build.0 = Debug|Any CPU
		{21002819-C39A-4D3E-BE83-2A276A77FB1F}.Debug|Win32.ActiveCfg = Debug|Any CPU
		{21002819-C39A-4D3E-BE83-2A276A77FB1F}.Debug|Win32.Build.0 = Debug|Any CPU
		{21002819-C39A-4D3E-BE83-2A276A77FB1F}.Debug|x64.ActiveCfg = Debug|Any CPU
		{21002819-C39A-4D3E-BE83-2A276A77FB1F}.Debug|x64.Build.0 = Debug|Any CPU
		{21002819-C39A-4D3E-BE83-2A276A77FB1F}.Debug|x86.ActiveCfg = Debug|Any CPU
		{21002819-C39A-4D3E-BE83-2A276A77FB1F}.Debug|x86.Build.0 = Debug|Any CPU
		{21002819-C39A-4D3E-BE83-2A276A77FB1F}.Release Mono|Any CPU.ActiveCfg = Release|Any CPU
		{21002819-C39A-4D3E-BE83-2A276A77FB1F}.Release Mono|Any CPU.Build.0 = Release|Any CPU
		{21002819-C39A-4D3E-BE83-2A276A77FB1F}.Release Mono|Mixed Platforms.ActiveCfg = Release|Any CPU
		{21002819-C39A-4D3E-BE83-2A276A77FB1F}.Release Mono|Mixed Platforms.Build.0 = Release|Any CPU
		{21002819-C39A-4D3E-BE83-2A276A77FB1F}.Release Mono|Win32.ActiveCfg = Release|Any CPU
		{21002819-C39A-4D3E-BE83-2A276A77FB1F}.Release Mono|Win32.Build.0 = Release|Any CPU
		{21002819-C39A-4D3E-BE83-2A276A77FB1F}.Release Mono|x64.ActiveCfg = Release|Any CPU
		{21002819-C39A-4D3E-BE83-2A276A77FB1F}.Release Mono|x64.Build.0 = Release|Any CPU
		{21002819-C39A-4D3E-BE83-2A276A77FB1F}.Release Mono|x86.ActiveCfg = Release|Any CPU
		{21002819-C39A-4D3E-BE83-2A276A77FB1F}.Release Mono|x86.Build.0 = Release|Any CPU
		{21002819-C39A-4D3E-BE83-2A276A77FB1F}.Release|Any CPU.ActiveCfg = Release|Any CPU
		{21002819-C39A-4D3E-BE83-2A276A77FB1F}.Release|Any CPU.Build.0 = Release|Any CPU
		{21002819-C39A-4D3E-BE83-2A276A77FB1F}.Release|Mixed Platforms.ActiveCfg = Release|Any CPU
		{21002819-C39A-4D3E-BE83-2A276A77FB1F}.Release|Mixed Platforms.Build.0 = Release|Any CPU
		{21002819-C39A-4D3E-BE83-2A276A77FB1F}.Release|Win32.ActiveCfg = Release|Any CPU
		{21002819-C39A-4D3E-BE83-2A276A77FB1F}.Release|Win32.Build.0 = Release|Any CPU
		{21002819-C39A-4D3E-BE83-2A276A77FB1F}.Release|x64.ActiveCfg = Release|Any CPU
		{21002819-C39A-4D3E-BE83-2A276A77FB1F}.Release|x64.Build.0 = Release|Any CPU
		{21002819-C39A-4D3E-BE83-2A276A77FB1F}.Release|x86.ActiveCfg = Release|Any CPU
		{21002819-C39A-4D3E-BE83-2A276A77FB1F}.Release|x86.Build.0 = Release|Any CPU
		{21002819-C39A-4D3E-BE83-2A276A77FB1F}.Signed|Any CPU.ActiveCfg = Release|Any CPU
		{21002819-C39A-4D3E-BE83-2A276A77FB1F}.Signed|Any CPU.Build.0 = Release|Any CPU
		{21002819-C39A-4D3E-BE83-2A276A77FB1F}.Signed|Mixed Platforms.ActiveCfg = Release|Any CPU
		{21002819-C39A-4D3E-BE83-2A276A77FB1F}.Signed|Mixed Platforms.Build.0 = Release|Any CPU
		{21002819-C39A-4D3E-BE83-2A276A77FB1F}.Signed|Win32.ActiveCfg = Release|Any CPU
		{21002819-C39A-4D3E-BE83-2A276A77FB1F}.Signed|Win32.Build.0 = Release|Any CPU
		{21002819-C39A-4D3E-BE83-2A276A77FB1F}.Signed|x64.ActiveCfg = Release|Any CPU
		{21002819-C39A-4D3E-BE83-2A276A77FB1F}.Signed|x64.Build.0 = Release|Any CPU
		{21002819-C39A-4D3E-BE83-2A276A77FB1F}.Signed|x86.ActiveCfg = Release|Any CPU
		{21002819-C39A-4D3E-BE83-2A276A77FB1F}.Signed|x86.Build.0 = Release|Any CPU
		{805844AB-E92F-45E6-9D99-4F6D48D129A5}.Debug|Any CPU.ActiveCfg = Debug|Any CPU
		{805844AB-E92F-45E6-9D99-4F6D48D129A5}.Debug|Any CPU.Build.0 = Debug|Any CPU
		{805844AB-E92F-45E6-9D99-4F6D48D129A5}.Debug|Mixed Platforms.ActiveCfg = Debug|Any CPU
		{805844AB-E92F-45E6-9D99-4F6D48D129A5}.Debug|Mixed Platforms.Build.0 = Debug|Any CPU
		{805844AB-E92F-45E6-9D99-4F6D48D129A5}.Debug|Win32.ActiveCfg = Debug|Any CPU
		{805844AB-E92F-45E6-9D99-4F6D48D129A5}.Debug|Win32.Build.0 = Debug|Any CPU
		{805844AB-E92F-45E6-9D99-4F6D48D129A5}.Debug|x64.ActiveCfg = Debug|Any CPU
		{805844AB-E92F-45E6-9D99-4F6D48D129A5}.Debug|x64.Build.0 = Debug|Any CPU
		{805844AB-E92F-45E6-9D99-4F6D48D129A5}.Debug|x86.ActiveCfg = Debug|Any CPU
		{805844AB-E92F-45E6-9D99-4F6D48D129A5}.Debug|x86.Build.0 = Debug|Any CPU
		{805844AB-E92F-45E6-9D99-4F6D48D129A5}.Release Mono|Any CPU.ActiveCfg = Release|Any CPU
		{805844AB-E92F-45E6-9D99-4F6D48D129A5}.Release Mono|Any CPU.Build.0 = Release|Any CPU
		{805844AB-E92F-45E6-9D99-4F6D48D129A5}.Release Mono|Mixed Platforms.ActiveCfg = Release|Any CPU
		{805844AB-E92F-45E6-9D99-4F6D48D129A5}.Release Mono|Mixed Platforms.Build.0 = Release|Any CPU
		{805844AB-E92F-45E6-9D99-4F6D48D129A5}.Release Mono|Win32.ActiveCfg = Release|Any CPU
		{805844AB-E92F-45E6-9D99-4F6D48D129A5}.Release Mono|Win32.Build.0 = Release|Any CPU
		{805844AB-E92F-45E6-9D99-4F6D48D129A5}.Release Mono|x64.ActiveCfg = Release|Any CPU
		{805844AB-E92F-45E6-9D99-4F6D48D129A5}.Release Mono|x64.Build.0 = Release|Any CPU
		{805844AB-E92F-45E6-9D99-4F6D48D129A5}.Release Mono|x86.ActiveCfg = Release|Any CPU
		{805844AB-E92F-45E6-9D99-4F6D48D129A5}.Release Mono|x86.Build.0 = Release|Any CPU
		{805844AB-E92F-45E6-9D99-4F6D48D129A5}.Release|Any CPU.ActiveCfg = Release|Any CPU
		{805844AB-E92F-45E6-9D99-4F6D48D129A5}.Release|Any CPU.Build.0 = Release|Any CPU
		{805844AB-E92F-45E6-9D99-4F6D48D129A5}.Release|Mixed Platforms.ActiveCfg = Release|Any CPU
		{805844AB-E92F-45E6-9D99-4F6D48D129A5}.Release|Mixed Platforms.Build.0 = Release|Any CPU
		{805844AB-E92F-45E6-9D99-4F6D48D129A5}.Release|Win32.ActiveCfg = Release|Any CPU
		{805844AB-E92F-45E6-9D99-4F6D48D129A5}.Release|Win32.Build.0 = Release|Any CPU
		{805844AB-E92F-45E6-9D99-4F6D48D129A5}.Release|x64.ActiveCfg = Release|Any CPU
		{805844AB-E92F-45E6-9D99-4F6D48D129A5}.Release|x64.Build.0 = Release|Any CPU
		{805844AB-E92F-45E6-9D99-4F6D48D129A5}.Release|x86.ActiveCfg = Release|Any CPU
		{805844AB-E92F-45E6-9D99-4F6D48D129A5}.Release|x86.Build.0 = Release|Any CPU
		{805844AB-E92F-45E6-9D99-4F6D48D129A5}.Signed|Any CPU.ActiveCfg = Release|Any CPU
		{805844AB-E92F-45E6-9D99-4F6D48D129A5}.Signed|Any CPU.Build.0 = Release|Any CPU
		{805844AB-E92F-45E6-9D99-4F6D48D129A5}.Signed|Mixed Platforms.ActiveCfg = Release|Any CPU
		{805844AB-E92F-45E6-9D99-4F6D48D129A5}.Signed|Mixed Platforms.Build.0 = Release|Any CPU
		{805844AB-E92F-45E6-9D99-4F6D48D129A5}.Signed|Win32.ActiveCfg = Release|Any CPU
		{805844AB-E92F-45E6-9D99-4F6D48D129A5}.Signed|Win32.Build.0 = Release|Any CPU
		{805844AB-E92F-45E6-9D99-4F6D48D129A5}.Signed|x64.ActiveCfg = Release|Any CPU
		{805844AB-E92F-45E6-9D99-4F6D48D129A5}.Signed|x64.Build.0 = Release|Any CPU
		{805844AB-E92F-45E6-9D99-4F6D48D129A5}.Signed|x86.ActiveCfg = Release|Any CPU
		{805844AB-E92F-45E6-9D99-4F6D48D129A5}.Signed|x86.Build.0 = Release|Any CPU
		{65AA7D67-8059-40CD-91F1-16D02687226C}.Debug|Any CPU.ActiveCfg = Debug|Any CPU
		{65AA7D67-8059-40CD-91F1-16D02687226C}.Debug|Any CPU.Build.0 = Debug|Any CPU
		{65AA7D67-8059-40CD-91F1-16D02687226C}.Debug|Mixed Platforms.ActiveCfg = Debug|Any CPU
		{65AA7D67-8059-40CD-91F1-16D02687226C}.Debug|Mixed Platforms.Build.0 = Debug|Any CPU
		{65AA7D67-8059-40CD-91F1-16D02687226C}.Debug|Win32.ActiveCfg = Debug|Any CPU
		{65AA7D67-8059-40CD-91F1-16D02687226C}.Debug|Win32.Build.0 = Debug|Any CPU
		{65AA7D67-8059-40CD-91F1-16D02687226C}.Debug|x64.ActiveCfg = Debug|Any CPU
		{65AA7D67-8059-40CD-91F1-16D02687226C}.Debug|x64.Build.0 = Debug|Any CPU
		{65AA7D67-8059-40CD-91F1-16D02687226C}.Debug|x86.ActiveCfg = Debug|Any CPU
		{65AA7D67-8059-40CD-91F1-16D02687226C}.Debug|x86.Build.0 = Debug|Any CPU
		{65AA7D67-8059-40CD-91F1-16D02687226C}.Release Mono|Any CPU.ActiveCfg = Release|Any CPU
		{65AA7D67-8059-40CD-91F1-16D02687226C}.Release Mono|Any CPU.Build.0 = Release|Any CPU
		{65AA7D67-8059-40CD-91F1-16D02687226C}.Release Mono|Mixed Platforms.ActiveCfg = Release|Any CPU
		{65AA7D67-8059-40CD-91F1-16D02687226C}.Release Mono|Mixed Platforms.Build.0 = Release|Any CPU
		{65AA7D67-8059-40CD-91F1-16D02687226C}.Release Mono|Win32.ActiveCfg = Release|Any CPU
		{65AA7D67-8059-40CD-91F1-16D02687226C}.Release Mono|Win32.Build.0 = Release|Any CPU
		{65AA7D67-8059-40CD-91F1-16D02687226C}.Release Mono|x64.ActiveCfg = Release|Any CPU
		{65AA7D67-8059-40CD-91F1-16D02687226C}.Release Mono|x64.Build.0 = Release|Any CPU
		{65AA7D67-8059-40CD-91F1-16D02687226C}.Release Mono|x86.ActiveCfg = Release|Any CPU
		{65AA7D67-8059-40CD-91F1-16D02687226C}.Release Mono|x86.Build.0 = Release|Any CPU
		{65AA7D67-8059-40CD-91F1-16D02687226C}.Release|Any CPU.ActiveCfg = Release|Any CPU
		{65AA7D67-8059-40CD-91F1-16D02687226C}.Release|Any CPU.Build.0 = Release|Any CPU
		{65AA7D67-8059-40CD-91F1-16D02687226C}.Release|Mixed Platforms.ActiveCfg = Release|Any CPU
		{65AA7D67-8059-40CD-91F1-16D02687226C}.Release|Mixed Platforms.Build.0 = Release|Any CPU
		{65AA7D67-8059-40CD-91F1-16D02687226C}.Release|Win32.ActiveCfg = Release|Any CPU
		{65AA7D67-8059-40CD-91F1-16D02687226C}.Release|Win32.Build.0 = Release|Any CPU
		{65AA7D67-8059-40CD-91F1-16D02687226C}.Release|x64.ActiveCfg = Release|Any CPU
		{65AA7D67-8059-40CD-91F1-16D02687226C}.Release|x64.Build.0 = Release|Any CPU
		{65AA7D67-8059-40CD-91F1-16D02687226C}.Release|x86.ActiveCfg = Release|Any CPU
		{65AA7D67-8059-40CD-91F1-16D02687226C}.Release|x86.Build.0 = Release|Any CPU
		{65AA7D67-8059-40CD-91F1-16D02687226C}.Signed|Any CPU.ActiveCfg = Release|Any CPU
		{65AA7D67-8059-40CD-91F1-16D02687226C}.Signed|Any CPU.Build.0 = Release|Any CPU
		{65AA7D67-8059-40CD-91F1-16D02687226C}.Signed|Mixed Platforms.ActiveCfg = Release|Any CPU
		{65AA7D67-8059-40CD-91F1-16D02687226C}.Signed|Mixed Platforms.Build.0 = Release|Any CPU
		{65AA7D67-8059-40CD-91F1-16D02687226C}.Signed|Win32.ActiveCfg = Release|Any CPU
		{65AA7D67-8059-40CD-91F1-16D02687226C}.Signed|Win32.Build.0 = Release|Any CPU
		{65AA7D67-8059-40CD-91F1-16D02687226C}.Signed|x64.ActiveCfg = Release|Any CPU
		{65AA7D67-8059-40CD-91F1-16D02687226C}.Signed|x64.Build.0 = Release|Any CPU
		{65AA7D67-8059-40CD-91F1-16D02687226C}.Signed|x86.ActiveCfg = Release|Any CPU
		{65AA7D67-8059-40CD-91F1-16D02687226C}.Signed|x86.Build.0 = Release|Any CPU
		{6CFEE013-6E7C-432B-AC37-CABF0880C69A}.Debug|Any CPU.ActiveCfg = Debug|Any CPU
		{6CFEE013-6E7C-432B-AC37-CABF0880C69A}.Debug|Any CPU.Build.0 = Debug|Any CPU
		{6CFEE013-6E7C-432B-AC37-CABF0880C69A}.Debug|Mixed Platforms.ActiveCfg = Debug|Any CPU
		{6CFEE013-6E7C-432B-AC37-CABF0880C69A}.Debug|Mixed Platforms.Build.0 = Debug|Any CPU
		{6CFEE013-6E7C-432B-AC37-CABF0880C69A}.Debug|Win32.ActiveCfg = Debug|Any CPU
		{6CFEE013-6E7C-432B-AC37-CABF0880C69A}.Debug|Win32.Build.0 = Debug|Any CPU
		{6CFEE013-6E7C-432B-AC37-CABF0880C69A}.Debug|x64.ActiveCfg = Debug|Any CPU
		{6CFEE013-6E7C-432B-AC37-CABF0880C69A}.Debug|x64.Build.0 = Debug|Any CPU
		{6CFEE013-6E7C-432B-AC37-CABF0880C69A}.Debug|x86.ActiveCfg = Debug|Any CPU
		{6CFEE013-6E7C-432B-AC37-CABF0880C69A}.Debug|x86.Build.0 = Debug|Any CPU
		{6CFEE013-6E7C-432B-AC37-CABF0880C69A}.Release Mono|Any CPU.ActiveCfg = Release|Any CPU
		{6CFEE013-6E7C-432B-AC37-CABF0880C69A}.Release Mono|Any CPU.Build.0 = Release|Any CPU
		{6CFEE013-6E7C-432B-AC37-CABF0880C69A}.Release Mono|Mixed Platforms.ActiveCfg = Release|Any CPU
		{6CFEE013-6E7C-432B-AC37-CABF0880C69A}.Release Mono|Mixed Platforms.Build.0 = Release|Any CPU
		{6CFEE013-6E7C-432B-AC37-CABF0880C69A}.Release Mono|Win32.ActiveCfg = Release|Any CPU
		{6CFEE013-6E7C-432B-AC37-CABF0880C69A}.Release Mono|Win32.Build.0 = Release|Any CPU
		{6CFEE013-6E7C-432B-AC37-CABF0880C69A}.Release Mono|x64.ActiveCfg = Release|Any CPU
		{6CFEE013-6E7C-432B-AC37-CABF0880C69A}.Release Mono|x64.Build.0 = Release|Any CPU
		{6CFEE013-6E7C-432B-AC37-CABF0880C69A}.Release Mono|x86.ActiveCfg = Release|Any CPU
		{6CFEE013-6E7C-432B-AC37-CABF0880C69A}.Release Mono|x86.Build.0 = Release|Any CPU
		{6CFEE013-6E7C-432B-AC37-CABF0880C69A}.Release|Any CPU.ActiveCfg = Release|Any CPU
		{6CFEE013-6E7C-432B-AC37-CABF0880C69A}.Release|Any CPU.Build.0 = Release|Any CPU
		{6CFEE013-6E7C-432B-AC37-CABF0880C69A}.Release|Mixed Platforms.ActiveCfg = Release|Any CPU
		{6CFEE013-6E7C-432B-AC37-CABF0880C69A}.Release|Mixed Platforms.Build.0 = Release|Any CPU
		{6CFEE013-6E7C-432B-AC37-CABF0880C69A}.Release|Win32.ActiveCfg = Release|Any CPU
		{6CFEE013-6E7C-432B-AC37-CABF0880C69A}.Release|Win32.Build.0 = Release|Any CPU
		{6CFEE013-6E7C-432B-AC37-CABF0880C69A}.Release|x64.ActiveCfg = Release|Any CPU
		{6CFEE013-6E7C-432B-AC37-CABF0880C69A}.Release|x64.Build.0 = Release|Any CPU
		{6CFEE013-6E7C-432B-AC37-CABF0880C69A}.Release|x86.ActiveCfg = Release|Any CPU
		{6CFEE013-6E7C-432B-AC37-CABF0880C69A}.Release|x86.Build.0 = Release|Any CPU
		{6CFEE013-6E7C-432B-AC37-CABF0880C69A}.Signed|Any CPU.ActiveCfg = Release|Any CPU
		{6CFEE013-6E7C-432B-AC37-CABF0880C69A}.Signed|Any CPU.Build.0 = Release|Any CPU
		{6CFEE013-6E7C-432B-AC37-CABF0880C69A}.Signed|Mixed Platforms.ActiveCfg = Release|Any CPU
		{6CFEE013-6E7C-432B-AC37-CABF0880C69A}.Signed|Mixed Platforms.Build.0 = Release|Any CPU
		{6CFEE013-6E7C-432B-AC37-CABF0880C69A}.Signed|Win32.ActiveCfg = Release|Any CPU
		{6CFEE013-6E7C-432B-AC37-CABF0880C69A}.Signed|Win32.Build.0 = Release|Any CPU
		{6CFEE013-6E7C-432B-AC37-CABF0880C69A}.Signed|x64.ActiveCfg = Release|Any CPU
		{6CFEE013-6E7C-432B-AC37-CABF0880C69A}.Signed|x64.Build.0 = Release|Any CPU
		{6CFEE013-6E7C-432B-AC37-CABF0880C69A}.Signed|x86.ActiveCfg = Release|Any CPU
		{6CFEE013-6E7C-432B-AC37-CABF0880C69A}.Signed|x86.Build.0 = Release|Any CPU
		{C97A239E-A96C-4D64-A844-CCF8CC30AECB}.Debug|Any CPU.ActiveCfg = Debug|Any CPU
		{C97A239E-A96C-4D64-A844-CCF8CC30AECB}.Debug|Any CPU.Build.0 = Debug|Any CPU
		{C97A239E-A96C-4D64-A844-CCF8CC30AECB}.Debug|Mixed Platforms.ActiveCfg = Debug|Any CPU
		{C97A239E-A96C-4D64-A844-CCF8CC30AECB}.Debug|Mixed Platforms.Build.0 = Debug|Any CPU
		{C97A239E-A96C-4D64-A844-CCF8CC30AECB}.Debug|Win32.ActiveCfg = Debug|Any CPU
		{C97A239E-A96C-4D64-A844-CCF8CC30AECB}.Debug|Win32.Build.0 = Debug|Any CPU
		{C97A239E-A96C-4D64-A844-CCF8CC30AECB}.Debug|x64.ActiveCfg = Debug|Any CPU
		{C97A239E-A96C-4D64-A844-CCF8CC30AECB}.Debug|x64.Build.0 = Debug|Any CPU
		{C97A239E-A96C-4D64-A844-CCF8CC30AECB}.Debug|x86.ActiveCfg = Debug|Any CPU
		{C97A239E-A96C-4D64-A844-CCF8CC30AECB}.Debug|x86.Build.0 = Debug|Any CPU
		{C97A239E-A96C-4D64-A844-CCF8CC30AECB}.Release Mono|Any CPU.ActiveCfg = Release|Any CPU
		{C97A239E-A96C-4D64-A844-CCF8CC30AECB}.Release Mono|Any CPU.Build.0 = Release|Any CPU
		{C97A239E-A96C-4D64-A844-CCF8CC30AECB}.Release Mono|Mixed Platforms.ActiveCfg = Release|Any CPU
		{C97A239E-A96C-4D64-A844-CCF8CC30AECB}.Release Mono|Mixed Platforms.Build.0 = Release|Any CPU
		{C97A239E-A96C-4D64-A844-CCF8CC30AECB}.Release Mono|Win32.ActiveCfg = Release|Any CPU
		{C97A239E-A96C-4D64-A844-CCF8CC30AECB}.Release Mono|Win32.Build.0 = Release|Any CPU
		{C97A239E-A96C-4D64-A844-CCF8CC30AECB}.Release Mono|x64.ActiveCfg = Release|Any CPU
		{C97A239E-A96C-4D64-A844-CCF8CC30AECB}.Release Mono|x64.Build.0 = Release|Any CPU
		{C97A239E-A96C-4D64-A844-CCF8CC30AECB}.Release Mono|x86.ActiveCfg = Release|Any CPU
		{C97A239E-A96C-4D64-A844-CCF8CC30AECB}.Release Mono|x86.Build.0 = Release|Any CPU
		{C97A239E-A96C-4D64-A844-CCF8CC30AECB}.Release|Any CPU.ActiveCfg = Release|Any CPU
		{C97A239E-A96C-4D64-A844-CCF8CC30AECB}.Release|Any CPU.Build.0 = Release|Any CPU
		{C97A239E-A96C-4D64-A844-CCF8CC30AECB}.Release|Mixed Platforms.ActiveCfg = Release|Any CPU
		{C97A239E-A96C-4D64-A844-CCF8CC30AECB}.Release|Mixed Platforms.Build.0 = Release|Any CPU
		{C97A239E-A96C-4D64-A844-CCF8CC30AECB}.Release|Win32.ActiveCfg = Release|Any CPU
		{C97A239E-A96C-4D64-A844-CCF8CC30AECB}.Release|Win32.Build.0 = Release|Any CPU
		{C97A239E-A96C-4D64-A844-CCF8CC30AECB}.Release|x64.ActiveCfg = Release|Any CPU
		{C97A239E-A96C-4D64-A844-CCF8CC30AECB}.Release|x64.Build.0 = Release|Any CPU
		{C97A239E-A96C-4D64-A844-CCF8CC30AECB}.Release|x86.ActiveCfg = Release|Any CPU
		{C97A239E-A96C-4D64-A844-CCF8CC30AECB}.Release|x86.Build.0 = Release|Any CPU
		{C97A239E-A96C-4D64-A844-CCF8CC30AECB}.Signed|Any CPU.ActiveCfg = Release|Any CPU
		{C97A239E-A96C-4D64-A844-CCF8CC30AECB}.Signed|Any CPU.Build.0 = Release|Any CPU
		{C97A239E-A96C-4D64-A844-CCF8CC30AECB}.Signed|Mixed Platforms.ActiveCfg = Release|Any CPU
		{C97A239E-A96C-4D64-A844-CCF8CC30AECB}.Signed|Mixed Platforms.Build.0 = Release|Any CPU
		{C97A239E-A96C-4D64-A844-CCF8CC30AECB}.Signed|Win32.ActiveCfg = Release|Any CPU
		{C97A239E-A96C-4D64-A844-CCF8CC30AECB}.Signed|Win32.Build.0 = Release|Any CPU
		{C97A239E-A96C-4D64-A844-CCF8CC30AECB}.Signed|x64.ActiveCfg = Release|Any CPU
		{C97A239E-A96C-4D64-A844-CCF8CC30AECB}.Signed|x64.Build.0 = Release|Any CPU
		{C97A239E-A96C-4D64-A844-CCF8CC30AECB}.Signed|x86.ActiveCfg = Release|Any CPU
		{C97A239E-A96C-4D64-A844-CCF8CC30AECB}.Signed|x86.Build.0 = Release|Any CPU
		{4F26D5D8-A7B0-42B3-BA42-7CB7D245934E}.Debug|Any CPU.ActiveCfg = Debug|Any CPU
		{4F26D5D8-A7B0-42B3-BA42-7CB7D245934E}.Debug|Any CPU.Build.0 = Debug|Any CPU
		{4F26D5D8-A7B0-42B3-BA42-7CB7D245934E}.Debug|Mixed Platforms.ActiveCfg = Debug|Any CPU
		{4F26D5D8-A7B0-42B3-BA42-7CB7D245934E}.Debug|Mixed Platforms.Build.0 = Debug|Any CPU
		{4F26D5D8-A7B0-42B3-BA42-7CB7D245934E}.Debug|Win32.ActiveCfg = Debug|Any CPU
		{4F26D5D8-A7B0-42B3-BA42-7CB7D245934E}.Debug|Win32.Build.0 = Debug|Any CPU
		{4F26D5D8-A7B0-42B3-BA42-7CB7D245934E}.Debug|x64.ActiveCfg = Debug|Any CPU
		{4F26D5D8-A7B0-42B3-BA42-7CB7D245934E}.Debug|x64.Build.0 = Debug|Any CPU
		{4F26D5D8-A7B0-42B3-BA42-7CB7D245934E}.Debug|x86.ActiveCfg = Debug|Any CPU
		{4F26D5D8-A7B0-42B3-BA42-7CB7D245934E}.Debug|x86.Build.0 = Debug|Any CPU
		{4F26D5D8-A7B0-42B3-BA42-7CB7D245934E}.Release Mono|Any CPU.ActiveCfg = Release|Any CPU
		{4F26D5D8-A7B0-42B3-BA42-7CB7D245934E}.Release Mono|Any CPU.Build.0 = Release|Any CPU
		{4F26D5D8-A7B0-42B3-BA42-7CB7D245934E}.Release Mono|Mixed Platforms.ActiveCfg = Release|Any CPU
		{4F26D5D8-A7B0-42B3-BA42-7CB7D245934E}.Release Mono|Mixed Platforms.Build.0 = Release|Any CPU
		{4F26D5D8-A7B0-42B3-BA42-7CB7D245934E}.Release Mono|Win32.ActiveCfg = Release|Any CPU
		{4F26D5D8-A7B0-42B3-BA42-7CB7D245934E}.Release Mono|Win32.Build.0 = Release|Any CPU
		{4F26D5D8-A7B0-42B3-BA42-7CB7D245934E}.Release Mono|x64.ActiveCfg = Release|Any CPU
		{4F26D5D8-A7B0-42B3-BA42-7CB7D245934E}.Release Mono|x64.Build.0 = Release|Any CPU
		{4F26D5D8-A7B0-42B3-BA42-7CB7D245934E}.Release Mono|x86.ActiveCfg = Release|Any CPU
		{4F26D5D8-A7B0-42B3-BA42-7CB7D245934E}.Release Mono|x86.Build.0 = Release|Any CPU
		{4F26D5D8-A7B0-42B3-BA42-7CB7D245934E}.Release|Any CPU.ActiveCfg = Release|Any CPU
		{4F26D5D8-A7B0-42B3-BA42-7CB7D245934E}.Release|Any CPU.Build.0 = Release|Any CPU
		{4F26D5D8-A7B0-42B3-BA42-7CB7D245934E}.Release|Mixed Platforms.ActiveCfg = Release|Any CPU
		{4F26D5D8-A7B0-42B3-BA42-7CB7D245934E}.Release|Mixed Platforms.Build.0 = Release|Any CPU
		{4F26D5D8-A7B0-42B3-BA42-7CB7D245934E}.Release|Win32.ActiveCfg = Release|Any CPU
		{4F26D5D8-A7B0-42B3-BA42-7CB7D245934E}.Release|Win32.Build.0 = Release|Any CPU
		{4F26D5D8-A7B0-42B3-BA42-7CB7D245934E}.Release|x64.ActiveCfg = Release|Any CPU
		{4F26D5D8-A7B0-42B3-BA42-7CB7D245934E}.Release|x64.Build.0 = Release|Any CPU
		{4F26D5D8-A7B0-42B3-BA42-7CB7D245934E}.Release|x86.ActiveCfg = Release|Any CPU
		{4F26D5D8-A7B0-42B3-BA42-7CB7D245934E}.Release|x86.Build.0 = Release|Any CPU
		{4F26D5D8-A7B0-42B3-BA42-7CB7D245934E}.Signed|Any CPU.ActiveCfg = Release|Any CPU
		{4F26D5D8-A7B0-42B3-BA42-7CB7D245934E}.Signed|Any CPU.Build.0 = Release|Any CPU
		{4F26D5D8-A7B0-42B3-BA42-7CB7D245934E}.Signed|Mixed Platforms.ActiveCfg = Release|Any CPU
		{4F26D5D8-A7B0-42B3-BA42-7CB7D245934E}.Signed|Mixed Platforms.Build.0 = Release|Any CPU
		{4F26D5D8-A7B0-42B3-BA42-7CB7D245934E}.Signed|Win32.ActiveCfg = Release|Any CPU
		{4F26D5D8-A7B0-42B3-BA42-7CB7D245934E}.Signed|Win32.Build.0 = Release|Any CPU
		{4F26D5D8-A7B0-42B3-BA42-7CB7D245934E}.Signed|x64.ActiveCfg = Release|Any CPU
		{4F26D5D8-A7B0-42B3-BA42-7CB7D245934E}.Signed|x64.Build.0 = Release|Any CPU
		{4F26D5D8-A7B0-42B3-BA42-7CB7D245934E}.Signed|x86.ActiveCfg = Release|Any CPU
		{4F26D5D8-A7B0-42B3-BA42-7CB7D245934E}.Signed|x86.Build.0 = Release|Any CPU
		{2312DA6D-FF86-4597-9777-BCEEC32D96DD}.Debug|Any CPU.ActiveCfg = Debug|Any CPU
		{2312DA6D-FF86-4597-9777-BCEEC32D96DD}.Debug|Any CPU.Build.0 = Debug|Any CPU
		{2312DA6D-FF86-4597-9777-BCEEC32D96DD}.Debug|Mixed Platforms.ActiveCfg = Debug|Any CPU
		{2312DA6D-FF86-4597-9777-BCEEC32D96DD}.Debug|Mixed Platforms.Build.0 = Debug|Any CPU
		{2312DA6D-FF86-4597-9777-BCEEC32D96DD}.Debug|Win32.ActiveCfg = Debug|Any CPU
		{2312DA6D-FF86-4597-9777-BCEEC32D96DD}.Debug|Win32.Build.0 = Debug|Any CPU
		{2312DA6D-FF86-4597-9777-BCEEC32D96DD}.Debug|x64.ActiveCfg = Debug|Any CPU
		{2312DA6D-FF86-4597-9777-BCEEC32D96DD}.Debug|x64.Build.0 = Debug|Any CPU
		{2312DA6D-FF86-4597-9777-BCEEC32D96DD}.Debug|x86.ActiveCfg = Debug|Any CPU
		{2312DA6D-FF86-4597-9777-BCEEC32D96DD}.Debug|x86.Build.0 = Debug|Any CPU
		{2312DA6D-FF86-4597-9777-BCEEC32D96DD}.Release Mono|Any CPU.ActiveCfg = Release|Any CPU
		{2312DA6D-FF86-4597-9777-BCEEC32D96DD}.Release Mono|Any CPU.Build.0 = Release|Any CPU
		{2312DA6D-FF86-4597-9777-BCEEC32D96DD}.Release Mono|Mixed Platforms.ActiveCfg = Release|Any CPU
		{2312DA6D-FF86-4597-9777-BCEEC32D96DD}.Release Mono|Mixed Platforms.Build.0 = Release|Any CPU
		{2312DA6D-FF86-4597-9777-BCEEC32D96DD}.Release Mono|Win32.ActiveCfg = Release|Any CPU
		{2312DA6D-FF86-4597-9777-BCEEC32D96DD}.Release Mono|Win32.Build.0 = Release|Any CPU
		{2312DA6D-FF86-4597-9777-BCEEC32D96DD}.Release Mono|x64.ActiveCfg = Release|Any CPU
		{2312DA6D-FF86-4597-9777-BCEEC32D96DD}.Release Mono|x64.Build.0 = Release|Any CPU
		{2312DA6D-FF86-4597-9777-BCEEC32D96DD}.Release Mono|x86.ActiveCfg = Release|Any CPU
		{2312DA6D-FF86-4597-9777-BCEEC32D96DD}.Release Mono|x86.Build.0 = Release|Any CPU
		{2312DA6D-FF86-4597-9777-BCEEC32D96DD}.Release|Any CPU.ActiveCfg = Release|Any CPU
		{2312DA6D-FF86-4597-9777-BCEEC32D96DD}.Release|Any CPU.Build.0 = Release|Any CPU
		{2312DA6D-FF86-4597-9777-BCEEC32D96DD}.Release|Mixed Platforms.ActiveCfg = Release|Any CPU
		{2312DA6D-FF86-4597-9777-BCEEC32D96DD}.Release|Mixed Platforms.Build.0 = Release|Any CPU
		{2312DA6D-FF86-4597-9777-BCEEC32D96DD}.Release|Win32.ActiveCfg = Release|Any CPU
		{2312DA6D-FF86-4597-9777-BCEEC32D96DD}.Release|Win32.Build.0 = Release|Any CPU
		{2312DA6D-FF86-4597-9777-BCEEC32D96DD}.Release|x64.ActiveCfg = Release|Any CPU
		{2312DA6D-FF86-4597-9777-BCEEC32D96DD}.Release|x64.Build.0 = Release|Any CPU
		{2312DA6D-FF86-4597-9777-BCEEC32D96DD}.Release|x86.ActiveCfg = Release|Any CPU
		{2312DA6D-FF86-4597-9777-BCEEC32D96DD}.Release|x86.Build.0 = Release|Any CPU
		{2312DA6D-FF86-4597-9777-BCEEC32D96DD}.Signed|Any CPU.ActiveCfg = Release|Any CPU
		{2312DA6D-FF86-4597-9777-BCEEC32D96DD}.Signed|Any CPU.Build.0 = Release|Any CPU
		{2312DA6D-FF86-4597-9777-BCEEC32D96DD}.Signed|Mixed Platforms.ActiveCfg = Release|Any CPU
		{2312DA6D-FF86-4597-9777-BCEEC32D96DD}.Signed|Mixed Platforms.Build.0 = Release|Any CPU
		{2312DA6D-FF86-4597-9777-BCEEC32D96DD}.Signed|Win32.ActiveCfg = Release|Any CPU
		{2312DA6D-FF86-4597-9777-BCEEC32D96DD}.Signed|Win32.Build.0 = Release|Any CPU
		{2312DA6D-FF86-4597-9777-BCEEC32D96DD}.Signed|x64.ActiveCfg = Release|Any CPU
		{2312DA6D-FF86-4597-9777-BCEEC32D96DD}.Signed|x64.Build.0 = Release|Any CPU
		{2312DA6D-FF86-4597-9777-BCEEC32D96DD}.Signed|x86.ActiveCfg = Release|Any CPU
		{2312DA6D-FF86-4597-9777-BCEEC32D96DD}.Signed|x86.Build.0 = Release|Any CPU
	EndGlobalSection
	GlobalSection(SolutionProperties) = preSolution
		HideSolutionNode = FALSE
	EndGlobalSection
EndGlobal
