
Microsoft Visual Studio Solution File, Format Version 12.00
# Visual Studio 15
VisualStudioVersion = 15.0.27004.2009
MinimumVisualStudioVersion = 10.0.40219.1
Project("{FAE04EC0-301F-11D3-BF4B-00C04F79EFBC}") = "IsoMounter", "IsoMounter\IsoMounter.csproj", "{B94C929C-6552-4620-9BE5-422DD9A151BA}"
EndProject
Global
	GlobalSection(SolutionConfigurationPlatforms) = preSolution
		Debug|Any CPU = Debug|Any CPU
		Release|Any CPU = Release|Any CPU
	EndGlobalSection
	GlobalSection(ProjectConfigurationPlatforms) = postSolution
		{B94C929C-6552-4620-9BE5-422DD9A151BA}.Debug|Any CPU.ActiveCfg = Debug|Any CPU
		{B94C929C-6552-4620-9BE5-422DD9A151BA}.Debug|Any CPU.Build.0 = Debug|Any CPU
		{B94C929C-6552-4620-9BE5-422DD9A151BA}.Release|Any CPU.ActiveCfg = Release|Any CPU
		{B94C929C-6552-4620-9BE5-422DD9A151BA}.Release|Any CPU.Build.0 = Release|Any CPU
	EndGlobalSection
	GlobalSection(SolutionProperties) = preSolution
		HideSolutionNode = FALSE
	EndGlobalSection
	GlobalSection(ExtensibilityGlobals) = postSolution
		SolutionGuid = {C0E8EAD1-E4D7-44CD-B801-03BD12F30B1B}
	EndGlobalSection
EndGlobal
