
Microsoft Visual Studio Solution File, Format Version 12.00
# Visual Studio Version 16
VisualStudioVersion = 16.0.30503.244
MinimumVisualStudioVersion = 10.0.40219.1
Project("{FAE04EC0-301F-11D3-BF4B-00C04F79EFBC}") = "NetworkCollection", "NetworkCollection.csproj", "{9CF06BBB-4416-4E7D-B94D-E567C615DF34}"
EndProject
Global
	GlobalSection(SolutionConfigurationPlatforms) = preSolution
		Debug|Any CPU = Debug|Any CPU
		Release|Any CPU = Release|Any CPU
	EndGlobalSection
	GlobalSection(ProjectConfigurationPlatforms) = postSolution
		{9CF06BBB-4416-4E7D-B94D-E567C615DF34}.Debug|Any CPU.ActiveCfg = Debug|Any CPU
		{9CF06BBB-4416-4E7D-B94D-E567C615DF34}.Debug|Any CPU.Build.0 = Debug|Any CPU
		{9CF06BBB-4416-4E7D-B94D-E567C615DF34}.Release|Any CPU.ActiveCfg = Release|Any CPU
		{9CF06BBB-4416-4E7D-B94D-E567C615DF34}.Release|Any CPU.Build.0 = Release|Any CPU
	EndGlobalSection
	GlobalSection(SolutionProperties) = preSolution
		HideSolutionNode = FALSE
	EndGlobalSection
	GlobalSection(ExtensibilityGlobals) = postSolution
		SolutionGuid = {9C126F03-7BC5-4A0A-B7E1-F880C623BA30}
	EndGlobalSection
EndGlobal
